// !$*UTF8*$!
{
	archiveVersion = 1;
	classes = {
	};
	objectVersion = 45;
	objects = {

/* Begin PBXBuildFile section */
		1D3623260D0F684500981E51 /* KATG_comAppDelegate.m in Sources */ = {isa = PBXBuildFile; fileRef = 1D3623250D0F684500981E51 /* KATG_comAppDelegate.m */; };
		1D60589B0D05DD56006BFB54 /* main.m in Sources */ = {isa = PBXBuildFile; fileRef = 29B97316FDCFA39411CA2CEA /* main.m */; };
		28216C970DB411BC00E5133A /* OnAirViewController.m in Sources */ = {isa = PBXBuildFile; fileRef = 28216C960DB411BC00E5133A /* OnAirViewController.m */; };
		28AD73880D9D96C1002E5188 /* MainWindow.xib in Resources */ = {isa = PBXBuildFile; fileRef = 28AD73870D9D96C1002E5188 /* MainWindow.xib */; };
		530015E90FBBB97300A9078D /* BG3.png in Resources */ = {isa = PBXBuildFile; fileRef = 530015E80FBBB97300A9078D /* BG3.png */; };
		530015EB0FBBBA5E00A9078D /* TextView.png in Resources */ = {isa = PBXBuildFile; fileRef = 530015EA0FBBBA5E00A9078D /* TextView.png */; };
		5310E7410FB8D7E50065A4BC /* PastShowsTab.png in Resources */ = {isa = PBXBuildFile; fileRef = 5310E73F0FB8D7E50065A4BC /* PastShowsTab.png */; };
		5310E8300FB90AE60065A4BC /* ShowDetailController.m in Sources */ = {isa = PBXBuildFile; fileRef = 5310E82F0FB90AE60065A4BC /* ShowDetailController.m */; };
		531B21E30FB50A4E00A06878 /* calTab.png in Resources */ = {isa = PBXBuildFile; fileRef = 531B21E20FB50A4E00A06878 /* calTab.png */; };
		531B221C0FB50D6A00A06878 /* DefaultOld.png in Resources */ = {isa = PBXBuildFile; fileRef = 531B221B0FB50D6A00A06878 /* DefaultOld.png */; };
		532424F10F912543009C1C10 /* TableView.xib in Resources */ = {isa = PBXBuildFile; fileRef = 532424F00F912543009C1C10 /* TableView.xib */; };
		532C13B90F9556BB005879B1 /* grabRSSFeed.m in Sources */ = {isa = PBXBuildFile; fileRef = 532C13B80F9556BB005879B1 /* grabRSSFeed.m */; };
		5341D3940FA6A00A00CA7A35 /* Phone.png in Resources */ = {isa = PBXBuildFile; fileRef = 5341D3930FA6A00A00CA7A35 /* Phone.png */; };
		5341D3AE0FA6D66400CA7A35 /* rightslide.png in Resources */ = {isa = PBXBuildFile; fileRef = 5341D3AA0FA6D66400CA7A35 /* rightslide.png */; };
		5341D4050FA6D8B700CA7A35 /* leftslide.png in Resources */ = {isa = PBXBuildFile; fileRef = 5341D4040FA6D8B700CA7A35 /* leftslide.png */; };
		5341D4A10FA73E0000CA7A35 /* feedButtonPressed.png in Resources */ = {isa = PBXBuildFile; fileRef = 5341D49F0FA73E0000CA7A35 /* feedButtonPressed.png */; };
		5341D4A20FA73E0000CA7A35 /* feedButtonNormal.png in Resources */ = {isa = PBXBuildFile; fileRef = 5341D4A00FA73E0000CA7A35 /* feedButtonNormal.png */; };
		534921E60FAF3DE40056FBC2 /* MediaPlayer.framework in Frameworks */ = {isa = PBXBuildFile; fileRef = 534921E50FAF3DE40056FBC2 /* MediaPlayer.framework */; };
		534921EB0FAF3DF80056FBC2 /* AudioToolbox.framework in Frameworks */ = {isa = PBXBuildFile; fileRef = 534921EA0FAF3DF80056FBC2 /* AudioToolbox.framework */; };
		534921EF0FAF3E080056FBC2 /* CFNetwork.framework in Frameworks */ = {isa = PBXBuildFile; fileRef = 534921EE0FAF3E080056FBC2 /* CFNetwork.framework */; };
		534922000FAF3E160056FBC2 /* CoreGraphics.framework in Frameworks */ = {isa = PBXBuildFile; fileRef = 534921FF0FAF3E160056FBC2 /* CoreGraphics.framework */; };
		534922230FAF3E2D0056FBC2 /* Foundation.framework in Frameworks */ = {isa = PBXBuildFile; fileRef = 534922220FAF3E2D0056FBC2 /* Foundation.framework */; };
		534922800FAF3E590056FBC2 /* QuartzCore.framework in Frameworks */ = {isa = PBXBuildFile; fileRef = 5349227F0FAF3E590056FBC2 /* QuartzCore.framework */; };
		534922960FAF3E6B0056FBC2 /* UIKit.framework in Frameworks */ = {isa = PBXBuildFile; fileRef = 534922950FAF3E6B0056FBC2 /* UIKit.framework */; };
		534922D50FAF3E900056FBC2 /* SystemConfiguration.framework in Frameworks */ = {isa = PBXBuildFile; fileRef = 534922D40FAF3E900056FBC2 /* SystemConfiguration.framework */; };
		534CA0030FB3736400206F91 /* BG.png in Resources */ = {isa = PBXBuildFile; fileRef = 534CA0020FB3736400206F91 /* BG.png */; };
		534CA0CD0FB3881600206F91 /* playButton.png in Resources */ = {isa = PBXBuildFile; fileRef = 534CA0CA0FB3881600206F91 /* playButton.png */; };
		534CA0CE0FB3881600206F91 /* stopButton.png in Resources */ = {isa = PBXBuildFile; fileRef = 534CA0CB0FB3881600206F91 /* stopButton.png */; };
		534CA0FF0FB3900E00206F91 /* loadingButton.png in Resources */ = {isa = PBXBuildFile; fileRef = 534CA0FE0FB3900E00206F91 /* loadingButton.png */; };
		534CA1550FB39A3A00206F91 /* Icon.png in Resources */ = {isa = PBXBuildFile; fileRef = 534CA1540FB39A3A00206F91 /* Icon.png */; };
		534EA7E10FBB796F00A0354C /* AudioStreamer.m in Sources */ = {isa = PBXBuildFile; fileRef = 534EA7E00FBB796F00A0354C /* AudioStreamer.m */; };
		535FE5500F89F71800F6AD75 /* EventsViewController.m in Sources */ = {isa = PBXBuildFile; fileRef = 535FE54F0F89F71800F6AD75 /* EventsViewController.m */; };
		535FE6080F89FF1700F6AD75 /* CXMLDocument.m in Sources */ = {isa = PBXBuildFile; fileRef = 535FE5F40F89FF1700F6AD75 /* CXMLDocument.m */; };
		535FE6090F89FF1700F6AD75 /* CXMLDocument_CreationExtensions.m in Sources */ = {isa = PBXBuildFile; fileRef = 535FE5F60F89FF1700F6AD75 /* CXMLDocument_CreationExtensions.m */; };
		535FE60A0F89FF1700F6AD75 /* CXMLDocument_PrivateExtensions.m in Sources */ = {isa = PBXBuildFile; fileRef = 535FE5F80F89FF1700F6AD75 /* CXMLDocument_PrivateExtensions.m */; };
		535FE60B0F89FF1700F6AD75 /* CXMLElement.m in Sources */ = {isa = PBXBuildFile; fileRef = 535FE5FA0F89FF1700F6AD75 /* CXMLElement.m */; };
		535FE60C0F89FF1700F6AD75 /* CXMLElement_CreationExtensions.m in Sources */ = {isa = PBXBuildFile; fileRef = 535FE5FC0F89FF1700F6AD75 /* CXMLElement_CreationExtensions.m */; };
		535FE60D0F89FF1700F6AD75 /* CXMLElement_ElementTreeExtensions.m in Sources */ = {isa = PBXBuildFile; fileRef = 535FE5FE0F89FF1700F6AD75 /* CXMLElement_ElementTreeExtensions.m */; };
		535FE60E0F89FF1700F6AD75 /* CXMLNode.m in Sources */ = {isa = PBXBuildFile; fileRef = 535FE6000F89FF1700F6AD75 /* CXMLNode.m */; };
		535FE60F0F89FF1700F6AD75 /* CXMLNode_CreationExtensions.m in Sources */ = {isa = PBXBuildFile; fileRef = 535FE6020F89FF1700F6AD75 /* CXMLNode_CreationExtensions.m */; };
		535FE6100F89FF1700F6AD75 /* CXMLNode_PrivateExtensions.m in Sources */ = {isa = PBXBuildFile; fileRef = 535FE6040F89FF1700F6AD75 /* CXMLNode_PrivateExtensions.m */; };
		535FE6110F89FF1700F6AD75 /* CXMLNode_XPathExtensions.m in Sources */ = {isa = PBXBuildFile; fileRef = 535FE6060F89FF1700F6AD75 /* CXMLNode_XPathExtensions.m */; };
		536AC5370F91428900B55D50 /* onAirTab.png in Resources */ = {isa = PBXBuildFile; fileRef = 536AC5360F91428900B55D50 /* onAirTab.png */; };
		536BFF160FB89F2E00DA7720 /* Show.m in Sources */ = {isa = PBXBuildFile; fileRef = 536BFF100FB89F2E00DA7720 /* Show.m */; };
		536BFF170FB89F2E00DA7720 /* ShowCell.m in Sources */ = {isa = PBXBuildFile; fileRef = 536BFF120FB89F2E00DA7720 /* ShowCell.m */; };
		536BFF200FB8A08800DA7720 /* PastShowsController.m in Sources */ = {isa = PBXBuildFile; fileRef = 536BFF1F0FB8A08800DA7720 /* PastShowsController.m */; };
		536CD46F0F89E68A0063DED2 /* Credits in Resources */ = {isa = PBXBuildFile; fileRef = 536CD46B0F89E68A0063DED2 /* Credits */; };
		536CD4700F89E68A0063DED2 /* gpl-3.0.txt in Resources */ = {isa = PBXBuildFile; fileRef = 536CD46C0F89E68A0063DED2 /* gpl-3.0.txt */; };
		536CD4710F89E68A0063DED2 /* README in Resources */ = {isa = PBXBuildFile; fileRef = 536CD46D0F89E68A0063DED2 /* README */; };
		536CD4720F89E68A0063DED2 /* ToDo in Resources */ = {isa = PBXBuildFile; fileRef = 536CD46E0F89E68A0063DED2 /* ToDo */; };
		5379EEE80FA1E5E900F1E9FD /* ChangeLog in Resources */ = {isa = PBXBuildFile; fileRef = 5379EEE70FA1E5E900F1E9FD /* ChangeLog */; };
		537CDA580F8FF056002F86FA /* CustomCell.m in Sources */ = {isa = PBXBuildFile; fileRef = 537CDA550F8FF056002F86FA /* CustomCell.m */; };
		537CDA590F8FF056002F86FA /* Event.m in Sources */ = {isa = PBXBuildFile; fileRef = 537CDA570F8FF056002F86FA /* Event.m */; };
		538F1E300FAFECFB0089EE34 /* Entitlements.plist in Resources */ = {isa = PBXBuildFile; fileRef = 538F1E2F0FAFECFB0089EE34 /* Entitlements.plist */; };
		53B8CE850FB4238900C8C71B /* linkList.m in Sources */ = {isa = PBXBuildFile; fileRef = 53B8CE840FB4238900C8C71B /* linkList.m */; };
		53B8CED30FB4B56100C8C71B /* LinkBG.png in Resources */ = {isa = PBXBuildFile; fileRef = 53B8CED20FB4B56100C8C71B /* LinkBG.png */; };
		53B8CF010FB4BC0300C8C71B /* KaTGTab.png in Resources */ = {isa = PBXBuildFile; fileRef = 53B8CF000FB4BC0300C8C71B /* KaTGTab.png */; };
		53B8CF060FB4C0A900C8C71B /* EventIconTrans.png in Resources */ = {isa = PBXBuildFile; fileRef = 53B8CF040FB4C0A900C8C71B /* EventIconTrans.png */; };
		53B8CF070FB4C0A900C8C71B /* LiveShowIconTrans.png in Resources */ = {isa = PBXBuildFile; fileRef = 53B8CF050FB4C0A900C8C71B /* LiveShowIconTrans.png */; };
		53C2B02D0FB9204B00C9770A /* ShowView.xib in Resources */ = {isa = PBXBuildFile; fileRef = 53C2B02C0FB9204B00C9770A /* ShowView.xib */; };
		53CD2F0D0FC851ED00D9FE00 /* twitTab.png in Resources */ = {isa = PBXBuildFile; fileRef = 53CD2F0C0FC851ED00D9FE00 /* twitTab.png */; };
		53CD2FEF0FC89FAF00D9FE00 /* TweetViewController.m in Sources */ = {isa = PBXBuildFile; fileRef = 53CD2FEE0FC89FAF00D9FE00 /* TweetViewController.m */; };
		53CD2FFF0FC8A01400D9FE00 /* TweetCell.m in Sources */ = {isa = PBXBuildFile; fileRef = 53CD2FFE0FC8A01400D9FE00 /* TweetCell.m */; };
		53DDC8A20FC90E2D00A34D85 /* WebViewController.m in Sources */ = {isa = PBXBuildFile; fileRef = 53DDC8A10FC90E2D00A34D85 /* WebViewController.m */; };
		53DDC8CB0FC9159200A34D85 /* WebView.xib in Resources */ = {isa = PBXBuildFile; fileRef = 53DDC8CA0FC9159200A34D85 /* WebView.xib */; };
		53DDC8E60FC91C2100A34D85 /* Default.png in Resources */ = {isa = PBXBuildFile; fileRef = 53DDC8E50FC91C2100A34D85 /* Default.png */; };
		53DDC94B0FC9FAF800A34D85 /* extractURL.m in Sources */ = {isa = PBXBuildFile; fileRef = 53DDC94A0FC9FAF800A34D85 /* extractURL.m */; };
		53DDCB980FCA8BDB00A34D85 /* TableViewController.m in Sources */ = {isa = PBXBuildFile; fileRef = 53DDCB970FCA8BDB00A34D85 /* TableViewController.m */; };
		53DDCC340FCB0DD800A34D85 /* othButPlus.png in Resources */ = {isa = PBXBuildFile; fileRef = 53DDCC330FCB0DD800A34D85 /* othButPlus.png */; };
		53DDCC390FCB0E9C00A34D85 /* othButMinus.png in Resources */ = {isa = PBXBuildFile; fileRef = 53DDCC380FCB0E9C00A34D85 /* othButMinus.png */; };
		53DDCC620FCB13FB00A34D85 /* othButMinusHighlighted.png in Resources */ = {isa = PBXBuildFile; fileRef = 53DDCC600FCB13FB00A34D85 /* othButMinusHighlighted.png */; };
		53DDCC630FCB13FB00A34D85 /* othButPlusHighlighted.png in Resources */ = {isa = PBXBuildFile; fileRef = 53DDCC610FCB13FB00A34D85 /* othButPlusHighlighted.png */; };
		53E1D2770F90474F005E78EC /* DetailViewController.m in Sources */ = {isa = PBXBuildFile; fileRef = 53E1D2760F90474F005E78EC /* DetailViewController.m */; };
		53E1D2BB0F904D97005E78EC /* DetailView.xib in Resources */ = {isa = PBXBuildFile; fileRef = 53E1D2B90F904D97005E78EC /* DetailView.xib */; };
		53E8DE4E0F8E95C7006A52C6 /* RoadMap in Resources */ = {isa = PBXBuildFile; fileRef = 53E8DE4D0F8E95C7006A52C6 /* RoadMap */; };
		53E9562B0F9D5F3E0071709B /* sanitizeField.m in Sources */ = {isa = PBXBuildFile; fileRef = 53E9562A0F9D5F3E0071709B /* sanitizeField.m */; };
		53F0BBE80F9F994900CCEEBF /* MREntitiesConverter.m in Sources */ = {isa = PBXBuildFile; fileRef = 53F0BBE70F9F994900CCEEBF /* MREntitiesConverter.m */; };
		53FB2BBB0FA0F09500623E3B /* Copyright in Resources */ = {isa = PBXBuildFile; fileRef = 53FB2BBA0FA0F09500623E3B /* Copyright */; };
/* End PBXBuildFile section */

/* Begin PBXFileReference section */
		1D3623240D0F684500981E51 /* KATG_comAppDelegate.h */ = {isa = PBXFileReference; fileEncoding = 4; lastKnownFileType = sourcecode.c.h; path = KATG_comAppDelegate.h; sourceTree = "<group>"; };
		1D3623250D0F684500981E51 /* KATG_comAppDelegate.m */ = {isa = PBXFileReference; fileEncoding = 4; lastKnownFileType = sourcecode.c.objc; path = KATG_comAppDelegate.m; sourceTree = "<group>"; };
		1D6058910D05DD3D006BFB54 /* KATG.com.app */ = {isa = PBXFileReference; explicitFileType = wrapper.application; includeInIndex = 0; path = KATG.com.app; sourceTree = BUILT_PRODUCTS_DIR; };
		28216C950DB411BC00E5133A /* OnAirViewController.h */ = {isa = PBXFileReference; fileEncoding = 4; lastKnownFileType = sourcecode.c.h; path = OnAirViewController.h; sourceTree = "<group>"; };
		28216C960DB411BC00E5133A /* OnAirViewController.m */ = {isa = PBXFileReference; fileEncoding = 4; lastKnownFileType = sourcecode.c.objc; path = OnAirViewController.m; sourceTree = "<group>"; };
		28A0AB4B0D9B1048005BE974 /* KATG_com_Prefix.pch */ = {isa = PBXFileReference; fileEncoding = 4; lastKnownFileType = sourcecode.c.h; path = KATG_com_Prefix.pch; sourceTree = "<group>"; };
		28AD73870D9D96C1002E5188 /* MainWindow.xib */ = {isa = PBXFileReference; lastKnownFileType = file.xib; path = MainWindow.xib; sourceTree = "<group>"; };
		29B97316FDCFA39411CA2CEA /* main.m */ = {isa = PBXFileReference; fileEncoding = 4; lastKnownFileType = sourcecode.c.objc; path = main.m; sourceTree = "<group>"; };
		530015E80FBBB97300A9078D /* BG3.png */ = {isa = PBXFileReference; lastKnownFileType = image.png; path = BG3.png; sourceTree = "<group>"; };
		530015EA0FBBBA5E00A9078D /* TextView.png */ = {isa = PBXFileReference; lastKnownFileType = image.png; path = TextView.png; sourceTree = "<group>"; };
		5310E73F0FB8D7E50065A4BC /* PastShowsTab.png */ = {isa = PBXFileReference; lastKnownFileType = image.png; path = PastShowsTab.png; sourceTree = "<group>"; };
		5310E82E0FB90AE60065A4BC /* ShowDetailController.h */ = {isa = PBXFileReference; fileEncoding = 4; lastKnownFileType = sourcecode.c.h; path = ShowDetailController.h; sourceTree = "<group>"; };
		5310E82F0FB90AE60065A4BC /* ShowDetailController.m */ = {isa = PBXFileReference; fileEncoding = 4; lastKnownFileType = sourcecode.c.objc; path = ShowDetailController.m; sourceTree = "<group>"; };
		531B21E20FB50A4E00A06878 /* calTab.png */ = {isa = PBXFileReference; lastKnownFileType = image.png; path = calTab.png; sourceTree = "<group>"; };
		531B221B0FB50D6A00A06878 /* DefaultOld.png */ = {isa = PBXFileReference; lastKnownFileType = image.png; path = DefaultOld.png; sourceTree = "<group>"; };
		532424F00F912543009C1C10 /* TableView.xib */ = {isa = PBXFileReference; lastKnownFileType = file.xib; path = TableView.xib; sourceTree = "<group>"; };
		532C13B70F9556BB005879B1 /* grabRSSFeed.h */ = {isa = PBXFileReference; fileEncoding = 4; lastKnownFileType = sourcecode.c.h; path = grabRSSFeed.h; sourceTree = "<group>"; };
		532C13B80F9556BB005879B1 /* grabRSSFeed.m */ = {isa = PBXFileReference; fileEncoding = 4; lastKnownFileType = sourcecode.c.objc; path = grabRSSFeed.m; sourceTree = "<group>"; };
		5341D3930FA6A00A00CA7A35 /* Phone.png */ = {isa = PBXFileReference; lastKnownFileType = image.png; path = Phone.png; sourceTree = "<group>"; };
		5341D3AA0FA6D66400CA7A35 /* rightslide.png */ = {isa = PBXFileReference; lastKnownFileType = image.png; path = rightslide.png; sourceTree = "<group>"; };
		5341D4040FA6D8B700CA7A35 /* leftslide.png */ = {isa = PBXFileReference; lastKnownFileType = image.png; path = leftslide.png; sourceTree = "<group>"; };
		5341D49F0FA73E0000CA7A35 /* feedButtonPressed.png */ = {isa = PBXFileReference; lastKnownFileType = image.png; path = feedButtonPressed.png; sourceTree = "<group>"; };
		5341D4A00FA73E0000CA7A35 /* feedButtonNormal.png */ = {isa = PBXFileReference; lastKnownFileType = image.png; path = feedButtonNormal.png; sourceTree = "<group>"; };
		534921E50FAF3DE40056FBC2 /* MediaPlayer.framework */ = {isa = PBXFileReference; lastKnownFileType = wrapper.framework; name = MediaPlayer.framework; path = System/Library/Frameworks/MediaPlayer.framework; sourceTree = SDKROOT; };
		534921EA0FAF3DF80056FBC2 /* AudioToolbox.framework */ = {isa = PBXFileReference; lastKnownFileType = wrapper.framework; name = AudioToolbox.framework; path = System/Library/Frameworks/AudioToolbox.framework; sourceTree = SDKROOT; };
		534921EE0FAF3E080056FBC2 /* CFNetwork.framework */ = {isa = PBXFileReference; lastKnownFileType = wrapper.framework; name = CFNetwork.framework; path = System/Library/Frameworks/CFNetwork.framework; sourceTree = SDKROOT; };
		534921FF0FAF3E160056FBC2 /* CoreGraphics.framework */ = {isa = PBXFileReference; lastKnownFileType = wrapper.framework; name = CoreGraphics.framework; path = System/Library/Frameworks/CoreGraphics.framework; sourceTree = SDKROOT; };
		534922220FAF3E2D0056FBC2 /* Foundation.framework */ = {isa = PBXFileReference; lastKnownFileType = wrapper.framework; name = Foundation.framework; path = System/Library/Frameworks/Foundation.framework; sourceTree = SDKROOT; };
		5349227F0FAF3E590056FBC2 /* QuartzCore.framework */ = {isa = PBXFileReference; lastKnownFileType = wrapper.framework; name = QuartzCore.framework; path = System/Library/Frameworks/QuartzCore.framework; sourceTree = SDKROOT; };
		534922950FAF3E6B0056FBC2 /* UIKit.framework */ = {isa = PBXFileReference; lastKnownFileType = wrapper.framework; name = UIKit.framework; path = System/Library/Frameworks/UIKit.framework; sourceTree = SDKROOT; };
		534922D40FAF3E900056FBC2 /* SystemConfiguration.framework */ = {isa = PBXFileReference; lastKnownFileType = wrapper.framework; name = SystemConfiguration.framework; path = System/Library/Frameworks/SystemConfiguration.framework; sourceTree = SDKROOT; };
		534CA0020FB3736400206F91 /* BG.png */ = {isa = PBXFileReference; lastKnownFileType = image.png; path = BG.png; sourceTree = "<group>"; };
		534CA0CA0FB3881600206F91 /* playButton.png */ = {isa = PBXFileReference; lastKnownFileType = image.png; path = playButton.png; sourceTree = "<group>"; };
		534CA0CB0FB3881600206F91 /* stopButton.png */ = {isa = PBXFileReference; lastKnownFileType = image.png; path = stopButton.png; sourceTree = "<group>"; };
		534CA0FE0FB3900E00206F91 /* loadingButton.png */ = {isa = PBXFileReference; lastKnownFileType = image.png; path = loadingButton.png; sourceTree = "<group>"; };
		534CA1540FB39A3A00206F91 /* Icon.png */ = {isa = PBXFileReference; lastKnownFileType = image.png; path = Icon.png; sourceTree = "<group>"; };
		534EA7DF0FBB796F00A0354C /* AudioStreamer.h */ = {isa = PBXFileReference; fileEncoding = 4; lastKnownFileType = sourcecode.c.h; path = AudioStreamer.h; sourceTree = "<group>"; };
		534EA7E00FBB796F00A0354C /* AudioStreamer.m */ = {isa = PBXFileReference; fileEncoding = 4; lastKnownFileType = sourcecode.c.objc; path = AudioStreamer.m; sourceTree = "<group>"; };
		535FE54E0F89F71800F6AD75 /* EventsViewController.h */ = {isa = PBXFileReference; fileEncoding = 4; lastKnownFileType = sourcecode.c.h; path = EventsViewController.h; sourceTree = "<group>"; };
		535FE54F0F89F71800F6AD75 /* EventsViewController.m */ = {isa = PBXFileReference; fileEncoding = 4; lastKnownFileType = sourcecode.c.objc; path = EventsViewController.m; sourceTree = "<group>"; };
		535FE5F30F89FF1700F6AD75 /* CXMLDocument.h */ = {isa = PBXFileReference; fileEncoding = 4; lastKnownFileType = sourcecode.c.h; path = CXMLDocument.h; sourceTree = "<group>"; };
		535FE5F40F89FF1700F6AD75 /* CXMLDocument.m */ = {isa = PBXFileReference; fileEncoding = 4; lastKnownFileType = sourcecode.c.objc; path = CXMLDocument.m; sourceTree = "<group>"; };
		535FE5F50F89FF1700F6AD75 /* CXMLDocument_CreationExtensions.h */ = {isa = PBXFileReference; fileEncoding = 4; lastKnownFileType = sourcecode.c.h; path = CXMLDocument_CreationExtensions.h; sourceTree = "<group>"; };
		535FE5F60F89FF1700F6AD75 /* CXMLDocument_CreationExtensions.m */ = {isa = PBXFileReference; fileEncoding = 4; lastKnownFileType = sourcecode.c.objc; path = CXMLDocument_CreationExtensions.m; sourceTree = "<group>"; };
		535FE5F70F89FF1700F6AD75 /* CXMLDocument_PrivateExtensions.h */ = {isa = PBXFileReference; fileEncoding = 4; lastKnownFileType = sourcecode.c.h; path = CXMLDocument_PrivateExtensions.h; sourceTree = "<group>"; };
		535FE5F80F89FF1700F6AD75 /* CXMLDocument_PrivateExtensions.m */ = {isa = PBXFileReference; fileEncoding = 4; lastKnownFileType = sourcecode.c.objc; path = CXMLDocument_PrivateExtensions.m; sourceTree = "<group>"; };
		535FE5F90F89FF1700F6AD75 /* CXMLElement.h */ = {isa = PBXFileReference; fileEncoding = 4; lastKnownFileType = sourcecode.c.h; path = CXMLElement.h; sourceTree = "<group>"; };
		535FE5FA0F89FF1700F6AD75 /* CXMLElement.m */ = {isa = PBXFileReference; fileEncoding = 4; lastKnownFileType = sourcecode.c.objc; path = CXMLElement.m; sourceTree = "<group>"; };
		535FE5FB0F89FF1700F6AD75 /* CXMLElement_CreationExtensions.h */ = {isa = PBXFileReference; fileEncoding = 4; lastKnownFileType = sourcecode.c.h; path = CXMLElement_CreationExtensions.h; sourceTree = "<group>"; };
		535FE5FC0F89FF1700F6AD75 /* CXMLElement_CreationExtensions.m */ = {isa = PBXFileReference; fileEncoding = 4; lastKnownFileType = sourcecode.c.objc; path = CXMLElement_CreationExtensions.m; sourceTree = "<group>"; };
		535FE5FD0F89FF1700F6AD75 /* CXMLElement_ElementTreeExtensions.h */ = {isa = PBXFileReference; fileEncoding = 4; lastKnownFileType = sourcecode.c.h; path = CXMLElement_ElementTreeExtensions.h; sourceTree = "<group>"; };
		535FE5FE0F89FF1700F6AD75 /* CXMLElement_ElementTreeExtensions.m */ = {isa = PBXFileReference; fileEncoding = 4; lastKnownFileType = sourcecode.c.objc; path = CXMLElement_ElementTreeExtensions.m; sourceTree = "<group>"; };
		535FE5FF0F89FF1700F6AD75 /* CXMLNode.h */ = {isa = PBXFileReference; fileEncoding = 4; lastKnownFileType = sourcecode.c.h; path = CXMLNode.h; sourceTree = "<group>"; };
		535FE6000F89FF1700F6AD75 /* CXMLNode.m */ = {isa = PBXFileReference; fileEncoding = 4; lastKnownFileType = sourcecode.c.objc; path = CXMLNode.m; sourceTree = "<group>"; };
		535FE6010F89FF1700F6AD75 /* CXMLNode_CreationExtensions.h */ = {isa = PBXFileReference; fileEncoding = 4; lastKnownFileType = sourcecode.c.h; path = CXMLNode_CreationExtensions.h; sourceTree = "<group>"; };
		535FE6020F89FF1700F6AD75 /* CXMLNode_CreationExtensions.m */ = {isa = PBXFileReference; fileEncoding = 4; lastKnownFileType = sourcecode.c.objc; path = CXMLNode_CreationExtensions.m; sourceTree = "<group>"; };
		535FE6030F89FF1700F6AD75 /* CXMLNode_PrivateExtensions.h */ = {isa = PBXFileReference; fileEncoding = 4; lastKnownFileType = sourcecode.c.h; path = CXMLNode_PrivateExtensions.h; sourceTree = "<group>"; };
		535FE6040F89FF1700F6AD75 /* CXMLNode_PrivateExtensions.m */ = {isa = PBXFileReference; fileEncoding = 4; lastKnownFileType = sourcecode.c.objc; path = CXMLNode_PrivateExtensions.m; sourceTree = "<group>"; };
		535FE6050F89FF1700F6AD75 /* CXMLNode_XPathExtensions.h */ = {isa = PBXFileReference; fileEncoding = 4; lastKnownFileType = sourcecode.c.h; path = CXMLNode_XPathExtensions.h; sourceTree = "<group>"; };
		535FE6060F89FF1700F6AD75 /* CXMLNode_XPathExtensions.m */ = {isa = PBXFileReference; fileEncoding = 4; lastKnownFileType = sourcecode.c.objc; path = CXMLNode_XPathExtensions.m; sourceTree = "<group>"; };
		535FE6070F89FF1700F6AD75 /* TouchXML.h */ = {isa = PBXFileReference; fileEncoding = 4; lastKnownFileType = sourcecode.c.h; path = TouchXML.h; sourceTree = "<group>"; };
		536AC5360F91428900B55D50 /* onAirTab.png */ = {isa = PBXFileReference; lastKnownFileType = image.png; path = onAirTab.png; sourceTree = "<group>"; };
		536BFF0F0FB89F2E00DA7720 /* Show.h */ = {isa = PBXFileReference; fileEncoding = 4; lastKnownFileType = sourcecode.c.h; path = Show.h; sourceTree = "<group>"; };
		536BFF100FB89F2E00DA7720 /* Show.m */ = {isa = PBXFileReference; fileEncoding = 4; lastKnownFileType = sourcecode.c.objc; path = Show.m; sourceTree = "<group>"; };
		536BFF110FB89F2E00DA7720 /* ShowCell.h */ = {isa = PBXFileReference; fileEncoding = 4; lastKnownFileType = sourcecode.c.h; path = ShowCell.h; sourceTree = "<group>"; };
		536BFF120FB89F2E00DA7720 /* ShowCell.m */ = {isa = PBXFileReference; fileEncoding = 4; lastKnownFileType = sourcecode.c.objc; path = ShowCell.m; sourceTree = "<group>"; };
		536BFF1E0FB8A08800DA7720 /* PastShowsController.h */ = {isa = PBXFileReference; fileEncoding = 4; lastKnownFileType = sourcecode.c.h; path = PastShowsController.h; sourceTree = "<group>"; };
		536BFF1F0FB8A08800DA7720 /* PastShowsController.m */ = {isa = PBXFileReference; fileEncoding = 4; lastKnownFileType = sourcecode.c.objc; path = PastShowsController.m; sourceTree = "<group>"; };
		536CD46B0F89E68A0063DED2 /* Credits */ = {isa = PBXFileReference; fileEncoding = 4; lastKnownFileType = text; path = Credits; sourceTree = "<group>"; };
		536CD46C0F89E68A0063DED2 /* gpl-3.0.txt */ = {isa = PBXFileReference; fileEncoding = 4; lastKnownFileType = text; path = "gpl-3.0.txt"; sourceTree = "<group>"; };
		536CD46D0F89E68A0063DED2 /* README */ = {isa = PBXFileReference; fileEncoding = 4; lastKnownFileType = text; path = README; sourceTree = "<group>"; };
		536CD46E0F89E68A0063DED2 /* ToDo */ = {isa = PBXFileReference; fileEncoding = 4; lastKnownFileType = text; path = ToDo; sourceTree = "<group>"; };
		5379EEE70FA1E5E900F1E9FD /* ChangeLog */ = {isa = PBXFileReference; fileEncoding = 4; lastKnownFileType = text; path = ChangeLog; sourceTree = "<group>"; };
		537CDA540F8FF056002F86FA /* CustomCell.h */ = {isa = PBXFileReference; fileEncoding = 4; lastKnownFileType = sourcecode.c.h; path = CustomCell.h; sourceTree = "<group>"; };
		537CDA550F8FF056002F86FA /* CustomCell.m */ = {isa = PBXFileReference; fileEncoding = 4; lastKnownFileType = sourcecode.c.objc; path = CustomCell.m; sourceTree = "<group>"; };
		537CDA560F8FF056002F86FA /* Event.h */ = {isa = PBXFileReference; fileEncoding = 4; lastKnownFileType = sourcecode.c.h; path = Event.h; sourceTree = "<group>"; };
		537CDA570F8FF056002F86FA /* Event.m */ = {isa = PBXFileReference; fileEncoding = 4; lastKnownFileType = sourcecode.c.objc; path = Event.m; sourceTree = "<group>"; };
		538F1E2F0FAFECFB0089EE34 /* Entitlements.plist */ = {isa = PBXFileReference; fileEncoding = 4; lastKnownFileType = text.plist.xml; path = Entitlements.plist; sourceTree = "<group>"; };
		53B8CE830FB4238900C8C71B /* linkList.h */ = {isa = PBXFileReference; fileEncoding = 4; lastKnownFileType = sourcecode.c.h; path = linkList.h; sourceTree = "<group>"; };
		53B8CE840FB4238900C8C71B /* linkList.m */ = {isa = PBXFileReference; fileEncoding = 4; lastKnownFileType = sourcecode.c.objc; path = linkList.m; sourceTree = "<group>"; };
		53B8CED20FB4B56100C8C71B /* LinkBG.png */ = {isa = PBXFileReference; lastKnownFileType = image.png; path = LinkBG.png; sourceTree = "<group>"; };
		53B8CF000FB4BC0300C8C71B /* KaTGTab.png */ = {isa = PBXFileReference; lastKnownFileType = image.png; path = KaTGTab.png; sourceTree = "<group>"; };
		53B8CF040FB4C0A900C8C71B /* EventIconTrans.png */ = {isa = PBXFileReference; lastKnownFileType = image.png; path = EventIconTrans.png; sourceTree = "<group>"; };
		53B8CF050FB4C0A900C8C71B /* LiveShowIconTrans.png */ = {isa = PBXFileReference; lastKnownFileType = image.png; path = LiveShowIconTrans.png; sourceTree = "<group>"; };
		53C2B02C0FB9204B00C9770A /* ShowView.xib */ = {isa = PBXFileReference; lastKnownFileType = file.xib; path = ShowView.xib; sourceTree = "<group>"; };
		53CD2F0C0FC851ED00D9FE00 /* twitTab.png */ = {isa = PBXFileReference; lastKnownFileType = image.png; path = twitTab.png; sourceTree = "<group>"; };
		53CD2FED0FC89FAF00D9FE00 /* TweetViewController.h */ = {isa = PBXFileReference; fileEncoding = 4; lastKnownFileType = sourcecode.c.h; path = TweetViewController.h; sourceTree = "<group>"; };
		53CD2FEE0FC89FAF00D9FE00 /* TweetViewController.m */ = {isa = PBXFileReference; fileEncoding = 4; lastKnownFileType = sourcecode.c.objc; path = TweetViewController.m; sourceTree = "<group>"; };
		53CD2FFD0FC8A01400D9FE00 /* TweetCell.h */ = {isa = PBXFileReference; fileEncoding = 4; lastKnownFileType = sourcecode.c.h; path = TweetCell.h; sourceTree = "<group>"; };
		53CD2FFE0FC8A01400D9FE00 /* TweetCell.m */ = {isa = PBXFileReference; fileEncoding = 4; lastKnownFileType = sourcecode.c.objc; path = TweetCell.m; sourceTree = "<group>"; };
		53DDC8A00FC90E2D00A34D85 /* WebViewController.h */ = {isa = PBXFileReference; fileEncoding = 4; lastKnownFileType = sourcecode.c.h; path = WebViewController.h; sourceTree = "<group>"; };
		53DDC8A10FC90E2D00A34D85 /* WebViewController.m */ = {isa = PBXFileReference; fileEncoding = 4; lastKnownFileType = sourcecode.c.objc; path = WebViewController.m; sourceTree = "<group>"; };
		53DDC8CA0FC9159200A34D85 /* WebView.xib */ = {isa = PBXFileReference; lastKnownFileType = file.xib; path = WebView.xib; sourceTree = "<group>"; };
		53DDC8E50FC91C2100A34D85 /* Default.png */ = {isa = PBXFileReference; lastKnownFileType = image.png; path = Default.png; sourceTree = "<group>"; };
		53DDC9490FC9FAF800A34D85 /* extractURL.h */ = {isa = PBXFileReference; fileEncoding = 4; lastKnownFileType = sourcecode.c.h; path = extractURL.h; sourceTree = "<group>"; };
		53DDC94A0FC9FAF800A34D85 /* extractURL.m */ = {isa = PBXFileReference; fileEncoding = 4; lastKnownFileType = sourcecode.c.objc; path = extractURL.m; sourceTree = "<group>"; };
		53DDCB960FCA8BDB00A34D85 /* TableViewController.h */ = {isa = PBXFileReference; fileEncoding = 4; lastKnownFileType = sourcecode.c.h; path = TableViewController.h; sourceTree = "<group>"; };
		53DDCB970FCA8BDB00A34D85 /* TableViewController.m */ = {isa = PBXFileReference; fileEncoding = 4; lastKnownFileType = sourcecode.c.objc; path = TableViewController.m; sourceTree = "<group>"; };
		53DDCC330FCB0DD800A34D85 /* othButPlus.png */ = {isa = PBXFileReference; lastKnownFileType = image.png; path = othButPlus.png; sourceTree = "<group>"; };
		53DDCC380FCB0E9C00A34D85 /* othButMinus.png */ = {isa = PBXFileReference; lastKnownFileType = image.png; path = othButMinus.png; sourceTree = "<group>"; };
		53DDCC600FCB13FB00A34D85 /* othButMinusHighlighted.png */ = {isa = PBXFileReference; lastKnownFileType = image.png; path = othButMinusHighlighted.png; sourceTree = "<group>"; };
		53DDCC610FCB13FB00A34D85 /* othButPlusHighlighted.png */ = {isa = PBXFileReference; lastKnownFileType = image.png; path = othButPlusHighlighted.png; sourceTree = "<group>"; };
		53E1D2750F90474F005E78EC /* DetailViewController.h */ = {isa = PBXFileReference; fileEncoding = 4; lastKnownFileType = sourcecode.c.h; path = DetailViewController.h; sourceTree = "<group>"; };
		53E1D2760F90474F005E78EC /* DetailViewController.m */ = {isa = PBXFileReference; fileEncoding = 4; lastKnownFileType = sourcecode.c.objc; path = DetailViewController.m; sourceTree = "<group>"; };
		53E1D2B90F904D97005E78EC /* DetailView.xib */ = {isa = PBXFileReference; lastKnownFileType = file.xib; path = DetailView.xib; sourceTree = "<group>"; };
		53E8DE4D0F8E95C7006A52C6 /* RoadMap */ = {isa = PBXFileReference; fileEncoding = 4; lastKnownFileType = text; path = RoadMap; sourceTree = "<group>"; };
		53E956290F9D5F3E0071709B /* sanitizeField.h */ = {isa = PBXFileReference; fileEncoding = 4; lastKnownFileType = sourcecode.c.h; path = sanitizeField.h; sourceTree = "<group>"; };
		53E9562A0F9D5F3E0071709B /* sanitizeField.m */ = {isa = PBXFileReference; fileEncoding = 4; lastKnownFileType = sourcecode.c.objc; path = sanitizeField.m; sourceTree = "<group>"; };
		53F0BBE60F9F994900CCEEBF /* MREntitiesConverter.h */ = {isa = PBXFileReference; fileEncoding = 4; lastKnownFileType = sourcecode.c.h; path = MREntitiesConverter.h; sourceTree = "<group>"; };
		53F0BBE70F9F994900CCEEBF /* MREntitiesConverter.m */ = {isa = PBXFileReference; fileEncoding = 4; lastKnownFileType = sourcecode.c.objc; path = MREntitiesConverter.m; sourceTree = "<group>"; };
		53FB2BBA0FA0F09500623E3B /* Copyright */ = {isa = PBXFileReference; fileEncoding = 4; lastKnownFileType = text; path = Copyright; sourceTree = "<group>"; };
		8D1107310486CEB800E47090 /* Info.plist */ = {isa = PBXFileReference; fileEncoding = 4; lastKnownFileType = text.plist.xml; path = Info.plist; sourceTree = "<group>"; };
/* End PBXFileReference section */

/* Begin PBXFrameworksBuildPhase section */
		1D60588F0D05DD3D006BFB54 /* Frameworks */ = {
			isa = PBXFrameworksBuildPhase;
			buildActionMask = 2147483647;
			files = (
				534921E60FAF3DE40056FBC2 /* MediaPlayer.framework in Frameworks */,
				534921EB0FAF3DF80056FBC2 /* AudioToolbox.framework in Frameworks */,
				534921EF0FAF3E080056FBC2 /* CFNetwork.framework in Frameworks */,
				534922000FAF3E160056FBC2 /* CoreGraphics.framework in Frameworks */,
				534922230FAF3E2D0056FBC2 /* Foundation.framework in Frameworks */,
				534922800FAF3E590056FBC2 /* QuartzCore.framework in Frameworks */,
				534922960FAF3E6B0056FBC2 /* UIKit.framework in Frameworks */,
				534922D50FAF3E900056FBC2 /* SystemConfiguration.framework in Frameworks */,
			);
			runOnlyForDeploymentPostprocessing = 0;
		};
/* End PBXFrameworksBuildPhase section */

/* Begin PBXGroup section */
		080E96DDFE201D6D7F000001 /* Classes */ = {
			isa = PBXGroup;
			children = (
				536CD4590F89E5F20063DED2 /* Delegate */,
				53D696630F9308A400FDBD0C /* OnAir */,
				537CD8850F8FBADE002F86FA /* Events */,
				536BFF0C0FB89EF600DA7720 /* PastShows */,
				53CD2E9B0FC843E700D9FE00 /* Twitter */,
				53B8CE820FB4235B00C8C71B /* LinkList */,
				535FE5F20F89FEF300F6AD75 /* Parser */,
				534EA7DE0FBB779A00A0354C /* Streamer */,
			);
			path = Classes;
			sourceTree = "<group>";
		};
		19C28FACFE9D520D11CA2CBB /* Products */ = {
			isa = PBXGroup;
			children = (
				1D6058910D05DD3D006BFB54 /* KATG.com.app */,
			);
			name = Products;
			sourceTree = "<group>";
		};
		29B97314FDCFA39411CA2CEA /* KATG.com */ = {
			isa = PBXGroup;
			children = (
				536CD46A0F89E6680063DED2 /* Documents */,
				080E96DDFE201D6D7F000001 /* Classes */,
				29B97315FDCFA39411CA2CEA /* Other Sources */,
				29B97317FDCFA39411CA2CEA /* Resources */,
				29B97323FDCFA39411CA2CEA /* Frameworks */,
				19C28FACFE9D520D11CA2CBB /* Products */,
			);
			name = KATG.com;
			sourceTree = "<group>";
		};
		29B97315FDCFA39411CA2CEA /* Other Sources */ = {
			isa = PBXGroup;
			children = (
				28A0AB4B0D9B1048005BE974 /* KATG_com_Prefix.pch */,
				29B97316FDCFA39411CA2CEA /* main.m */,
			);
			name = "Other Sources";
			sourceTree = "<group>";
		};
		29B97317FDCFA39411CA2CEA /* Resources */ = {
			isa = PBXGroup;
			children = (
				53DDCC330FCB0DD800A34D85 /* othButPlus.png */,
				53DDCC610FCB13FB00A34D85 /* othButPlusHighlighted.png */,
				53DDCC380FCB0E9C00A34D85 /* othButMinus.png */,
				53DDCC600FCB13FB00A34D85 /* othButMinusHighlighted.png */,
				53DDC8E50FC91C2100A34D85 /* Default.png */,
				531B221B0FB50D6A00A06878 /* DefaultOld.png */,
				534CA1540FB39A3A00206F91 /* Icon.png */,
				530015E80FBBB97300A9078D /* BG3.png */,
				530015EA0FBBBA5E00A9078D /* TextView.png */,
				536AC5480F91495A00B55D50 /* Tab Icons */,
				532424DC0F9123FF009C1C10 /* OnAir */,
				532424F00F912543009C1C10 /* TableView.xib */,
				53DDC8CA0FC9159200A34D85 /* WebView.xib */,
				532424DB0F9123E3009C1C10 /* Events */,
				53B8CE880FB425CA00C8C71B /* LinkList */,
				8D1107310486CEB800E47090 /* Info.plist */,
				538F1E2F0FAFECFB0089EE34 /* Entitlements.plist */,
			);
			name = Resources;
			sourceTree = "<group>";
		};
		29B97323FDCFA39411CA2CEA /* Frameworks */ = {
			isa = PBXGroup;
			children = (
				534921EA0FAF3DF80056FBC2 /* AudioToolbox.framework */,
				534921EE0FAF3E080056FBC2 /* CFNetwork.framework */,
				534921FF0FAF3E160056FBC2 /* CoreGraphics.framework */,
				534922220FAF3E2D0056FBC2 /* Foundation.framework */,
				534921E50FAF3DE40056FBC2 /* MediaPlayer.framework */,
				5349227F0FAF3E590056FBC2 /* QuartzCore.framework */,
				534922D40FAF3E900056FBC2 /* SystemConfiguration.framework */,
				534922950FAF3E6B0056FBC2 /* UIKit.framework */,
			);
			name = Frameworks;
			sourceTree = "<group>";
		};
		532424DB0F9123E3009C1C10 /* Events */ = {
			isa = PBXGroup;
			children = (
				53E1D2B90F904D97005E78EC /* DetailView.xib */,
				53B8CF040FB4C0A900C8C71B /* EventIconTrans.png */,
				53B8CF050FB4C0A900C8C71B /* LiveShowIconTrans.png */,
			);
			name = Events;
			sourceTree = "<group>";
		};
		532424DC0F9123FF009C1C10 /* OnAir */ = {
			isa = PBXGroup;
			children = (
				28AD73870D9D96C1002E5188 /* MainWindow.xib */,
				534CA0020FB3736400206F91 /* BG.png */,
				5341D3930FA6A00A00CA7A35 /* Phone.png */,
				5341D3A80FA6D5FE00CA7A35 /* volumeSlider */,
				5341D4AE0FA73FC800CA7A35 /* playButton */,
				5341D4AC0FA73F6C00CA7A35 /* feedButton */,
			);
			name = OnAir;
			sourceTree = "<group>";
		};
		5341D3A80FA6D5FE00CA7A35 /* volumeSlider */ = {
			isa = PBXGroup;
			children = (
				5341D4040FA6D8B700CA7A35 /* leftslide.png */,
				5341D3AA0FA6D66400CA7A35 /* rightslide.png */,
			);
			name = volumeSlider;
			sourceTree = "<group>";
		};
		5341D4AC0FA73F6C00CA7A35 /* feedButton */ = {
			isa = PBXGroup;
			children = (
				5341D49F0FA73E0000CA7A35 /* feedButtonPressed.png */,
				5341D4A00FA73E0000CA7A35 /* feedButtonNormal.png */,
			);
			name = feedButton;
			sourceTree = "<group>";
		};
		5341D4AE0FA73FC800CA7A35 /* playButton */ = {
			isa = PBXGroup;
			children = (
				534CA0FE0FB3900E00206F91 /* loadingButton.png */,
				534CA0CA0FB3881600206F91 /* playButton.png */,
				534CA0CB0FB3881600206F91 /* stopButton.png */,
			);
			name = playButton;
			sourceTree = "<group>";
		};
		534EA7DE0FBB779A00A0354C /* Streamer */ = {
			isa = PBXGroup;
			children = (
				534EA7DF0FBB796F00A0354C /* AudioStreamer.h */,
				534EA7E00FBB796F00A0354C /* AudioStreamer.m */,
			);
			name = Streamer;
			sourceTree = "<group>";
		};
		535FE5F20F89FEF300F6AD75 /* Parser */ = {
			isa = PBXGroup;
			children = (
				53DDCBED0FCA9AD400A34D85 /* ExtractURL */,
				536AC7DD0FA0A8D70064B31E /* MREntitiesConverter */,
				53E955CF0F9D58BA0071709B /* grabRSSFeed */,
				53E955C00F9D58AC0071709B /* TouchXML */,
			);
			name = Parser;
			sourceTree = "<group>";
		};
		536AC5480F91495A00B55D50 /* Tab Icons */ = {
			isa = PBXGroup;
			children = (
				536AC5360F91428900B55D50 /* onAirTab.png */,
				531B21E20FB50A4E00A06878 /* calTab.png */,
				5310E73F0FB8D7E50065A4BC /* PastShowsTab.png */,
				53CD2F0C0FC851ED00D9FE00 /* twitTab.png */,
				53B8CF000FB4BC0300C8C71B /* KaTGTab.png */,
			);
			name = "Tab Icons";
			sourceTree = "<group>";
		};
		536AC7DD0FA0A8D70064B31E /* MREntitiesConverter */ = {
			isa = PBXGroup;
			children = (
				53F0BBE60F9F994900CCEEBF /* MREntitiesConverter.h */,
				53F0BBE70F9F994900CCEEBF /* MREntitiesConverter.m */,
			);
			name = MREntitiesConverter;
			sourceTree = "<group>";
		};
		536BFF0C0FB89EF600DA7720 /* PastShows */ = {
			isa = PBXGroup;
			children = (
				536BFF1E0FB8A08800DA7720 /* PastShowsController.h */,
				536BFF1F0FB8A08800DA7720 /* PastShowsController.m */,
				5310E82E0FB90AE60065A4BC /* ShowDetailController.h */,
				5310E82F0FB90AE60065A4BC /* ShowDetailController.m */,
				536BFF110FB89F2E00DA7720 /* ShowCell.h */,
				536BFF120FB89F2E00DA7720 /* ShowCell.m */,
				536BFF0F0FB89F2E00DA7720 /* Show.h */,
				536BFF100FB89F2E00DA7720 /* Show.m */,
			);
			name = PastShows;
			sourceTree = "<group>";
		};
		536CD4590F89E5F20063DED2 /* Delegate */ = {
			isa = PBXGroup;
			children = (
				1D3623240D0F684500981E51 /* KATG_comAppDelegate.h */,
				1D3623250D0F684500981E51 /* KATG_comAppDelegate.m */,
			);
			name = Delegate;
			sourceTree = "<group>";
		};
		536CD46A0F89E6680063DED2 /* Documents */ = {
			isa = PBXGroup;
			children = (
				536CD46B0F89E68A0063DED2 /* Credits */,
				536CD46C0F89E68A0063DED2 /* gpl-3.0.txt */,
				536CD46D0F89E68A0063DED2 /* README */,
				536CD46E0F89E68A0063DED2 /* ToDo */,
				53E8DE4D0F8E95C7006A52C6 /* RoadMap */,
				53FB2BBA0FA0F09500623E3B /* Copyright */,
				5379EEE70FA1E5E900F1E9FD /* ChangeLog */,
			);
			name = Documents;
			sourceTree = "<group>";
		};
		537CD8850F8FBADE002F86FA /* Events */ = {
			isa = PBXGroup;
			children = (
				535FE54E0F89F71800F6AD75 /* EventsViewController.h */,
				535FE54F0F89F71800F6AD75 /* EventsViewController.m */,
				53E1D2750F90474F005E78EC /* DetailViewController.h */,
				53E1D2760F90474F005E78EC /* DetailViewController.m */,
				537CDA540F8FF056002F86FA /* CustomCell.h */,
				537CDA550F8FF056002F86FA /* CustomCell.m */,
				537CDA560F8FF056002F86FA /* Event.h */,
				537CDA570F8FF056002F86FA /* Event.m */,
			);
			name = Events;
			sourceTree = "<group>";
		};
		53B8CE820FB4235B00C8C71B /* LinkList */ = {
			isa = PBXGroup;
			children = (
				53B8CE830FB4238900C8C71B /* linkList.h */,
				53B8CE840FB4238900C8C71B /* linkList.m */,
			);
			name = LinkList;
			sourceTree = "<group>";
		};
		53B8CE880FB425CA00C8C71B /* LinkList */ = {
			isa = PBXGroup;
			children = (
				53C2B02C0FB9204B00C9770A /* ShowView.xib */,
				53B8CED20FB4B56100C8C71B /* LinkBG.png */,
			);
			name = LinkList;
			sourceTree = "<group>";
		};
		53CD2E9B0FC843E700D9FE00 /* Twitter */ = {
			isa = PBXGroup;
			children = (
				53CD2FED0FC89FAF00D9FE00 /* TweetViewController.h */,
				53CD2FEE0FC89FAF00D9FE00 /* TweetViewController.m */,
				53CD2FFD0FC8A01400D9FE00 /* TweetCell.h */,
				53CD2FFE0FC8A01400D9FE00 /* TweetCell.m */,
				53DDC8A00FC90E2D00A34D85 /* WebViewController.h */,
				53DDC8A10FC90E2D00A34D85 /* WebViewController.m */,
				53DDCB960FCA8BDB00A34D85 /* TableViewController.h */,
				53DDCB970FCA8BDB00A34D85 /* TableViewController.m */,
			);
			name = Twitter;
			sourceTree = "<group>";
		};
		53D696630F9308A400FDBD0C /* OnAir */ = {
			isa = PBXGroup;
			children = (
				28216C950DB411BC00E5133A /* OnAirViewController.h */,
				28216C960DB411BC00E5133A /* OnAirViewController.m */,
				53E956290F9D5F3E0071709B /* sanitizeField.h */,
				53E9562A0F9D5F3E0071709B /* sanitizeField.m */,
			);
			name = OnAir;
			sourceTree = "<group>";
		};
		53DDCBED0FCA9AD400A34D85 /* ExtractURL */ = {
			isa = PBXGroup;
			children = (
				53DDC9490FC9FAF800A34D85 /* extractURL.h */,
				53DDC94A0FC9FAF800A34D85 /* extractURL.m */,
			);
			name = ExtractURL;
			sourceTree = "<group>";
		};
		53E955C00F9D58AC0071709B /* TouchXML */ = {
			isa = PBXGroup;
			children = (
				535FE5F30F89FF1700F6AD75 /* CXMLDocument.h */,
				535FE5F40F89FF1700F6AD75 /* CXMLDocument.m */,
				535FE5F50F89FF1700F6AD75 /* CXMLDocument_CreationExtensions.h */,
				535FE5F60F89FF1700F6AD75 /* CXMLDocument_CreationExtensions.m */,
				535FE5F70F89FF1700F6AD75 /* CXMLDocument_PrivateExtensions.h */,
				535FE5F80F89FF1700F6AD75 /* CXMLDocument_PrivateExtensions.m */,
				535FE5F90F89FF1700F6AD75 /* CXMLElement.h */,
				535FE5FA0F89FF1700F6AD75 /* CXMLElement.m */,
				535FE5FB0F89FF1700F6AD75 /* CXMLElement_CreationExtensions.h */,
				535FE5FC0F89FF1700F6AD75 /* CXMLElement_CreationExtensions.m */,
				535FE5FD0F89FF1700F6AD75 /* CXMLElement_ElementTreeExtensions.h */,
				535FE5FE0F89FF1700F6AD75 /* CXMLElement_ElementTreeExtensions.m */,
				535FE5FF0F89FF1700F6AD75 /* CXMLNode.h */,
				535FE6000F89FF1700F6AD75 /* CXMLNode.m */,
				535FE6010F89FF1700F6AD75 /* CXMLNode_CreationExtensions.h */,
				535FE6020F89FF1700F6AD75 /* CXMLNode_CreationExtensions.m */,
				535FE6030F89FF1700F6AD75 /* CXMLNode_PrivateExtensions.h */,
				535FE6040F89FF1700F6AD75 /* CXMLNode_PrivateExtensions.m */,
				535FE6050F89FF1700F6AD75 /* CXMLNode_XPathExtensions.h */,
				535FE6060F89FF1700F6AD75 /* CXMLNode_XPathExtensions.m */,
				535FE6070F89FF1700F6AD75 /* TouchXML.h */,
			);
			name = TouchXML;
			sourceTree = "<group>";
		};
		53E955CF0F9D58BA0071709B /* grabRSSFeed */ = {
			isa = PBXGroup;
			children = (
				532C13B70F9556BB005879B1 /* grabRSSFeed.h */,
				532C13B80F9556BB005879B1 /* grabRSSFeed.m */,
			);
			name = grabRSSFeed;
			sourceTree = "<group>";
		};
/* End PBXGroup section */

/* Begin PBXNativeTarget section */
		1D6058900D05DD3D006BFB54 /* KATG.com */ = {
			isa = PBXNativeTarget;
			buildConfigurationList = 1D6058960D05DD3E006BFB54 /* Build configuration list for PBXNativeTarget "KATG.com" */;
			buildPhases = (
				1D60588D0D05DD3D006BFB54 /* Resources */,
				1D60588E0D05DD3D006BFB54 /* Sources */,
				1D60588F0D05DD3D006BFB54 /* Frameworks */,
			);
			buildRules = (
			);
			dependencies = (
			);
			name = KATG.com;
			productName = KATG.com;
			productReference = 1D6058910D05DD3D006BFB54 /* KATG.com.app */;
			productType = "com.apple.product-type.application";
		};
/* End PBXNativeTarget section */

/* Begin PBXProject section */
		29B97313FDCFA39411CA2CEA /* Project object */ = {
			isa = PBXProject;
			buildConfigurationList = C01FCF4E08A954540054247B /* Build configuration list for PBXProject "KATG.com" */;
			compatibilityVersion = "Xcode 3.1";
			hasScannedForEncodings = 1;
			mainGroup = 29B97314FDCFA39411CA2CEA /* KATG.com */;
			projectDirPath = "";
			projectRoot = "";
			targets = (
				1D6058900D05DD3D006BFB54 /* KATG.com */,
			);
		};
/* End PBXProject section */

/* Begin PBXResourcesBuildPhase section */
		1D60588D0D05DD3D006BFB54 /* Resources */ = {
			isa = PBXResourcesBuildPhase;
			buildActionMask = 2147483647;
			files = (
				28AD73880D9D96C1002E5188 /* MainWindow.xib in Resources */,
				536CD46F0F89E68A0063DED2 /* Credits in Resources */,
				536CD4700F89E68A0063DED2 /* gpl-3.0.txt in Resources */,
				536CD4710F89E68A0063DED2 /* README in Resources */,
				536CD4720F89E68A0063DED2 /* ToDo in Resources */,
				53E8DE4E0F8E95C7006A52C6 /* RoadMap in Resources */,
				53E1D2BB0F904D97005E78EC /* DetailView.xib in Resources */,
				532424F10F912543009C1C10 /* TableView.xib in Resources */,
				536AC5370F91428900B55D50 /* onAirTab.png in Resources */,
				53FB2BBB0FA0F09500623E3B /* Copyright in Resources */,
				5379EEE80FA1E5E900F1E9FD /* ChangeLog in Resources */,
				5341D3940FA6A00A00CA7A35 /* Phone.png in Resources */,
				5341D3AE0FA6D66400CA7A35 /* rightslide.png in Resources */,
				5341D4050FA6D8B700CA7A35 /* leftslide.png in Resources */,
				5341D4A10FA73E0000CA7A35 /* feedButtonPressed.png in Resources */,
				5341D4A20FA73E0000CA7A35 /* feedButtonNormal.png in Resources */,
				538F1E300FAFECFB0089EE34 /* Entitlements.plist in Resources */,
				534CA0030FB3736400206F91 /* BG.png in Resources */,
				534CA0CD0FB3881600206F91 /* playButton.png in Resources */,
				534CA0CE0FB3881600206F91 /* stopButton.png in Resources */,
				534CA0FF0FB3900E00206F91 /* loadingButton.png in Resources */,
				534CA1550FB39A3A00206F91 /* Icon.png in Resources */,
				53B8CED30FB4B56100C8C71B /* LinkBG.png in Resources */,
				53B8CF010FB4BC0300C8C71B /* KaTGTab.png in Resources */,
				53B8CF060FB4C0A900C8C71B /* EventIconTrans.png in Resources */,
				53B8CF070FB4C0A900C8C71B /* LiveShowIconTrans.png in Resources */,
				531B21E30FB50A4E00A06878 /* calTab.png in Resources */,
				531B221C0FB50D6A00A06878 /* DefaultOld.png in Resources */,
				5310E7410FB8D7E50065A4BC /* PastShowsTab.png in Resources */,
				53C2B02D0FB9204B00C9770A /* ShowView.xib in Resources */,
				530015E90FBBB97300A9078D /* BG3.png in Resources */,
				530015EB0FBBBA5E00A9078D /* TextView.png in Resources */,
				53CD2F0D0FC851ED00D9FE00 /* twitTab.png in Resources */,
				53DDC8CB0FC9159200A34D85 /* WebView.xib in Resources */,
				53DDC8E60FC91C2100A34D85 /* Default.png in Resources */,
				53DDCC340FCB0DD800A34D85 /* othButPlus.png in Resources */,
				53DDCC390FCB0E9C00A34D85 /* othButMinus.png in Resources */,
				53DDCC620FCB13FB00A34D85 /* othButMinusHighlighted.png in Resources */,
				53DDCC630FCB13FB00A34D85 /* othButPlusHighlighted.png in Resources */,
			);
			runOnlyForDeploymentPostprocessing = 0;
		};
/* End PBXResourcesBuildPhase section */

/* Begin PBXSourcesBuildPhase section */
		1D60588E0D05DD3D006BFB54 /* Sources */ = {
			isa = PBXSourcesBuildPhase;
			buildActionMask = 2147483647;
			files = (
				1D60589B0D05DD56006BFB54 /* main.m in Sources */,
				1D3623260D0F684500981E51 /* KATG_comAppDelegate.m in Sources */,
				28216C970DB411BC00E5133A /* OnAirViewController.m in Sources */,
				535FE5500F89F71800F6AD75 /* EventsViewController.m in Sources */,
				535FE6080F89FF1700F6AD75 /* CXMLDocument.m in Sources */,
				535FE6090F89FF1700F6AD75 /* CXMLDocument_CreationExtensions.m in Sources */,
				535FE60A0F89FF1700F6AD75 /* CXMLDocument_PrivateExtensions.m in Sources */,
				535FE60B0F89FF1700F6AD75 /* CXMLElement.m in Sources */,
				535FE60C0F89FF1700F6AD75 /* CXMLElement_CreationExtensions.m in Sources */,
				535FE60D0F89FF1700F6AD75 /* CXMLElement_ElementTreeExtensions.m in Sources */,
				535FE60E0F89FF1700F6AD75 /* CXMLNode.m in Sources */,
				535FE60F0F89FF1700F6AD75 /* CXMLNode_CreationExtensions.m in Sources */,
				535FE6100F89FF1700F6AD75 /* CXMLNode_PrivateExtensions.m in Sources */,
				535FE6110F89FF1700F6AD75 /* CXMLNode_XPathExtensions.m in Sources */,
				537CDA580F8FF056002F86FA /* CustomCell.m in Sources */,
				537CDA590F8FF056002F86FA /* Event.m in Sources */,
				53E1D2770F90474F005E78EC /* DetailViewController.m in Sources */,
				532C13B90F9556BB005879B1 /* grabRSSFeed.m in Sources */,
				53E9562B0F9D5F3E0071709B /* sanitizeField.m in Sources */,
				53F0BBE80F9F994900CCEEBF /* MREntitiesConverter.m in Sources */,
				53B8CE850FB4238900C8C71B /* linkList.m in Sources */,
				536BFF160FB89F2E00DA7720 /* Show.m in Sources */,
				536BFF170FB89F2E00DA7720 /* ShowCell.m in Sources */,
				536BFF200FB8A08800DA7720 /* PastShowsController.m in Sources */,
				5310E8300FB90AE60065A4BC /* ShowDetailController.m in Sources */,
				534EA7E10FBB796F00A0354C /* AudioStreamer.m in Sources */,
				53CD2FEF0FC89FAF00D9FE00 /* TweetViewController.m in Sources */,
				53CD2FFF0FC8A01400D9FE00 /* TweetCell.m in Sources */,
				53DDC8A20FC90E2D00A34D85 /* WebViewController.m in Sources */,
				53DDC94B0FC9FAF800A34D85 /* extractURL.m in Sources */,
				53DDCB980FCA8BDB00A34D85 /* TableViewController.m in Sources */,
			);
			runOnlyForDeploymentPostprocessing = 0;
		};
/* End PBXSourcesBuildPhase section */

/* Begin XCBuildConfiguration section */
		1D6058940D05DD3E006BFB54 /* Debug */ = {
			isa = XCBuildConfiguration;
			buildSettings = {
				ALWAYS_SEARCH_USER_PATHS = NO;
				COPY_PHASE_STRIP = NO;
				GCC_DYNAMIC_NO_PIC = NO;
				GCC_OPTIMIZATION_LEVEL = 0;
				GCC_PRECOMPILE_PREFIX_HEADER = YES;
				GCC_PREFIX_HEADER = KATG_com_Prefix.pch;
				INFOPLIST_FILE = Info.plist;
				PRODUCT_NAME = KATG.com;
			};
			name = Debug;
		};
		1D6058950D05DD3E006BFB54 /* Release */ = {
			isa = XCBuildConfiguration;
			buildSettings = {
				ALWAYS_SEARCH_USER_PATHS = NO;
				COPY_PHASE_STRIP = YES;
				GCC_PRECOMPILE_PREFIX_HEADER = YES;
				GCC_PREFIX_HEADER = KATG_com_Prefix.pch;
				INFOPLIST_FILE = Info.plist;
				PRODUCT_NAME = KATG.com;
			};
			name = Release;
		};
		53AB73EB0FA8967000876151 /* Debug Push */ = {
			isa = XCBuildConfiguration;
			buildSettings = {
				ADDITIONAL_SDKS = "$HOME/Library/SDKs/JSON/$(PLATFORM_NAME).sdk";
				ARCHS = "$(ARCHS_STANDARD_32_BIT)";
				CODE_SIGN_ENTITLEMENTS = "";
				CODE_SIGN_IDENTITY = "iPhone Developer: Doug Russell";
				"CODE_SIGN_IDENTITY[sdk=iphoneos*]" = "iPhone Developer: Doug Russell";
				CODE_SIGN_RESOURCE_RULES_PATH = "$(SDKROOT)/ResourceRules.plist";
				GCC_C_LANGUAGE_STANDARD = c99;
				GCC_WARN_ABOUT_RETURN_TYPE = YES;
				GCC_WARN_UNUSED_VARIABLE = YES;
				HEADER_SEARCH_PATHS = /usr/include/libxml2;
				ONLY_ACTIVE_ARCH = NO;
				OTHER_LDFLAGS = (
					"-ObjC",
					"-ljson",
					"-lxml2",
				);
				PREBINDING = NO;
				PROVISIONING_PROFILE = "69D8E7F3-A55E-40CD-8300-27AF70834128";
				"PROVISIONING_PROFILE[sdk=iphoneos*]" = "69D8E7F3-A55E-40CD-8300-27AF70834128";
				SDKROOT = iphoneos3.0;
			};
			name = "Debug Push";
		};
		53AB73EC0FA8967000876151 /* Debug Push */ = {
			isa = XCBuildConfiguration;
			buildSettings = {
				ALWAYS_SEARCH_USER_PATHS = NO;
				COPY_PHASE_STRIP = NO;
				GCC_DYNAMIC_NO_PIC = NO;
				GCC_OPTIMIZATION_LEVEL = 0;
				GCC_PRECOMPILE_PREFIX_HEADER = YES;
				GCC_PREFIX_HEADER = KATG_com_Prefix.pch;
				INFOPLIST_FILE = Info.plist;
				PRODUCT_NAME = KATG.com;
			};
			name = "Debug Push";
		};
		53DAF5300F8AFAA300D13F05 /* Distribution Ad Hoc */ = {
			isa = XCBuildConfiguration;
			buildSettings = {
				ADDITIONAL_SDKS = "$HOME/Library/SDKs/JSON/$(PLATFORM_NAME).sdk";
				ARCHS = "$(ARCHS_STANDARD_32_BIT)";
				CODE_SIGN_ENTITLEMENTS = Entitlements.plist;
				CODE_SIGN_IDENTITY = "iPhone Distribution: Doug Russell";
				"CODE_SIGN_IDENTITY[sdk=iphoneos*]" = "iPhone Distribution: Doug Russell";
				GCC_C_LANGUAGE_STANDARD = c99;
				GCC_WARN_ABOUT_RETURN_TYPE = YES;
				GCC_WARN_UNUSED_VARIABLE = YES;
				HEADER_SEARCH_PATHS = /usr/include/libxml2;
				OTHER_LDFLAGS = (
					"-ObjC",
					"-ljson",
					"-lxml2",
				);
				PREBINDING = NO;
				PROVISIONING_PROFILE = "982A9B46-3314-49D3-A1D4-6CDE32FFFBA8";
				"PROVISIONING_PROFILE[sdk=iphoneos*]" = "982A9B46-3314-49D3-A1D4-6CDE32FFFBA8";
				SDKROOT = iphoneos3.0;
			};
			name = "Distribution Ad Hoc";
		};
		53DAF5310F8AFAA300D13F05 /* Distribution Ad Hoc */ = {
			isa = XCBuildConfiguration;
			buildSettings = {
				ALWAYS_SEARCH_USER_PATHS = NO;
				COPY_PHASE_STRIP = YES;
				GCC_PRECOMPILE_PREFIX_HEADER = YES;
				GCC_PREFIX_HEADER = KATG_com_Prefix.pch;
				INFOPLIST_FILE = Info.plist;
				PRODUCT_NAME = KATG.com;
			};
			name = "Distribution Ad Hoc";
		};
		C01FCF4F08A954540054247B /* Debug */ = {
			isa = XCBuildConfiguration;
			buildSettings = {
				ADDITIONAL_SDKS = "$HOME/Library/SDKs/JSON/$(PLATFORM_NAME).sdk";
				ARCHS = "$(ARCHS_STANDARD_32_BIT)";
				CODE_SIGN_IDENTITY = "iPhone Developer: Doug Russell";
				"CODE_SIGN_IDENTITY[sdk=iphoneos*]" = "iPhone Developer: Doug Russell";
				CODE_SIGN_RESOURCE_RULES_PATH = "$(SDKROOT)/ResourceRules.plist";
				GCC_C_LANGUAGE_STANDARD = c99;
				GCC_WARN_ABOUT_RETURN_TYPE = YES;
				GCC_WARN_UNUSED_VARIABLE = YES;
				HEADER_SEARCH_PATHS = /usr/include/libxml2;
				ONLY_ACTIVE_ARCH = NO;
				OTHER_LDFLAGS = (
					"-ObjC",
					"-ljson",
					"-lxml2",
				);
				PREBINDING = NO;
				PROVISIONING_PROFILE = "137694EE-B732-425C-84AF-E29034B74F80";
				"PROVISIONING_PROFILE[sdk=iphoneos*]" = "137694EE-B732-425C-84AF-E29034B74F80";
				SDKROOT = iphonesimulator3.0;
			};
			name = Debug;
		};
		C01FCF5008A954540054247B /* Release */ = {
			isa = XCBuildConfiguration;
			buildSettings = {
				ADDITIONAL_SDKS = "$HOME/Library/SDKs/JSON/$(PLATFORM_NAME).sdk";
				ARCHS = "$(ARCHS_STANDARD_32_BIT)";
				CODE_SIGN_ENTITLEMENTS = Entitlements.plist;
				CODE_SIGN_IDENTITY = "iPhone Distribution: Doug Russell";
				"CODE_SIGN_IDENTITY[sdk=iphoneos*]" = "iPhone Distribution: Doug Russell";
				CODE_SIGN_RESOURCE_RULES_PATH = "$(SDKROOT)/ResourceRules.plist";
				GCC_C_LANGUAGE_STANDARD = c99;
				GCC_WARN_ABOUT_RETURN_TYPE = YES;
				GCC_WARN_UNUSED_VARIABLE = YES;
				HEADER_SEARCH_PATHS = /usr/include/libxml2;
				OTHER_LDFLAGS = (
					"-ObjC",
					"-ljson",
					"-lxml2",
				);
				PREBINDING = NO;
				PROVISIONING_PROFILE = "38EC2828-368B-4AAC-A38A-4497110C9E56";
				"PROVISIONING_PROFILE[sdk=iphoneos*]" = "38EC2828-368B-4AAC-A38A-4497110C9E56";
				SDKROOT = iphoneos3.0;
			};
			name = Release;
		};
/* End XCBuildConfiguration section */

/* Begin XCConfigurationList section */
		1D6058960D05DD3E006BFB54 /* Build configuration list for PBXNativeTarget "KATG.com" */ = {
			isa = XCConfigurationList;
			buildConfigurations = (
				1D6058940D05DD3E006BFB54 /* Debug */,
				53AB73EC0FA8967000876151 /* Debug Push */,
				1D6058950D05DD3E006BFB54 /* Release */,
				53DAF5310F8AFAA300D13F05 /* Distribution Ad Hoc */,
			);
			defaultConfigurationIsVisible = 0;
			defaultConfigurationName = Release;
		};
		C01FCF4E08A954540054247B /* Build configuration list for PBXProject "KATG.com" */ = {
			isa = XCConfigurationList;
			buildConfigurations = (
				C01FCF4F08A954540054247B /* Debug */,
				53AB73EB0FA8967000876151 /* Debug Push */,
				C01FCF5008A954540054247B /* Release */,
				53DAF5300F8AFAA300D13F05 /* Distribution Ad Hoc */,
			);
			defaultConfigurationIsVisible = 0;
			defaultConfigurationName = Release;
		};
/* End XCConfigurationList section */
	};
	rootObject = 29B97313FDCFA39411CA2CEA /* Project object */;
}
