// !$*UTF8*$!
{
	archiveVersion = 1;
	classes = {
	};
	objectVersion = 45;
	objects = {

/* Begin PBXBuildFile section */
		1D3623260D0F684500981E51 /* KATG_comAppDelegate.m in Sources */ = {isa = PBXBuildFile; fileRef = 1D3623250D0F684500981E51 /* KATG_comAppDelegate.m */; };
		1D60589B0D05DD56006BFB54 /* main.m in Sources */ = {isa = PBXBuildFile; fileRef = 29B97316FDCFA39411CA2CEA /* main.m */; };
		1D60589F0D05DD5A006BFB54 /* Foundation.framework in Frameworks */ = {isa = PBXBuildFile; fileRef = 1D30AB110D05D00D00671497 /* Foundation.framework */; };
		1DF5F4E00D08C38300B7A737 /* UIKit.framework in Frameworks */ = {isa = PBXBuildFile; fileRef = 1DF5F4DF0D08C38300B7A737 /* UIKit.framework */; };
		288765080DF74369002DB57D /* CoreGraphics.framework in Frameworks */ = {isa = PBXBuildFile; fileRef = 288765070DF74369002DB57D /* CoreGraphics.framework */; };
		28AD73880D9D96C1002E5188 /* MainWindow.xib in Resources */ = {isa = PBXBuildFile; fileRef = 28AD73870D9D96C1002E5188 /* MainWindow.xib */; };
		8B251B0510F56CED004253DE /* PastShowPicsDataModel+HiRes.m in Sources */ = {isa = PBXBuildFile; fileRef = 8B251B0410F56CED004253DE /* PastShowPicsDataModel+HiRes.m */; };
		8B45FEEC10E9F6CE00F2F3E7 /* LinksViewController.m in Sources */ = {isa = PBXBuildFile; fileRef = 8B45FEEA10E9F6CE00F2F3E7 /* LinksViewController.m */; };
		8B45FEED10E9F6CE00F2F3E7 /* LinksView.xib in Resources */ = {isa = PBXBuildFile; fileRef = 8B45FEEB10E9F6CE00F2F3E7 /* LinksView.xib */; };
		8B4E16A110DB08CC005D8BA9 /* Reachability.m in Sources */ = {isa = PBXBuildFile; fileRef = 8B4E16A010DB08CC005D8BA9 /* Reachability.m */; };
		8B4E1BAF10DC645E005D8BA9 /* OnAirViewController+Reachability.m in Sources */ = {isa = PBXBuildFile; fileRef = 8B4E1BAE10DC645E005D8BA9 /* OnAirViewController+Reachability.m */; };
		8B4E1BD710DC80A1005D8BA9 /* PastShowsDataModel.m in Sources */ = {isa = PBXBuildFile; fileRef = 8B4E1BD610DC80A1005D8BA9 /* PastShowsDataModel.m */; };
		8B4E1BDA10DC8285005D8BA9 /* PastShowsDataModel+PrivateMethods.m in Sources */ = {isa = PBXBuildFile; fileRef = 8B4E1BD910DC8285005D8BA9 /* PastShowsDataModel+PrivateMethods.m */; };
		8B4E1FA310DCC75D005D8BA9 /* PastShowDataModel.m in Sources */ = {isa = PBXBuildFile; fileRef = 8B4E1FA210DCC75D005D8BA9 /* PastShowDataModel.m */; };
		8B4E1FA610DCC947005D8BA9 /* PastShowDataModel+PrivateMethods.m in Sources */ = {isa = PBXBuildFile; fileRef = 8B4E1FA510DCC947005D8BA9 /* PastShowDataModel+PrivateMethods.m */; };
		8B4E20B910DCDF20005D8BA9 /* EventsDataModel.m in Sources */ = {isa = PBXBuildFile; fileRef = 8B4E20B810DCDF20005D8BA9 /* EventsDataModel.m */; };
		8B4E210B10DCE4B7005D8BA9 /* EventsDataModel+PrivateMethods.m in Sources */ = {isa = PBXBuildFile; fileRef = 8B4E210A10DCE4B7005D8BA9 /* EventsDataModel+PrivateMethods.m */; };
		8B4E213110DCE7D6005D8BA9 /* bloop.caf in Resources */ = {isa = PBXBuildFile; fileRef = 8B4E212C10DCE7D6005D8BA9 /* bloop.caf */; };
		8B4E213210DCE7D6005D8BA9 /* brumski.caf in Resources */ = {isa = PBXBuildFile; fileRef = 8B4E212D10DCE7D6005D8BA9 /* brumski.caf */; };
		8B4E213310DCE7D6005D8BA9 /* haha.caf in Resources */ = {isa = PBXBuildFile; fileRef = 8B4E212E10DCE7D6005D8BA9 /* haha.caf */; };
		8B4E213410DCE7D6005D8BA9 /* keithandthegirl.com.caf in Resources */ = {isa = PBXBuildFile; fileRef = 8B4E212F10DCE7D6005D8BA9 /* keithandthegirl.com.caf */; };
		8B4E213510DCE7D6005D8BA9 /* phen.caf in Resources */ = {isa = PBXBuildFile; fileRef = 8B4E213010DCE7D6005D8BA9 /* phen.caf */; };
		8B4E218C10DD80D7005D8BA9 /* EventsDataModel+Reachability.m in Sources */ = {isa = PBXBuildFile; fileRef = 8B4E218B10DD80D7005D8BA9 /* EventsDataModel+Reachability.m */; };
		8B4E21AE10DD823D005D8BA9 /* EventsDataModel+Operations.m in Sources */ = {isa = PBXBuildFile; fileRef = 8B4E21AD10DD823D005D8BA9 /* EventsDataModel+Operations.m */; };
		8B4E224110DD8C1D005D8BA9 /* NSDictionary+EventSorting.m in Sources */ = {isa = PBXBuildFile; fileRef = 8B4E224010DD8C1D005D8BA9 /* NSDictionary+EventSorting.m */; };
		8B4E258E10DDE3B6005D8BA9 /* TwitterDataModel.m in Sources */ = {isa = PBXBuildFile; fileRef = 8B4E258D10DDE3B6005D8BA9 /* TwitterDataModel.m */; };
		8B4E25A010DDE8E6005D8BA9 /* TwitterTableViewController.m in Sources */ = {isa = PBXBuildFile; fileRef = 8B4E259E10DDE8E6005D8BA9 /* TwitterTableViewController.m */; };
		8B4E25A110DDE8E6005D8BA9 /* TwitterTableView.xib in Resources */ = {isa = PBXBuildFile; fileRef = 8B4E259F10DDE8E6005D8BA9 /* TwitterTableView.xib */; };
		8B4E25A710DDE9B8005D8BA9 /* TwitterTableCellView.m in Sources */ = {isa = PBXBuildFile; fileRef = 8B4E25A610DDE9B8005D8BA9 /* TwitterTableCellView.m */; };
		8B4E26E910DE8F0D005D8BA9 /* twitTab.png in Resources */ = {isa = PBXBuildFile; fileRef = 8B4E26E810DE8F0D005D8BA9 /* twitTab.png */; };
		8B53ED0410DA16A80038B87B /* phone.png in Resources */ = {isa = PBXBuildFile; fileRef = 8B53ED0310DA16A80038B87B /* phone.png */; };
		8B53ED8410DABE230038B87B /* OnAirViewController+Buttons.m in Sources */ = {isa = PBXBuildFile; fileRef = 8B53ED8310DABE230038B87B /* OnAirViewController+Buttons.m */; };
		8B53ED8710DABF2D0038B87B /* OnAirViewController+IO.m in Sources */ = {isa = PBXBuildFile; fileRef = 8B53ED8610DABF2D0038B87B /* OnAirViewController+IO.m */; };
		8B53EDC810DAC4610038B87B /* PastShowsTableViewController.m in Sources */ = {isa = PBXBuildFile; fileRef = 8B53EDC610DAC4610038B87B /* PastShowsTableViewController.m */; };
		8B53EDC910DAC4610038B87B /* PastShowsTableView.xib in Resources */ = {isa = PBXBuildFile; fileRef = 8B53EDC710DAC4610038B87B /* PastShowsTableView.xib */; };
		8B53EDCF10DAC6FC0038B87B /* pastShowsTab.png in Resources */ = {isa = PBXBuildFile; fileRef = 8B53EDCE10DAC6FC0038B87B /* pastShowsTab.png */; };
		8B53EDE210DAC9760038B87B /* GrabXMLFeed+PrivateMethods.m in Sources */ = {isa = PBXBuildFile; fileRef = 8B53EDE110DAC9760038B87B /* GrabXMLFeed+PrivateMethods.m */; };
		8B53EF2710DADBD80038B87B /* PastShowsTableCellView.m in Sources */ = {isa = PBXBuildFile; fileRef = 8B53EF2610DADBD80038B87B /* PastShowsTableCellView.m */; };
		8B53EF2910DADCEC0038B87B /* PastShowsTableCellView.xib in Resources */ = {isa = PBXBuildFile; fileRef = 8B53EF2810DADCEC0038B87B /* PastShowsTableCellView.xib */; };
		8B53EF5E10DAE01B0038B87B /* katgtv.png in Resources */ = {isa = PBXBuildFile; fileRef = 8B53EF5D10DAE01B0038B87B /* katgtv.png */; };
		8B53EF6710DAE0C10038B87B /* pics.png in Resources */ = {isa = PBXBuildFile; fileRef = 8B53EF6610DAE0C10038B87B /* pics.png */; };
		8B53EF7610DAE4670038B87B /* notes.png in Resources */ = {isa = PBXBuildFile; fileRef = 8B53EF7510DAE4670038B87B /* notes.png */; };
		8B53EFF110DAF8850038B87B /* SystemConfiguration.framework in Frameworks */ = {isa = PBXBuildFile; fileRef = 8B53EFF010DAF8850038B87B /* SystemConfiguration.framework */; };
		8B53F08310DB01950038B87B /* Settings.bundle in Resources */ = {isa = PBXBuildFile; fileRef = 8B53F08210DB01950038B87B /* Settings.bundle */; };
		8B53F0B010DB03740038B87B /* PastShowsDetailViewController.m in Sources */ = {isa = PBXBuildFile; fileRef = 8B53F0AE10DB03740038B87B /* PastShowsDetailViewController.m */; };
		8B53F0B110DB03740038B87B /* PastShowsDetailView.xib in Resources */ = {isa = PBXBuildFile; fileRef = 8B53F0AF10DB03740038B87B /* PastShowsDetailView.xib */; };
		8B71ECEC10D8423000A35983 /* Default.png in Resources */ = {isa = PBXBuildFile; fileRef = 8B71ECE910D8423000A35983 /* Default.png */; };
		8B71ECED10D8423000A35983 /* Icon.png in Resources */ = {isa = PBXBuildFile; fileRef = 8B71ECEA10D8423000A35983 /* Icon.png */; };
		8B71ECEE10D8423000A35983 /* iTunesArtwork in Resources */ = {isa = PBXBuildFile; fileRef = 8B71ECEB10D8423000A35983 /* iTunesArtwork */; };
		8B8ABB1F10F2A21600E51DFF /* PastShowsDetailViewController+Playback.m in Sources */ = {isa = PBXBuildFile; fileRef = 8B8ABB1E10F2A21600E51DFF /* PastShowsDetailViewController+Playback.m */; };
		8B8ABB2F10F2A3D300E51DFF /* ImageAdditions.m in Sources */ = {isa = PBXBuildFile; fileRef = 8B8ABB2E10F2A3D300E51DFF /* ImageAdditions.m */; };
		8B8ABC9F10F2BF8900E51DFF /* GreenBox.png in Resources */ = {isa = PBXBuildFile; fileRef = 8B8ABC9E10F2BF8900E51DFF /* GreenBox.png */; };
		8B8ABCE910F2C70400E51DFF /* PastShowsDetailViewController+ScrollView.m in Sources */ = {isa = PBXBuildFile; fileRef = 8B8ABCE810F2C70400E51DFF /* PastShowsDetailViewController+ScrollView.m */; };
		8B8ABE8A10F2F39100E51DFF /* OnAirViewController+SetupCleanup.m in Sources */ = {isa = PBXBuildFile; fileRef = 8B8ABE8910F2F39100E51DFF /* OnAirViewController+SetupCleanup.m */; };
		8B8AC1BC10F411F800E51DFF /* PastShowPicsDataModel+Thumbs.m in Sources */ = {isa = PBXBuildFile; fileRef = 8B8AC1BB10F411F800E51DFF /* PastShowPicsDataModel+Thumbs.m */; };
		8B8AC2EC10F4588400E51DFF /* HiResImageView.xib in Resources */ = {isa = PBXBuildFile; fileRef = 8B8AC2E910F4588400E51DFF /* HiResImageView.xib */; };
		8B8AC2ED10F4588400E51DFF /* HiResImageViewController.m in Sources */ = {isa = PBXBuildFile; fileRef = 8B8AC2EB10F4588400E51DFF /* HiResImageViewController.m */; };
		8B8AC2F010F458CB00E51DFF /* TapDetectingImageView.m in Sources */ = {isa = PBXBuildFile; fileRef = 8B8AC2EF10F458CB00E51DFF /* TapDetectingImageView.m */; };
		8B8AC36810F5263900E51DFF /* PastShowsDetailViewController+HiResImageView.m in Sources */ = {isa = PBXBuildFile; fileRef = 8B8AC36710F5263900E51DFF /* PastShowsDetailViewController+HiResImageView.m */; };
		8BB7F8C210D5996E00719438 /* OnAirViewController.m in Sources */ = {isa = PBXBuildFile; fileRef = 8BB7F8C010D5996E00719438 /* OnAirViewController.m */; };
		8BB7F8C310D5996E00719438 /* OnAirView.xib in Resources */ = {isa = PBXBuildFile; fileRef = 8BB7F8C110D5996E00719438 /* OnAirView.xib */; };
		8BB7F8E110D59E1700719438 /* BG.png in Resources */ = {isa = PBXBuildFile; fileRef = 8BB7F8E010D59E1700719438 /* BG.png */; };
		8BB7F8EC10D5A08400719438 /* OnAirViewController+Feedback.m in Sources */ = {isa = PBXBuildFile; fileRef = 8BB7F8EB10D5A08400719438 /* OnAirViewController+Feedback.m */; };
		8BB7F92D10D5A33700719438 /* feedButtonNormal.png in Resources */ = {isa = PBXBuildFile; fileRef = 8BB7F92B10D5A33700719438 /* feedButtonNormal.png */; };
		8BB7F92E10D5A33700719438 /* feedButtonHighlighted.png in Resources */ = {isa = PBXBuildFile; fileRef = 8BB7F92C10D5A33700719438 /* feedButtonHighlighted.png */; };
		8BB7F97810D5A8A600719438 /* Feedback.m in Sources */ = {isa = PBXBuildFile; fileRef = 8BB7F97710D5A8A600719438 /* Feedback.m */; };
		8BB7F9E110D5B78000719438 /* OnAirViewController+FeedStatus.m in Sources */ = {isa = PBXBuildFile; fileRef = 8BB7F9E010D5B78000719438 /* OnAirViewController+FeedStatus.m */; };
		8BB7FA4F10D5C11E00719438 /* CXMLDocument_CreationExtensions.m in Sources */ = {isa = PBXBuildFile; fileRef = 8BB7FA3B10D5C11E00719438 /* CXMLDocument_CreationExtensions.m */; };
		8BB7FA5010D5C11E00719438 /* CXMLDocument_PrivateExtensions.m in Sources */ = {isa = PBXBuildFile; fileRef = 8BB7FA3D10D5C11E00719438 /* CXMLDocument_PrivateExtensions.m */; };
		8BB7FA5110D5C11E00719438 /* CXMLDocument.m in Sources */ = {isa = PBXBuildFile; fileRef = 8BB7FA3F10D5C11E00719438 /* CXMLDocument.m */; };
		8BB7FA5210D5C11E00719438 /* CXMLElement_CreationExtensions.m in Sources */ = {isa = PBXBuildFile; fileRef = 8BB7FA4110D5C11E00719438 /* CXMLElement_CreationExtensions.m */; };
		8BB7FA5310D5C11E00719438 /* CXMLElement_ElementTreeExtensions.m in Sources */ = {isa = PBXBuildFile; fileRef = 8BB7FA4310D5C11E00719438 /* CXMLElement_ElementTreeExtensions.m */; };
		8BB7FA5410D5C11E00719438 /* CXMLElement.m in Sources */ = {isa = PBXBuildFile; fileRef = 8BB7FA4510D5C11E00719438 /* CXMLElement.m */; };
		8BB7FA5510D5C11E00719438 /* CXMLNode_CreationExtensions.m in Sources */ = {isa = PBXBuildFile; fileRef = 8BB7FA4710D5C11E00719438 /* CXMLNode_CreationExtensions.m */; };
		8BB7FA5610D5C11E00719438 /* CXMLNode_PrivateExtensions.m in Sources */ = {isa = PBXBuildFile; fileRef = 8BB7FA4910D5C11E00719438 /* CXMLNode_PrivateExtensions.m */; };
		8BB7FA5710D5C11E00719438 /* CXMLNode_XPathExtensions.m in Sources */ = {isa = PBXBuildFile; fileRef = 8BB7FA4B10D5C11E00719438 /* CXMLNode_XPathExtensions.m */; };
		8BB7FA5810D5C11E00719438 /* CXMLNode.m in Sources */ = {isa = PBXBuildFile; fileRef = 8BB7FA4D10D5C11E00719438 /* CXMLNode.m */; };
		8BB7FA8110D5C1D500719438 /* GrabXMLFeed.m in Sources */ = {isa = PBXBuildFile; fileRef = 8BB7FA8010D5C1D500719438 /* GrabXMLFeed.m */; };
		8BB7FB2110D5CEF400719438 /* EventOperation.m in Sources */ = {isa = PBXBuildFile; fileRef = 8BB7FB2010D5CEF400719438 /* EventOperation.m */; };
		8BBBC51910D8975500A780FC /* OnAirViewController+NextShowTime.m in Sources */ = {isa = PBXBuildFile; fileRef = 8BBBC51810D8975500A780FC /* OnAirViewController+NextShowTime.m */; };
		8BBBC7EB10D8B92100A780FC /* onAirTab.png in Resources */ = {isa = PBXBuildFile; fileRef = 8BBBC7EA10D8B92100A780FC /* onAirTab.png */; };
		8BBBC7EF10D8B95E00A780FC /* loadButton.png in Resources */ = {isa = PBXBuildFile; fileRef = 8BBBC7EC10D8B95E00A780FC /* loadButton.png */; };
		8BBBC7F010D8B95E00A780FC /* playButton.png in Resources */ = {isa = PBXBuildFile; fileRef = 8BBBC7ED10D8B95E00A780FC /* playButton.png */; };
		8BBBC7F110D8B95E00A780FC /* stopButton.png in Resources */ = {isa = PBXBuildFile; fileRef = 8BBBC7EE10D8B95E00A780FC /* stopButton.png */; };
		8BBBC80410D8BB0900A780FC /* AudioStreamer.m in Sources */ = {isa = PBXBuildFile; fileRef = 8BBBC80310D8BB0900A780FC /* AudioStreamer.m */; };
		8BBBC80710D8BB3800A780FC /* OnAirViewController+AudioStreamer.m in Sources */ = {isa = PBXBuildFile; fileRef = 8BBBC80610D8BB3800A780FC /* OnAirViewController+AudioStreamer.m */; };
		8BBBC83F10D8BFA600A780FC /* AudioToolbox.framework in Frameworks */ = {isa = PBXBuildFile; fileRef = 8BBBC83E10D8BFA600A780FC /* AudioToolbox.framework */; };
		8BBBC84310D8BFB500A780FC /* QuartzCore.framework in Frameworks */ = {isa = PBXBuildFile; fileRef = 8BBBC84210D8BFB500A780FC /* QuartzCore.framework */; };
		8BDC7E4010D8C06D00A0F6AA /* CFNetwork.framework in Frameworks */ = {isa = PBXBuildFile; fileRef = 8BDC7E3F10D8C06D00A0F6AA /* CFNetwork.framework */; };
		8BDC7E5310D8C3D700A0F6AA /* leftslide.png in Resources */ = {isa = PBXBuildFile; fileRef = 8BDC7E5110D8C3D700A0F6AA /* leftslide.png */; };
		8BDC7E5410D8C3D700A0F6AA /* rightslide.png in Resources */ = {isa = PBXBuildFile; fileRef = 8BDC7E5210D8C3D700A0F6AA /* rightslide.png */; };
		8BDC7E5D10D8C58E00A0F6AA /* MediaPlayer.framework in Frameworks */ = {isa = PBXBuildFile; fileRef = 8BDC7E5C10D8C58E00A0F6AA /* MediaPlayer.framework */; };
		8BDC7E9B10D9990300A0F6AA /* EventTableViewController.m in Sources */ = {isa = PBXBuildFile; fileRef = 8BDC7E9910D9990300A0F6AA /* EventTableViewController.m */; };
		8BDC7E9C10D9990300A0F6AA /* EventTableView.xib in Resources */ = {isa = PBXBuildFile; fileRef = 8BDC7E9A10D9990300A0F6AA /* EventTableView.xib */; };
		8BDC7E9E10D9995500A0F6AA /* EventTableCellView.xib in Resources */ = {isa = PBXBuildFile; fileRef = 8BDC7E9D10D9995500A0F6AA /* EventTableCellView.xib */; };
		8BDC7EB810D99ADF00A0F6AA /* EventTableCellView.m in Sources */ = {isa = PBXBuildFile; fileRef = 8BDC7EB710D99ADF00A0F6AA /* EventTableCellView.m */; };
		8BDC7EC710D99D3200A0F6AA /* calendarTab.png in Resources */ = {isa = PBXBuildFile; fileRef = 8BDC7EC410D99D3200A0F6AA /* calendarTab.png */; };
		8BDC7EC810D99D3200A0F6AA /* EventIconTrans.png in Resources */ = {isa = PBXBuildFile; fileRef = 8BDC7EC510D99D3200A0F6AA /* EventIconTrans.png */; };
		8BDC7EC910D99D3200A0F6AA /* LiveShowIconTrans.png in Resources */ = {isa = PBXBuildFile; fileRef = 8BDC7EC610D99D3200A0F6AA /* LiveShowIconTrans.png */; };
		8BDC7EED10D9A0B200A0F6AA /* CellBackground80.png in Resources */ = {isa = PBXBuildFile; fileRef = 8BDC7EEB10D9A0B200A0F6AA /* CellBackground80.png */; };
		8BDC7EEE10D9A0B200A0F6AA /* CellBackgroundSelected80.png in Resources */ = {isa = PBXBuildFile; fileRef = 8BDC7EEC10D9A0B200A0F6AA /* CellBackgroundSelected80.png */; };
		8BDC7EFD10D9A22100A0F6AA /* CellBackgroundDark80.png in Resources */ = {isa = PBXBuildFile; fileRef = 8BDC7EFC10D9A22100A0F6AA /* CellBackgroundDark80.png */; };
		8BDC7F2910D9A3E200A0F6AA /* EventDetailViewController.m in Sources */ = {isa = PBXBuildFile; fileRef = 8BDC7F2710D9A3E200A0F6AA /* EventDetailViewController.m */; };
		8BDC7F2A10D9A3E200A0F6AA /* EventDetailView.xib in Resources */ = {isa = PBXBuildFile; fileRef = 8BDC7F2810D9A3E200A0F6AA /* EventDetailView.xib */; };
		8BDC7F7910D9A8ED00A0F6AA /* Apache2.0.txt in Resources */ = {isa = PBXBuildFile; fileRef = 8BDC7F7810D9A8ED00A0F6AA /* Apache2.0.txt */; };
		8BDC814A10D9CB3300A0F6AA /* ModalWebViewController.m in Sources */ = {isa = PBXBuildFile; fileRef = 8BDC814810D9CB3300A0F6AA /* ModalWebViewController.m */; };
		8BDC814B10D9CB3300A0F6AA /* ModalWebView.xib in Resources */ = {isa = PBXBuildFile; fileRef = 8BDC814910D9CB3300A0F6AA /* ModalWebView.xib */; };
		8BDC81F910D9DB1000A0F6AA /* BGEvent.png in Resources */ = {isa = PBXBuildFile; fileRef = 8BDC81F810D9DB1000A0F6AA /* BGEvent.png */; };
		8BDC81FF10D9DB5C00A0F6AA /* TextView.png in Resources */ = {isa = PBXBuildFile; fileRef = 8BDC81FE10D9DB5C00A0F6AA /* TextView.png */; };
		8BED700B10D9F952003B07F6 /* Entitlements.plist in Resources */ = {isa = PBXBuildFile; fileRef = 8BED700A10D9F952003B07F6 /* Entitlements.plist */; };
		8BEF287410EA082D000DF638 /* PastShowPicsDataModel.m in Sources */ = {isa = PBXBuildFile; fileRef = 8BEF287310EA082D000DF638 /* PastShowPicsDataModel.m */; };
		8BEF287F10EA0AE0000DF638 /* PastShowPicsDataModel+PrivateMethods.m in Sources */ = {isa = PBXBuildFile; fileRef = 8BEF287E10EA0AE0000DF638 /* PastShowPicsDataModel+PrivateMethods.m */; };
		8BEF28A410EC0270000DF638 /* AbstractDataModel.m in Sources */ = {isa = PBXBuildFile; fileRef = 8BEF28A310EC0270000DF638 /* AbstractDataModel.m */; };
		8BEF28B910EC10F4000DF638 /* Loading.png in Resources */ = {isa = PBXBuildFile; fileRef = 8BEF28B710EC10F4000DF638 /* Loading.png */; };
		8BEF28BA10EC10F4000DF638 /* NoConnection.png in Resources */ = {isa = PBXBuildFile; fileRef = 8BEF28B810EC10F4000DF638 /* NoConnection.png */; };
		8BEF293F10EC2039000DF638 /* ImagePageViewController.m in Sources */ = {isa = PBXBuildFile; fileRef = 8BEF293E10EC2039000DF638 /* ImagePageViewController.m */; };
/* End PBXBuildFile section */

/* Begin PBXFileReference section */
		1D30AB110D05D00D00671497 /* Foundation.framework */ = {isa = PBXFileReference; lastKnownFileType = wrapper.framework; name = Foundation.framework; path = System/Library/Frameworks/Foundation.framework; sourceTree = SDKROOT; };
		1D3623240D0F684500981E51 /* KATG_comAppDelegate.h */ = {isa = PBXFileReference; fileEncoding = 4; lastKnownFileType = sourcecode.c.h; path = KATG_comAppDelegate.h; sourceTree = "<group>"; };
		1D3623250D0F684500981E51 /* KATG_comAppDelegate.m */ = {isa = PBXFileReference; fileEncoding = 4; lastKnownFileType = sourcecode.c.objc; path = KATG_comAppDelegate.m; sourceTree = "<group>"; };
		1D6058910D05DD3D006BFB54 /* KATG.com.app */ = {isa = PBXFileReference; explicitFileType = wrapper.application; includeInIndex = 0; path = KATG.com.app; sourceTree = BUILT_PRODUCTS_DIR; };
		1DF5F4DF0D08C38300B7A737 /* UIKit.framework */ = {isa = PBXFileReference; lastKnownFileType = wrapper.framework; name = UIKit.framework; path = System/Library/Frameworks/UIKit.framework; sourceTree = SDKROOT; };
		288765070DF74369002DB57D /* CoreGraphics.framework */ = {isa = PBXFileReference; lastKnownFileType = wrapper.framework; name = CoreGraphics.framework; path = System/Library/Frameworks/CoreGraphics.framework; sourceTree = SDKROOT; };
		28A0AB4B0D9B1048005BE974 /* KATG_com_Prefix.pch */ = {isa = PBXFileReference; fileEncoding = 4; lastKnownFileType = sourcecode.c.h; path = KATG_com_Prefix.pch; sourceTree = "<group>"; };
		28AD73870D9D96C1002E5188 /* MainWindow.xib */ = {isa = PBXFileReference; lastKnownFileType = file.xib; name = MainWindow.xib; path = ../MainWindow.xib; sourceTree = "<group>"; };
		29B97316FDCFA39411CA2CEA /* main.m */ = {isa = PBXFileReference; fileEncoding = 4; lastKnownFileType = sourcecode.c.objc; path = main.m; sourceTree = "<group>"; };
		8B251B0310F56CED004253DE /* PastShowPicsDataModel+HiRes.h */ = {isa = PBXFileReference; fileEncoding = 4; lastKnownFileType = sourcecode.c.h; path = "PastShowPicsDataModel+HiRes.h"; sourceTree = "<group>"; };
		8B251B0410F56CED004253DE /* PastShowPicsDataModel+HiRes.m */ = {isa = PBXFileReference; fileEncoding = 4; lastKnownFileType = sourcecode.c.objc; path = "PastShowPicsDataModel+HiRes.m"; sourceTree = "<group>"; };
		8B45FEE910E9F6CE00F2F3E7 /* LinksViewController.h */ = {isa = PBXFileReference; fileEncoding = 4; lastKnownFileType = sourcecode.c.h; path = LinksViewController.h; sourceTree = "<group>"; };
		8B45FEEA10E9F6CE00F2F3E7 /* LinksViewController.m */ = {isa = PBXFileReference; fileEncoding = 4; lastKnownFileType = sourcecode.c.objc; path = LinksViewController.m; sourceTree = "<group>"; };
		8B45FEEB10E9F6CE00F2F3E7 /* LinksView.xib */ = {isa = PBXFileReference; lastKnownFileType = file.xib; path = LinksView.xib; sourceTree = "<group>"; };
		8B4E169F10DB08CC005D8BA9 /* Reachability.h */ = {isa = PBXFileReference; fileEncoding = 4; lastKnownFileType = sourcecode.c.h; path = Reachability.h; sourceTree = "<group>"; };
		8B4E16A010DB08CC005D8BA9 /* Reachability.m */ = {isa = PBXFileReference; fileEncoding = 4; lastKnownFileType = sourcecode.c.objc; path = Reachability.m; sourceTree = "<group>"; };
		8B4E1BAD10DC645E005D8BA9 /* OnAirViewController+Reachability.h */ = {isa = PBXFileReference; fileEncoding = 4; lastKnownFileType = sourcecode.c.h; path = "OnAirViewController+Reachability.h"; sourceTree = "<group>"; };
		8B4E1BAE10DC645E005D8BA9 /* OnAirViewController+Reachability.m */ = {isa = PBXFileReference; fileEncoding = 4; lastKnownFileType = sourcecode.c.objc; path = "OnAirViewController+Reachability.m"; sourceTree = "<group>"; };
		8B4E1BD510DC80A1005D8BA9 /* PastShowsDataModel.h */ = {isa = PBXFileReference; fileEncoding = 4; lastKnownFileType = sourcecode.c.h; path = PastShowsDataModel.h; sourceTree = "<group>"; };
		8B4E1BD610DC80A1005D8BA9 /* PastShowsDataModel.m */ = {isa = PBXFileReference; fileEncoding = 4; lastKnownFileType = sourcecode.c.objc; path = PastShowsDataModel.m; sourceTree = "<group>"; };
		8B4E1BD810DC8285005D8BA9 /* PastShowsDataModel+PrivateMethods.h */ = {isa = PBXFileReference; fileEncoding = 4; lastKnownFileType = sourcecode.c.h; path = "PastShowsDataModel+PrivateMethods.h"; sourceTree = "<group>"; };
		8B4E1BD910DC8285005D8BA9 /* PastShowsDataModel+PrivateMethods.m */ = {isa = PBXFileReference; fileEncoding = 4; lastKnownFileType = sourcecode.c.objc; path = "PastShowsDataModel+PrivateMethods.m"; sourceTree = "<group>"; };
		8B4E1C2510DC91E9005D8BA9 /* SynthesizeSingleton.h */ = {isa = PBXFileReference; fileEncoding = 4; lastKnownFileType = sourcecode.c.h; path = SynthesizeSingleton.h; sourceTree = "<group>"; };
		8B4E1FA110DCC75D005D8BA9 /* PastShowDataModel.h */ = {isa = PBXFileReference; fileEncoding = 4; lastKnownFileType = sourcecode.c.h; path = PastShowDataModel.h; sourceTree = "<group>"; };
		8B4E1FA210DCC75D005D8BA9 /* PastShowDataModel.m */ = {isa = PBXFileReference; fileEncoding = 4; lastKnownFileType = sourcecode.c.objc; path = PastShowDataModel.m; sourceTree = "<group>"; };
		8B4E1FA410DCC947005D8BA9 /* PastShowDataModel+PrivateMethods.h */ = {isa = PBXFileReference; fileEncoding = 4; lastKnownFileType = sourcecode.c.h; path = "PastShowDataModel+PrivateMethods.h"; sourceTree = "<group>"; };
		8B4E1FA510DCC947005D8BA9 /* PastShowDataModel+PrivateMethods.m */ = {isa = PBXFileReference; fileEncoding = 4; lastKnownFileType = sourcecode.c.objc; path = "PastShowDataModel+PrivateMethods.m"; sourceTree = "<group>"; };
		8B4E20B710DCDF20005D8BA9 /* EventsDataModel.h */ = {isa = PBXFileReference; fileEncoding = 4; lastKnownFileType = sourcecode.c.h; path = EventsDataModel.h; sourceTree = "<group>"; };
		8B4E20B810DCDF20005D8BA9 /* EventsDataModel.m */ = {isa = PBXFileReference; fileEncoding = 4; lastKnownFileType = sourcecode.c.objc; path = EventsDataModel.m; sourceTree = "<group>"; };
		8B4E210910DCE4B7005D8BA9 /* EventsDataModel+PrivateMethods.h */ = {isa = PBXFileReference; fileEncoding = 4; lastKnownFileType = sourcecode.c.h; path = "EventsDataModel+PrivateMethods.h"; sourceTree = "<group>"; };
		8B4E210A10DCE4B7005D8BA9 /* EventsDataModel+PrivateMethods.m */ = {isa = PBXFileReference; fileEncoding = 4; lastKnownFileType = sourcecode.c.objc; path = "EventsDataModel+PrivateMethods.m"; sourceTree = "<group>"; };
		8B4E212C10DCE7D6005D8BA9 /* bloop.caf */ = {isa = PBXFileReference; lastKnownFileType = file; path = bloop.caf; sourceTree = "<group>"; };
		8B4E212D10DCE7D6005D8BA9 /* brumski.caf */ = {isa = PBXFileReference; lastKnownFileType = file; path = brumski.caf; sourceTree = "<group>"; };
		8B4E212E10DCE7D6005D8BA9 /* haha.caf */ = {isa = PBXFileReference; lastKnownFileType = file; path = haha.caf; sourceTree = "<group>"; };
		8B4E212F10DCE7D6005D8BA9 /* keithandthegirl.com.caf */ = {isa = PBXFileReference; lastKnownFileType = file; path = keithandthegirl.com.caf; sourceTree = "<group>"; };
		8B4E213010DCE7D6005D8BA9 /* phen.caf */ = {isa = PBXFileReference; lastKnownFileType = file; path = phen.caf; sourceTree = "<group>"; };
		8B4E218A10DD80D7005D8BA9 /* EventsDataModel+Reachability.h */ = {isa = PBXFileReference; fileEncoding = 4; lastKnownFileType = sourcecode.c.h; path = "EventsDataModel+Reachability.h"; sourceTree = "<group>"; };
		8B4E218B10DD80D7005D8BA9 /* EventsDataModel+Reachability.m */ = {isa = PBXFileReference; fileEncoding = 4; lastKnownFileType = sourcecode.c.objc; path = "EventsDataModel+Reachability.m"; sourceTree = "<group>"; };
		8B4E21AC10DD823D005D8BA9 /* EventsDataModel+Operations.h */ = {isa = PBXFileReference; fileEncoding = 4; lastKnownFileType = sourcecode.c.h; path = "EventsDataModel+Operations.h"; sourceTree = "<group>"; };
		8B4E21AD10DD823D005D8BA9 /* EventsDataModel+Operations.m */ = {isa = PBXFileReference; fileEncoding = 4; lastKnownFileType = sourcecode.c.objc; path = "EventsDataModel+Operations.m"; sourceTree = "<group>"; };
		8B4E223F10DD8C1D005D8BA9 /* NSDictionary+EventSorting.h */ = {isa = PBXFileReference; fileEncoding = 4; lastKnownFileType = sourcecode.c.h; path = "NSDictionary+EventSorting.h"; sourceTree = "<group>"; };
		8B4E224010DD8C1D005D8BA9 /* NSDictionary+EventSorting.m */ = {isa = PBXFileReference; fileEncoding = 4; lastKnownFileType = sourcecode.c.objc; path = "NSDictionary+EventSorting.m"; sourceTree = "<group>"; };
		8B4E255810DDDE59005D8BA9 /* OnAirViewControllerCategories.h */ = {isa = PBXFileReference; fileEncoding = 4; lastKnownFileType = sourcecode.c.h; path = OnAirViewControllerCategories.h; sourceTree = "<group>"; };
		8B4E258C10DDE3B6005D8BA9 /* TwitterDataModel.h */ = {isa = PBXFileReference; fileEncoding = 4; lastKnownFileType = sourcecode.c.h; path = TwitterDataModel.h; sourceTree = "<group>"; };
		8B4E258D10DDE3B6005D8BA9 /* TwitterDataModel.m */ = {isa = PBXFileReference; fileEncoding = 4; lastKnownFileType = sourcecode.c.objc; path = TwitterDataModel.m; sourceTree = "<group>"; };
		8B4E259D10DDE8E6005D8BA9 /* TwitterTableViewController.h */ = {isa = PBXFileReference; fileEncoding = 4; lastKnownFileType = sourcecode.c.h; path = TwitterTableViewController.h; sourceTree = "<group>"; };
		8B4E259E10DDE8E6005D8BA9 /* TwitterTableViewController.m */ = {isa = PBXFileReference; fileEncoding = 4; lastKnownFileType = sourcecode.c.objc; path = TwitterTableViewController.m; sourceTree = "<group>"; };
		8B4E259F10DDE8E6005D8BA9 /* TwitterTableView.xib */ = {isa = PBXFileReference; lastKnownFileType = file.xib; path = TwitterTableView.xib; sourceTree = "<group>"; };
		8B4E25A510DDE9B8005D8BA9 /* TwitterTableCellView.h */ = {isa = PBXFileReference; fileEncoding = 4; lastKnownFileType = sourcecode.c.h; path = TwitterTableCellView.h; sourceTree = "<group>"; };
		8B4E25A610DDE9B8005D8BA9 /* TwitterTableCellView.m */ = {isa = PBXFileReference; fileEncoding = 4; lastKnownFileType = sourcecode.c.objc; path = TwitterTableCellView.m; sourceTree = "<group>"; };
		8B4E26E810DE8F0D005D8BA9 /* twitTab.png */ = {isa = PBXFileReference; lastKnownFileType = image.png; path = twitTab.png; sourceTree = "<group>"; };
		8B53ED0310DA16A80038B87B /* phone.png */ = {isa = PBXFileReference; lastKnownFileType = image.png; path = phone.png; sourceTree = "<group>"; };
		8B53ED8210DABE230038B87B /* OnAirViewController+Buttons.h */ = {isa = PBXFileReference; fileEncoding = 4; lastKnownFileType = sourcecode.c.h; path = "OnAirViewController+Buttons.h"; sourceTree = "<group>"; };
		8B53ED8310DABE230038B87B /* OnAirViewController+Buttons.m */ = {isa = PBXFileReference; fileEncoding = 4; lastKnownFileType = sourcecode.c.objc; path = "OnAirViewController+Buttons.m"; sourceTree = "<group>"; };
		8B53ED8510DABF2D0038B87B /* OnAirViewController+IO.h */ = {isa = PBXFileReference; fileEncoding = 4; lastKnownFileType = sourcecode.c.h; path = "OnAirViewController+IO.h"; sourceTree = "<group>"; };
		8B53ED8610DABF2D0038B87B /* OnAirViewController+IO.m */ = {isa = PBXFileReference; fileEncoding = 4; lastKnownFileType = sourcecode.c.objc; path = "OnAirViewController+IO.m"; sourceTree = "<group>"; };
		8B53EDC510DAC4610038B87B /* PastShowsTableViewController.h */ = {isa = PBXFileReference; fileEncoding = 4; lastKnownFileType = sourcecode.c.h; path = PastShowsTableViewController.h; sourceTree = "<group>"; };
		8B53EDC610DAC4610038B87B /* PastShowsTableViewController.m */ = {isa = PBXFileReference; fileEncoding = 4; lastKnownFileType = sourcecode.c.objc; path = PastShowsTableViewController.m; sourceTree = "<group>"; };
		8B53EDC710DAC4610038B87B /* PastShowsTableView.xib */ = {isa = PBXFileReference; lastKnownFileType = file.xib; path = PastShowsTableView.xib; sourceTree = "<group>"; };
		8B53EDCE10DAC6FC0038B87B /* pastShowsTab.png */ = {isa = PBXFileReference; lastKnownFileType = image.png; path = pastShowsTab.png; sourceTree = "<group>"; };
		8B53EDE010DAC9760038B87B /* GrabXMLFeed+PrivateMethods.h */ = {isa = PBXFileReference; fileEncoding = 4; lastKnownFileType = sourcecode.c.h; path = "GrabXMLFeed+PrivateMethods.h"; sourceTree = "<group>"; };
		8B53EDE110DAC9760038B87B /* GrabXMLFeed+PrivateMethods.m */ = {isa = PBXFileReference; fileEncoding = 4; lastKnownFileType = sourcecode.c.objc; path = "GrabXMLFeed+PrivateMethods.m"; sourceTree = "<group>"; };
		8B53EF2510DADBD80038B87B /* PastShowsTableCellView.h */ = {isa = PBXFileReference; fileEncoding = 4; lastKnownFileType = sourcecode.c.h; path = PastShowsTableCellView.h; sourceTree = "<group>"; };
		8B53EF2610DADBD80038B87B /* PastShowsTableCellView.m */ = {isa = PBXFileReference; fileEncoding = 4; lastKnownFileType = sourcecode.c.objc; path = PastShowsTableCellView.m; sourceTree = "<group>"; };
		8B53EF2810DADCEC0038B87B /* PastShowsTableCellView.xib */ = {isa = PBXFileReference; lastKnownFileType = file.xib; path = PastShowsTableCellView.xib; sourceTree = "<group>"; };
		8B53EF5D10DAE01B0038B87B /* katgtv.png */ = {isa = PBXFileReference; lastKnownFileType = image.png; path = katgtv.png; sourceTree = "<group>"; };
		8B53EF6610DAE0C10038B87B /* pics.png */ = {isa = PBXFileReference; lastKnownFileType = image.png; path = pics.png; sourceTree = "<group>"; };
		8B53EF7510DAE4670038B87B /* notes.png */ = {isa = PBXFileReference; lastKnownFileType = image.png; path = notes.png; sourceTree = "<group>"; };
		8B53EFF010DAF8850038B87B /* SystemConfiguration.framework */ = {isa = PBXFileReference; lastKnownFileType = wrapper.framework; name = SystemConfiguration.framework; path = /System/Library/Frameworks/SystemConfiguration.framework; sourceTree = "<absolute>"; };
		8B53F08210DB01950038B87B /* Settings.bundle */ = {isa = PBXFileReference; lastKnownFileType = "wrapper.plug-in"; path = Settings.bundle; sourceTree = "<group>"; };
		8B53F0AD10DB03740038B87B /* PastShowsDetailViewController.h */ = {isa = PBXFileReference; fileEncoding = 4; lastKnownFileType = sourcecode.c.h; path = PastShowsDetailViewController.h; sourceTree = "<group>"; };
		8B53F0AE10DB03740038B87B /* PastShowsDetailViewController.m */ = {isa = PBXFileReference; fileEncoding = 4; lastKnownFileType = sourcecode.c.objc; path = PastShowsDetailViewController.m; sourceTree = "<group>"; };
		8B53F0AF10DB03740038B87B /* PastShowsDetailView.xib */ = {isa = PBXFileReference; lastKnownFileType = file.xib; path = PastShowsDetailView.xib; sourceTree = "<group>"; };
		8B71ECE910D8423000A35983 /* Default.png */ = {isa = PBXFileReference; lastKnownFileType = image.png; path = Default.png; sourceTree = "<group>"; };
		8B71ECEA10D8423000A35983 /* Icon.png */ = {isa = PBXFileReference; lastKnownFileType = image.png; path = Icon.png; sourceTree = "<group>"; };
		8B71ECEB10D8423000A35983 /* iTunesArtwork */ = {isa = PBXFileReference; lastKnownFileType = file; path = iTunesArtwork; sourceTree = "<group>"; };
		8B8ABB1D10F2A21600E51DFF /* PastShowsDetailViewController+Playback.h */ = {isa = PBXFileReference; fileEncoding = 4; lastKnownFileType = sourcecode.c.h; path = "PastShowsDetailViewController+Playback.h"; sourceTree = "<group>"; };
		8B8ABB1E10F2A21600E51DFF /* PastShowsDetailViewController+Playback.m */ = {isa = PBXFileReference; fileEncoding = 4; lastKnownFileType = sourcecode.c.objc; path = "PastShowsDetailViewController+Playback.m"; sourceTree = "<group>"; };
		8B8ABB2D10F2A3D300E51DFF /* ImageAdditions.h */ = {isa = PBXFileReference; fileEncoding = 4; lastKnownFileType = sourcecode.c.h; path = ImageAdditions.h; sourceTree = "<group>"; };
		8B8ABB2E10F2A3D300E51DFF /* ImageAdditions.m */ = {isa = PBXFileReference; fileEncoding = 4; lastKnownFileType = sourcecode.c.objc; path = ImageAdditions.m; sourceTree = "<group>"; };
		8B8ABC9E10F2BF8900E51DFF /* GreenBox.png */ = {isa = PBXFileReference; lastKnownFileType = image.png; path = GreenBox.png; sourceTree = "<group>"; };
		8B8ABCE710F2C70400E51DFF /* PastShowsDetailViewController+ScrollView.h */ = {isa = PBXFileReference; fileEncoding = 4; lastKnownFileType = sourcecode.c.h; path = "PastShowsDetailViewController+ScrollView.h"; sourceTree = "<group>"; };
		8B8ABCE810F2C70400E51DFF /* PastShowsDetailViewController+ScrollView.m */ = {isa = PBXFileReference; fileEncoding = 4; lastKnownFileType = sourcecode.c.objc; path = "PastShowsDetailViewController+ScrollView.m"; sourceTree = "<group>"; };
		8B8ABE8810F2F39100E51DFF /* OnAirViewController+SetupCleanup.h */ = {isa = PBXFileReference; fileEncoding = 4; lastKnownFileType = sourcecode.c.h; path = "OnAirViewController+SetupCleanup.h"; sourceTree = "<group>"; };
		8B8ABE8910F2F39100E51DFF /* OnAirViewController+SetupCleanup.m */ = {isa = PBXFileReference; fileEncoding = 4; lastKnownFileType = sourcecode.c.objc; path = "OnAirViewController+SetupCleanup.m"; sourceTree = "<group>"; };
		8B8AC1BA10F411F800E51DFF /* PastShowPicsDataModel+Thumbs.h */ = {isa = PBXFileReference; fileEncoding = 4; lastKnownFileType = sourcecode.c.h; path = "PastShowPicsDataModel+Thumbs.h"; sourceTree = "<group>"; };
		8B8AC1BB10F411F800E51DFF /* PastShowPicsDataModel+Thumbs.m */ = {isa = PBXFileReference; fileEncoding = 4; lastKnownFileType = sourcecode.c.objc; path = "PastShowPicsDataModel+Thumbs.m"; sourceTree = "<group>"; };
		8B8AC2E910F4588400E51DFF /* HiResImageView.xib */ = {isa = PBXFileReference; lastKnownFileType = file.xib; path = HiResImageView.xib; sourceTree = "<group>"; };
		8B8AC2EA10F4588400E51DFF /* HiResImageViewController.h */ = {isa = PBXFileReference; fileEncoding = 4; lastKnownFileType = sourcecode.c.h; path = HiResImageViewController.h; sourceTree = "<group>"; };
		8B8AC2EB10F4588400E51DFF /* HiResImageViewController.m */ = {isa = PBXFileReference; fileEncoding = 4; lastKnownFileType = sourcecode.c.objc; path = HiResImageViewController.m; sourceTree = "<group>"; };
		8B8AC2EE10F458CB00E51DFF /* TapDetectingImageView.h */ = {isa = PBXFileReference; fileEncoding = 4; lastKnownFileType = sourcecode.c.h; path = TapDetectingImageView.h; sourceTree = "<group>"; };
		8B8AC2EF10F458CB00E51DFF /* TapDetectingImageView.m */ = {isa = PBXFileReference; fileEncoding = 4; lastKnownFileType = sourcecode.c.objc; path = TapDetectingImageView.m; sourceTree = "<group>"; };
		8B8AC36610F5263900E51DFF /* PastShowsDetailViewController+HiResImageView.h */ = {isa = PBXFileReference; fileEncoding = 4; lastKnownFileType = sourcecode.c.h; path = "PastShowsDetailViewController+HiResImageView.h"; sourceTree = "<group>"; };
		8B8AC36710F5263900E51DFF /* PastShowsDetailViewController+HiResImageView.m */ = {isa = PBXFileReference; fileEncoding = 4; lastKnownFileType = sourcecode.c.objc; path = "PastShowsDetailViewController+HiResImageView.m"; sourceTree = "<group>"; };
		8BB7F8BF10D5996E00719438 /* OnAirViewController.h */ = {isa = PBXFileReference; fileEncoding = 4; lastKnownFileType = sourcecode.c.h; path = OnAirViewController.h; sourceTree = "<group>"; };
		8BB7F8C010D5996E00719438 /* OnAirViewController.m */ = {isa = PBXFileReference; fileEncoding = 4; lastKnownFileType = sourcecode.c.objc; path = OnAirViewController.m; sourceTree = "<group>"; };
		8BB7F8C110D5996E00719438 /* OnAirView.xib */ = {isa = PBXFileReference; lastKnownFileType = file.xib; path = OnAirView.xib; sourceTree = "<group>"; };
		8BB7F8E010D59E1700719438 /* BG.png */ = {isa = PBXFileReference; lastKnownFileType = image.png; path = BG.png; sourceTree = "<group>"; };
		8BB7F8EA10D5A08400719438 /* OnAirViewController+Feedback.h */ = {isa = PBXFileReference; fileEncoding = 4; lastKnownFileType = sourcecode.c.h; path = "OnAirViewController+Feedback.h"; sourceTree = "<group>"; };
		8BB7F8EB10D5A08400719438 /* OnAirViewController+Feedback.m */ = {isa = PBXFileReference; fileEncoding = 4; lastKnownFileType = sourcecode.c.objc; path = "OnAirViewController+Feedback.m"; sourceTree = "<group>"; };
		8BB7F92B10D5A33700719438 /* feedButtonNormal.png */ = {isa = PBXFileReference; lastKnownFileType = image.png; path = feedButtonNormal.png; sourceTree = "<group>"; };
		8BB7F92C10D5A33700719438 /* feedButtonHighlighted.png */ = {isa = PBXFileReference; lastKnownFileType = image.png; path = feedButtonHighlighted.png; sourceTree = "<group>"; };
		8BB7F97610D5A8A600719438 /* Feedback.h */ = {isa = PBXFileReference; fileEncoding = 4; lastKnownFileType = sourcecode.c.h; path = Feedback.h; sourceTree = "<group>"; };
		8BB7F97710D5A8A600719438 /* Feedback.m */ = {isa = PBXFileReference; fileEncoding = 4; lastKnownFileType = sourcecode.c.objc; path = Feedback.m; sourceTree = "<group>"; };
		8BB7F9DF10D5B78000719438 /* OnAirViewController+FeedStatus.h */ = {isa = PBXFileReference; fileEncoding = 4; lastKnownFileType = sourcecode.c.h; path = "OnAirViewController+FeedStatus.h"; sourceTree = "<group>"; };
		8BB7F9E010D5B78000719438 /* OnAirViewController+FeedStatus.m */ = {isa = PBXFileReference; fileEncoding = 4; lastKnownFileType = sourcecode.c.objc; path = "OnAirViewController+FeedStatus.m"; sourceTree = "<group>"; };
		8BB7FA3A10D5C11E00719438 /* CXMLDocument_CreationExtensions.h */ = {isa = PBXFileReference; fileEncoding = 4; lastKnownFileType = sourcecode.c.h; path = CXMLDocument_CreationExtensions.h; sourceTree = "<group>"; };
		8BB7FA3B10D5C11E00719438 /* CXMLDocument_CreationExtensions.m */ = {isa = PBXFileReference; fileEncoding = 4; lastKnownFileType = sourcecode.c.objc; path = CXMLDocument_CreationExtensions.m; sourceTree = "<group>"; };
		8BB7FA3C10D5C11E00719438 /* CXMLDocument_PrivateExtensions.h */ = {isa = PBXFileReference; fileEncoding = 4; lastKnownFileType = sourcecode.c.h; path = CXMLDocument_PrivateExtensions.h; sourceTree = "<group>"; };
		8BB7FA3D10D5C11E00719438 /* CXMLDocument_PrivateExtensions.m */ = {isa = PBXFileReference; fileEncoding = 4; lastKnownFileType = sourcecode.c.objc; path = CXMLDocument_PrivateExtensions.m; sourceTree = "<group>"; };
		8BB7FA3E10D5C11E00719438 /* CXMLDocument.h */ = {isa = PBXFileReference; fileEncoding = 4; lastKnownFileType = sourcecode.c.h; path = CXMLDocument.h; sourceTree = "<group>"; };
		8BB7FA3F10D5C11E00719438 /* CXMLDocument.m */ = {isa = PBXFileReference; fileEncoding = 4; lastKnownFileType = sourcecode.c.objc; path = CXMLDocument.m; sourceTree = "<group>"; };
		8BB7FA4010D5C11E00719438 /* CXMLElement_CreationExtensions.h */ = {isa = PBXFileReference; fileEncoding = 4; lastKnownFileType = sourcecode.c.h; path = CXMLElement_CreationExtensions.h; sourceTree = "<group>"; };
		8BB7FA4110D5C11E00719438 /* CXMLElement_CreationExtensions.m */ = {isa = PBXFileReference; fileEncoding = 4; lastKnownFileType = sourcecode.c.objc; path = CXMLElement_CreationExtensions.m; sourceTree = "<group>"; };
		8BB7FA4210D5C11E00719438 /* CXMLElement_ElementTreeExtensions.h */ = {isa = PBXFileReference; fileEncoding = 4; lastKnownFileType = sourcecode.c.h; path = CXMLElement_ElementTreeExtensions.h; sourceTree = "<group>"; };
		8BB7FA4310D5C11E00719438 /* CXMLElement_ElementTreeExtensions.m */ = {isa = PBXFileReference; fileEncoding = 4; lastKnownFileType = sourcecode.c.objc; path = CXMLElement_ElementTreeExtensions.m; sourceTree = "<group>"; };
		8BB7FA4410D5C11E00719438 /* CXMLElement.h */ = {isa = PBXFileReference; fileEncoding = 4; lastKnownFileType = sourcecode.c.h; path = CXMLElement.h; sourceTree = "<group>"; };
		8BB7FA4510D5C11E00719438 /* CXMLElement.m */ = {isa = PBXFileReference; fileEncoding = 4; lastKnownFileType = sourcecode.c.objc; path = CXMLElement.m; sourceTree = "<group>"; };
		8BB7FA4610D5C11E00719438 /* CXMLNode_CreationExtensions.h */ = {isa = PBXFileReference; fileEncoding = 4; lastKnownFileType = sourcecode.c.h; path = CXMLNode_CreationExtensions.h; sourceTree = "<group>"; };
		8BB7FA4710D5C11E00719438 /* CXMLNode_CreationExtensions.m */ = {isa = PBXFileReference; fileEncoding = 4; lastKnownFileType = sourcecode.c.objc; path = CXMLNode_CreationExtensions.m; sourceTree = "<group>"; };
		8BB7FA4810D5C11E00719438 /* CXMLNode_PrivateExtensions.h */ = {isa = PBXFileReference; fileEncoding = 4; lastKnownFileType = sourcecode.c.h; path = CXMLNode_PrivateExtensions.h; sourceTree = "<group>"; };
		8BB7FA4910D5C11E00719438 /* CXMLNode_PrivateExtensions.m */ = {isa = PBXFileReference; fileEncoding = 4; lastKnownFileType = sourcecode.c.objc; path = CXMLNode_PrivateExtensions.m; sourceTree = "<group>"; };
		8BB7FA4A10D5C11E00719438 /* CXMLNode_XPathExtensions.h */ = {isa = PBXFileReference; fileEncoding = 4; lastKnownFileType = sourcecode.c.h; path = CXMLNode_XPathExtensions.h; sourceTree = "<group>"; };
		8BB7FA4B10D5C11E00719438 /* CXMLNode_XPathExtensions.m */ = {isa = PBXFileReference; fileEncoding = 4; lastKnownFileType = sourcecode.c.objc; path = CXMLNode_XPathExtensions.m; sourceTree = "<group>"; };
		8BB7FA4C10D5C11E00719438 /* CXMLNode.h */ = {isa = PBXFileReference; fileEncoding = 4; lastKnownFileType = sourcecode.c.h; path = CXMLNode.h; sourceTree = "<group>"; };
		8BB7FA4D10D5C11E00719438 /* CXMLNode.m */ = {isa = PBXFileReference; fileEncoding = 4; lastKnownFileType = sourcecode.c.objc; path = CXMLNode.m; sourceTree = "<group>"; };
		8BB7FA4E10D5C11E00719438 /* TouchXML.h */ = {isa = PBXFileReference; fileEncoding = 4; lastKnownFileType = sourcecode.c.h; path = TouchXML.h; sourceTree = "<group>"; };
		8BB7FA7F10D5C1D500719438 /* GrabXMLFeed.h */ = {isa = PBXFileReference; fileEncoding = 4; lastKnownFileType = sourcecode.c.h; path = GrabXMLFeed.h; sourceTree = "<group>"; };
		8BB7FA8010D5C1D500719438 /* GrabXMLFeed.m */ = {isa = PBXFileReference; fileEncoding = 4; lastKnownFileType = sourcecode.c.objc; path = GrabXMLFeed.m; sourceTree = "<group>"; };
		8BB7FB1F10D5CEF400719438 /* EventOperation.h */ = {isa = PBXFileReference; fileEncoding = 4; lastKnownFileType = sourcecode.c.h; path = EventOperation.h; sourceTree = "<group>"; };
		8BB7FB2010D5CEF400719438 /* EventOperation.m */ = {isa = PBXFileReference; fileEncoding = 4; lastKnownFileType = sourcecode.c.objc; path = EventOperation.m; sourceTree = "<group>"; };
		8BBBC51710D8975500A780FC /* OnAirViewController+NextShowTime.h */ = {isa = PBXFileReference; fileEncoding = 4; lastKnownFileType = sourcecode.c.h; path = "OnAirViewController+NextShowTime.h"; sourceTree = "<group>"; };
		8BBBC51810D8975500A780FC /* OnAirViewController+NextShowTime.m */ = {isa = PBXFileReference; fileEncoding = 4; lastKnownFileType = sourcecode.c.objc; path = "OnAirViewController+NextShowTime.m"; sourceTree = "<group>"; };
		8BBBC7EA10D8B92100A780FC /* onAirTab.png */ = {isa = PBXFileReference; lastKnownFileType = image.png; path = onAirTab.png; sourceTree = "<group>"; };
		8BBBC7EC10D8B95E00A780FC /* loadButton.png */ = {isa = PBXFileReference; lastKnownFileType = image.png; path = loadButton.png; sourceTree = "<group>"; };
		8BBBC7ED10D8B95E00A780FC /* playButton.png */ = {isa = PBXFileReference; lastKnownFileType = image.png; path = playButton.png; sourceTree = "<group>"; };
		8BBBC7EE10D8B95E00A780FC /* stopButton.png */ = {isa = PBXFileReference; lastKnownFileType = image.png; path = stopButton.png; sourceTree = "<group>"; };
		8BBBC80210D8BB0900A780FC /* AudioStreamer.h */ = {isa = PBXFileReference; fileEncoding = 4; lastKnownFileType = sourcecode.c.h; path = AudioStreamer.h; sourceTree = "<group>"; };
		8BBBC80310D8BB0900A780FC /* AudioStreamer.m */ = {isa = PBXFileReference; fileEncoding = 4; lastKnownFileType = sourcecode.c.objc; path = AudioStreamer.m; sourceTree = "<group>"; };
		8BBBC80510D8BB3800A780FC /* OnAirViewController+AudioStreamer.h */ = {isa = PBXFileReference; fileEncoding = 4; lastKnownFileType = sourcecode.c.h; path = "OnAirViewController+AudioStreamer.h"; sourceTree = "<group>"; };
		8BBBC80610D8BB3800A780FC /* OnAirViewController+AudioStreamer.m */ = {isa = PBXFileReference; fileEncoding = 4; lastKnownFileType = sourcecode.c.objc; path = "OnAirViewController+AudioStreamer.m"; sourceTree = "<group>"; };
		8BBBC83E10D8BFA600A780FC /* AudioToolbox.framework */ = {isa = PBXFileReference; lastKnownFileType = wrapper.framework; name = AudioToolbox.framework; path = /System/Library/Frameworks/AudioToolbox.framework; sourceTree = "<absolute>"; };
		8BBBC84210D8BFB500A780FC /* QuartzCore.framework */ = {isa = PBXFileReference; lastKnownFileType = wrapper.framework; name = QuartzCore.framework; path = /System/Library/Frameworks/QuartzCore.framework; sourceTree = "<absolute>"; };
		8BDC7E3F10D8C06D00A0F6AA /* CFNetwork.framework */ = {isa = PBXFileReference; lastKnownFileType = wrapper.framework; name = CFNetwork.framework; path = System/Library/Frameworks/CFNetwork.framework; sourceTree = SDKROOT; };
		8BDC7E5110D8C3D700A0F6AA /* leftslide.png */ = {isa = PBXFileReference; lastKnownFileType = image.png; path = leftslide.png; sourceTree = "<group>"; };
		8BDC7E5210D8C3D700A0F6AA /* rightslide.png */ = {isa = PBXFileReference; lastKnownFileType = image.png; path = rightslide.png; sourceTree = "<group>"; };
		8BDC7E5C10D8C58E00A0F6AA /* MediaPlayer.framework */ = {isa = PBXFileReference; lastKnownFileType = wrapper.framework; name = MediaPlayer.framework; path = System/Library/Frameworks/MediaPlayer.framework; sourceTree = SDKROOT; };
		8BDC7E9810D9990300A0F6AA /* EventTableViewController.h */ = {isa = PBXFileReference; fileEncoding = 4; lastKnownFileType = sourcecode.c.h; path = EventTableViewController.h; sourceTree = "<group>"; };
		8BDC7E9910D9990300A0F6AA /* EventTableViewController.m */ = {isa = PBXFileReference; fileEncoding = 4; lastKnownFileType = sourcecode.c.objc; path = EventTableViewController.m; sourceTree = "<group>"; };
		8BDC7E9A10D9990300A0F6AA /* EventTableView.xib */ = {isa = PBXFileReference; lastKnownFileType = file.xib; path = EventTableView.xib; sourceTree = "<group>"; };
		8BDC7E9D10D9995500A0F6AA /* EventTableCellView.xib */ = {isa = PBXFileReference; lastKnownFileType = file.xib; path = EventTableCellView.xib; sourceTree = "<group>"; };
		8BDC7EB610D99ADF00A0F6AA /* EventTableCellView.h */ = {isa = PBXFileReference; fileEncoding = 4; lastKnownFileType = sourcecode.c.h; path = EventTableCellView.h; sourceTree = "<group>"; };
		8BDC7EB710D99ADF00A0F6AA /* EventTableCellView.m */ = {isa = PBXFileReference; fileEncoding = 4; lastKnownFileType = sourcecode.c.objc; path = EventTableCellView.m; sourceTree = "<group>"; };
		8BDC7EC410D99D3200A0F6AA /* calendarTab.png */ = {isa = PBXFileReference; lastKnownFileType = image.png; path = calendarTab.png; sourceTree = "<group>"; };
		8BDC7EC510D99D3200A0F6AA /* EventIconTrans.png */ = {isa = PBXFileReference; lastKnownFileType = image.png; path = EventIconTrans.png; sourceTree = "<group>"; };
		8BDC7EC610D99D3200A0F6AA /* LiveShowIconTrans.png */ = {isa = PBXFileReference; lastKnownFileType = image.png; path = LiveShowIconTrans.png; sourceTree = "<group>"; };
		8BDC7EEB10D9A0B200A0F6AA /* CellBackground80.png */ = {isa = PBXFileReference; lastKnownFileType = image.png; path = CellBackground80.png; sourceTree = "<group>"; };
		8BDC7EEC10D9A0B200A0F6AA /* CellBackgroundSelected80.png */ = {isa = PBXFileReference; lastKnownFileType = image.png; path = CellBackgroundSelected80.png; sourceTree = "<group>"; };
		8BDC7EFC10D9A22100A0F6AA /* CellBackgroundDark80.png */ = {isa = PBXFileReference; lastKnownFileType = image.png; path = CellBackgroundDark80.png; sourceTree = "<group>"; };
		8BDC7F2610D9A3E200A0F6AA /* EventDetailViewController.h */ = {isa = PBXFileReference; fileEncoding = 4; lastKnownFileType = sourcecode.c.h; path = EventDetailViewController.h; sourceTree = "<group>"; };
		8BDC7F2710D9A3E200A0F6AA /* EventDetailViewController.m */ = {isa = PBXFileReference; fileEncoding = 4; lastKnownFileType = sourcecode.c.objc; path = EventDetailViewController.m; sourceTree = "<group>"; };
		8BDC7F2810D9A3E200A0F6AA /* EventDetailView.xib */ = {isa = PBXFileReference; lastKnownFileType = file.xib; path = EventDetailView.xib; sourceTree = "<group>"; };
		8BDC7F7810D9A8ED00A0F6AA /* Apache2.0.txt */ = {isa = PBXFileReference; fileEncoding = 4; lastKnownFileType = text; path = Apache2.0.txt; sourceTree = "<group>"; };
		8BDC814710D9CB3300A0F6AA /* ModalWebViewController.h */ = {isa = PBXFileReference; fileEncoding = 4; lastKnownFileType = sourcecode.c.h; path = ModalWebViewController.h; sourceTree = "<group>"; };
		8BDC814810D9CB3300A0F6AA /* ModalWebViewController.m */ = {isa = PBXFileReference; fileEncoding = 4; lastKnownFileType = sourcecode.c.objc; path = ModalWebViewController.m; sourceTree = "<group>"; };
		8BDC814910D9CB3300A0F6AA /* ModalWebView.xib */ = {isa = PBXFileReference; lastKnownFileType = file.xib; path = ModalWebView.xib; sourceTree = "<group>"; };
		8BDC81F810D9DB1000A0F6AA /* BGEvent.png */ = {isa = PBXFileReference; lastKnownFileType = image.png; path = BGEvent.png; sourceTree = "<group>"; };
		8BDC81FE10D9DB5C00A0F6AA /* TextView.png */ = {isa = PBXFileReference; lastKnownFileType = image.png; path = TextView.png; sourceTree = "<group>"; };
		8BED700A10D9F952003B07F6 /* Entitlements.plist */ = {isa = PBXFileReference; fileEncoding = 4; lastKnownFileType = text.plist.xml; path = Entitlements.plist; sourceTree = "<group>"; };
		8BEF287210EA082D000DF638 /* PastShowPicsDataModel.h */ = {isa = PBXFileReference; fileEncoding = 4; lastKnownFileType = sourcecode.c.h; path = PastShowPicsDataModel.h; sourceTree = "<group>"; };
		8BEF287310EA082D000DF638 /* PastShowPicsDataModel.m */ = {isa = PBXFileReference; fileEncoding = 4; lastKnownFileType = sourcecode.c.objc; path = PastShowPicsDataModel.m; sourceTree = "<group>"; };
		8BEF287D10EA0AE0000DF638 /* PastShowPicsDataModel+PrivateMethods.h */ = {isa = PBXFileReference; fileEncoding = 4; lastKnownFileType = sourcecode.c.h; path = "PastShowPicsDataModel+PrivateMethods.h"; sourceTree = "<group>"; };
		8BEF287E10EA0AE0000DF638 /* PastShowPicsDataModel+PrivateMethods.m */ = {isa = PBXFileReference; fileEncoding = 4; lastKnownFileType = sourcecode.c.objc; path = "PastShowPicsDataModel+PrivateMethods.m"; sourceTree = "<group>"; };
		8BEF28A210EC0270000DF638 /* AbstractDataModel.h */ = {isa = PBXFileReference; fileEncoding = 4; lastKnownFileType = sourcecode.c.h; path = AbstractDataModel.h; sourceTree = "<group>"; };
		8BEF28A310EC0270000DF638 /* AbstractDataModel.m */ = {isa = PBXFileReference; fileEncoding = 4; lastKnownFileType = sourcecode.c.objc; path = AbstractDataModel.m; sourceTree = "<group>"; };
		8BEF28B710EC10F4000DF638 /* Loading.png */ = {isa = PBXFileReference; lastKnownFileType = image.png; path = Loading.png; sourceTree = "<group>"; };
		8BEF28B810EC10F4000DF638 /* NoConnection.png */ = {isa = PBXFileReference; lastKnownFileType = image.png; path = NoConnection.png; sourceTree = "<group>"; };
		8BEF293D10EC2039000DF638 /* ImagePageViewController.h */ = {isa = PBXFileReference; fileEncoding = 4; lastKnownFileType = sourcecode.c.h; path = ImagePageViewController.h; sourceTree = "<group>"; };
		8BEF293E10EC2039000DF638 /* ImagePageViewController.m */ = {isa = PBXFileReference; fileEncoding = 4; lastKnownFileType = sourcecode.c.objc; path = ImagePageViewController.m; sourceTree = "<group>"; };
		8D1107310486CEB800E47090 /* KATG_com-Info.plist */ = {isa = PBXFileReference; fileEncoding = 4; lastKnownFileType = text.plist.xml; path = "KATG_com-Info.plist"; plistStructureDefinitionIdentifier = "com.apple.xcode.plist.structure-definition.iphone.info-plist"; sourceTree = "<group>"; };
/* End PBXFileReference section */

/* Begin PBXFrameworksBuildPhase section */
		1D60588F0D05DD3D006BFB54 /* Frameworks */ = {
			isa = PBXFrameworksBuildPhase;
			buildActionMask = 2147483647;
			files = (
				1D60589F0D05DD5A006BFB54 /* Foundation.framework in Frameworks */,
				1DF5F4E00D08C38300B7A737 /* UIKit.framework in Frameworks */,
				288765080DF74369002DB57D /* CoreGraphics.framework in Frameworks */,
				8BBBC83F10D8BFA600A780FC /* AudioToolbox.framework in Frameworks */,
				8BBBC84310D8BFB500A780FC /* QuartzCore.framework in Frameworks */,
				8BDC7E4010D8C06D00A0F6AA /* CFNetwork.framework in Frameworks */,
				8BDC7E5D10D8C58E00A0F6AA /* MediaPlayer.framework in Frameworks */,
				8B53EFF110DAF8850038B87B /* SystemConfiguration.framework in Frameworks */,
			);
			runOnlyForDeploymentPostprocessing = 0;
		};
/* End PBXFrameworksBuildPhase section */

/* Begin PBXGroup section */
		080E96DDFE201D6D7F000001 /* Classes */ = {
			isa = PBXGroup;
			children = (
				1D3623240D0F684500981E51 /* KATG_comAppDelegate.h */,
				1D3623250D0F684500981E51 /* KATG_comAppDelegate.m */,
				8B4E1BD410DC808E005D8BA9 /* Models */,
				8BB7F8BE10D5993900719438 /* Views */,
				8BB7F8BD10D5992E00719438 /* Controllers */,
			);
			path = Classes;
			sourceTree = "<group>";
		};
		19C28FACFE9D520D11CA2CBB /* Products */ = {
			isa = PBXGroup;
			children = (
				1D6058910D05DD3D006BFB54 /* KATG.com.app */,
			);
			name = Products;
			sourceTree = "<group>";
		};
		29B97314FDCFA39411CA2CEA /* KATG.com */ = {
			isa = PBXGroup;
			children = (
				8BDC7F7710D9A8DD00A0F6AA /* Documents */,
				080E96DDFE201D6D7F000001 /* Classes */,
				8BB7FA3810D5C0EC00719438 /* Utility Classes */,
				29B97315FDCFA39411CA2CEA /* Other Sources */,
				29B97317FDCFA39411CA2CEA /* Resources */,
				29B97323FDCFA39411CA2CEA /* Frameworks */,
				19C28FACFE9D520D11CA2CBB /* Products */,
			);
			name = KATG.com;
			sourceTree = "<group>";
		};
		29B97315FDCFA39411CA2CEA /* Other Sources */ = {
			isa = PBXGroup;
			children = (
				28A0AB4B0D9B1048005BE974 /* KATG_com_Prefix.pch */,
				29B97316FDCFA39411CA2CEA /* main.m */,
			);
			name = "Other Sources";
			sourceTree = "<group>";
		};
		29B97317FDCFA39411CA2CEA /* Resources */ = {
			isa = PBXGroup;
			children = (
				8B71ECE910D8423000A35983 /* Default.png */,
				8B71ECEA10D8423000A35983 /* Icon.png */,
				8B71ECEB10D8423000A35983 /* iTunesArtwork */,
				8D1107310486CEB800E47090 /* KATG_com-Info.plist */,
				8BED700A10D9F952003B07F6 /* Entitlements.plist */,
				8B53F08210DB01950038B87B /* Settings.bundle */,
				8BB7F8DE10D59DED00719438 /* Images */,
				8B4E212B10DCE7AB005D8BA9 /* Sounds */,
			);
			name = Resources;
			sourceTree = "<group>";
		};
		29B97323FDCFA39411CA2CEA /* Frameworks */ = {
			isa = PBXGroup;
			children = (
				1DF5F4DF0D08C38300B7A737 /* UIKit.framework */,
				1D30AB110D05D00D00671497 /* Foundation.framework */,
				288765070DF74369002DB57D /* CoreGraphics.framework */,
				8BBBC83E10D8BFA600A780FC /* AudioToolbox.framework */,
				8BBBC84210D8BFB500A780FC /* QuartzCore.framework */,
				8BDC7E3F10D8C06D00A0F6AA /* CFNetwork.framework */,
				8BDC7E5C10D8C58E00A0F6AA /* MediaPlayer.framework */,
				8B53EFF010DAF8850038B87B /* SystemConfiguration.framework */,
			);
			name = Frameworks;
			sourceTree = "<group>";
		};
		8B45FEE710E9F69B00F2F3E7 /* Links */ = {
			isa = PBXGroup;
			children = (
				8B45FEE910E9F6CE00F2F3E7 /* LinksViewController.h */,
				8B45FEEA10E9F6CE00F2F3E7 /* LinksViewController.m */,
			);
			name = Links;
			sourceTree = "<group>";
		};
		8B45FEEE10E9F6DF00F2F3E7 /* Links */ = {
			isa = PBXGroup;
			children = (
				8B45FEEB10E9F6CE00F2F3E7 /* LinksView.xib */,
			);
			name = Links;
			sourceTree = "<group>";
		};
		8B4E1BD410DC808E005D8BA9 /* Models */ = {
			isa = PBXGroup;
			children = (
				8B4E1C2510DC91E9005D8BA9 /* SynthesizeSingleton.h */,
				8B4E20B610DCDF00005D8BA9 /* Events */,
				8B4E1BEF10DC8CCA005D8BA9 /* Past Shows */,
				8B4E258910DDE35E005D8BA9 /* Twitter */,
			);
			name = Models;
			sourceTree = "<group>";
		};
		8B4E1BEF10DC8CCA005D8BA9 /* Past Shows */ = {
			isa = PBXGroup;
			children = (
				8BEF28A210EC0270000DF638 /* AbstractDataModel.h */,
				8BEF28A310EC0270000DF638 /* AbstractDataModel.m */,
				8BEF289910EB332E000DF638 /* Past Shows */,
				8BEF289A10EB3340000DF638 /* Past Show */,
				8BEF289B10EB3359000DF638 /* Past Show Pics */,
			);
			name = "Past Shows";
			sourceTree = "<group>";
		};
		8B4E1F9C10DCC4B8005D8BA9 /* OnAir */ = {
			isa = PBXGroup;
			children = (
				8BB7F8C110D5996E00719438 /* OnAirView.xib */,
			);
			name = OnAir;
			sourceTree = "<group>";
		};
		8B4E1F9D10DCC4C3005D8BA9 /* Events */ = {
			isa = PBXGroup;
			children = (
				8BDC7E9A10D9990300A0F6AA /* EventTableView.xib */,
				8BDC7E9D10D9995500A0F6AA /* EventTableCellView.xib */,
				8BDC7F2810D9A3E200A0F6AA /* EventDetailView.xib */,
			);
			name = Events;
			sourceTree = "<group>";
		};
		8B4E1F9E10DCC4E7005D8BA9 /* Past Shows */ = {
			isa = PBXGroup;
			children = (
				8B53EDC710DAC4610038B87B /* PastShowsTableView.xib */,
				8B53EF2810DADCEC0038B87B /* PastShowsTableCellView.xib */,
				8B53F0AF10DB03740038B87B /* PastShowsDetailView.xib */,
				8B8AC2E910F4588400E51DFF /* HiResImageView.xib */,
				8B8AC2EE10F458CB00E51DFF /* TapDetectingImageView.h */,
				8B8AC2EF10F458CB00E51DFF /* TapDetectingImageView.m */,
			);
			name = "Past Shows";
			sourceTree = "<group>";
		};
		8B4E20B610DCDF00005D8BA9 /* Events */ = {
			isa = PBXGroup;
			children = (
				8B4E20B710DCDF20005D8BA9 /* EventsDataModel.h */,
				8B4E20B810DCDF20005D8BA9 /* EventsDataModel.m */,
				8B4E258B10DDE397005D8BA9 /* Categories */,
			);
			name = Events;
			sourceTree = "<group>";
		};
		8B4E212B10DCE7AB005D8BA9 /* Sounds */ = {
			isa = PBXGroup;
			children = (
				8B4E212C10DCE7D6005D8BA9 /* bloop.caf */,
				8B4E212D10DCE7D6005D8BA9 /* brumski.caf */,
				8B4E212E10DCE7D6005D8BA9 /* haha.caf */,
				8B4E212F10DCE7D6005D8BA9 /* keithandthegirl.com.caf */,
				8B4E213010DCE7D6005D8BA9 /* phen.caf */,
			);
			name = Sounds;
			sourceTree = "<group>";
		};
		8B4E255D10DDDE99005D8BA9 /* Categories */ = {
			isa = PBXGroup;
			children = (
				8B4E255810DDDE59005D8BA9 /* OnAirViewControllerCategories.h */,
				8B8ABE8810F2F39100E51DFF /* OnAirViewController+SetupCleanup.h */,
				8B8ABE8910F2F39100E51DFF /* OnAirViewController+SetupCleanup.m */,
				8BB7F8EA10D5A08400719438 /* OnAirViewController+Feedback.h */,
				8BB7F8EB10D5A08400719438 /* OnAirViewController+Feedback.m */,
				8BB7F9DF10D5B78000719438 /* OnAirViewController+FeedStatus.h */,
				8BB7F9E010D5B78000719438 /* OnAirViewController+FeedStatus.m */,
				8BBBC51710D8975500A780FC /* OnAirViewController+NextShowTime.h */,
				8BBBC51810D8975500A780FC /* OnAirViewController+NextShowTime.m */,
				8BBBC80510D8BB3800A780FC /* OnAirViewController+AudioStreamer.h */,
				8BBBC80610D8BB3800A780FC /* OnAirViewController+AudioStreamer.m */,
				8B4E1BAD10DC645E005D8BA9 /* OnAirViewController+Reachability.h */,
				8B4E1BAE10DC645E005D8BA9 /* OnAirViewController+Reachability.m */,
				8B53ED8210DABE230038B87B /* OnAirViewController+Buttons.h */,
				8B53ED8310DABE230038B87B /* OnAirViewController+Buttons.m */,
				8B53ED8510DABF2D0038B87B /* OnAirViewController+IO.h */,
				8B53ED8610DABF2D0038B87B /* OnAirViewController+IO.m */,
			);
			name = Categories;
			sourceTree = "<group>";
		};
		8B4E258910DDE35E005D8BA9 /* Twitter */ = {
			isa = PBXGroup;
			children = (
				8B4E258C10DDE3B6005D8BA9 /* TwitterDataModel.h */,
				8B4E258D10DDE3B6005D8BA9 /* TwitterDataModel.m */,
			);
			name = Twitter;
			sourceTree = "<group>";
		};
		8B4E258B10DDE397005D8BA9 /* Categories */ = {
			isa = PBXGroup;
			children = (
				8B4E210910DCE4B7005D8BA9 /* EventsDataModel+PrivateMethods.h */,
				8B4E210A10DCE4B7005D8BA9 /* EventsDataModel+PrivateMethods.m */,
				8B4E218A10DD80D7005D8BA9 /* EventsDataModel+Reachability.h */,
				8B4E218B10DD80D7005D8BA9 /* EventsDataModel+Reachability.m */,
				8B4E21AC10DD823D005D8BA9 /* EventsDataModel+Operations.h */,
				8B4E21AD10DD823D005D8BA9 /* EventsDataModel+Operations.m */,
			);
			name = Categories;
			sourceTree = "<group>";
		};
		8B4E259C10DDE8C1005D8BA9 /* Twitter */ = {
			isa = PBXGroup;
			children = (
				8B4E259F10DDE8E6005D8BA9 /* TwitterTableView.xib */,
			);
			name = Twitter;
			sourceTree = "<group>";
		};
		8B4E25A210DDE8F4005D8BA9 /* Twitter */ = {
			isa = PBXGroup;
			children = (
				8B4E259D10DDE8E6005D8BA9 /* TwitterTableViewController.h */,
				8B4E259E10DDE8E6005D8BA9 /* TwitterTableViewController.m */,
				8B4E25A510DDE9B8005D8BA9 /* TwitterTableCellView.h */,
				8B4E25A610DDE9B8005D8BA9 /* TwitterTableCellView.m */,
			);
			name = Twitter;
			sourceTree = "<group>";
		};
		8B53ED9C10DAC09C0038B87B /* Past Shows */ = {
			isa = PBXGroup;
			children = (
				8B53EDC510DAC4610038B87B /* PastShowsTableViewController.h */,
				8B53EDC610DAC4610038B87B /* PastShowsTableViewController.m */,
				8B53EF2510DADBD80038B87B /* PastShowsTableCellView.h */,
				8B53EF2610DADBD80038B87B /* PastShowsTableCellView.m */,
				8B53F0AD10DB03740038B87B /* PastShowsDetailViewController.h */,
				8B53F0AE10DB03740038B87B /* PastShowsDetailViewController.m */,
				8B8ABE6A10F2ECE600E51DFF /* DetailCategories */,
				8BEF293D10EC2039000DF638 /* ImagePageViewController.h */,
				8BEF293E10EC2039000DF638 /* ImagePageViewController.m */,
				8B8AC2EA10F4588400E51DFF /* HiResImageViewController.h */,
				8B8AC2EB10F4588400E51DFF /* HiResImageViewController.m */,
			);
			name = "Past Shows";
			sourceTree = "<group>";
		};
		8B53EF5C10DADFCF0038B87B /* PastShows */ = {
			isa = PBXGroup;
			children = (
				8B8ABC9E10F2BF8900E51DFF /* GreenBox.png */,
				8BEF28B710EC10F4000DF638 /* Loading.png */,
				8BEF28B810EC10F4000DF638 /* NoConnection.png */,
				8B53EF7510DAE4670038B87B /* notes.png */,
				8B53EF6610DAE0C10038B87B /* pics.png */,
				8B53EF5D10DAE01B0038B87B /* katgtv.png */,
			);
			name = PastShows;
			sourceTree = "<group>";
		};
		8B8ABE6A10F2ECE600E51DFF /* DetailCategories */ = {
			isa = PBXGroup;
			children = (
				8B8ABB1D10F2A21600E51DFF /* PastShowsDetailViewController+Playback.h */,
				8B8ABB1E10F2A21600E51DFF /* PastShowsDetailViewController+Playback.m */,
				8B8ABCE710F2C70400E51DFF /* PastShowsDetailViewController+ScrollView.h */,
				8B8ABCE810F2C70400E51DFF /* PastShowsDetailViewController+ScrollView.m */,
				8B8AC36610F5263900E51DFF /* PastShowsDetailViewController+HiResImageView.h */,
				8B8AC36710F5263900E51DFF /* PastShowsDetailViewController+HiResImageView.m */,
			);
			name = DetailCategories;
			sourceTree = "<group>";
		};
		8BB7F8BD10D5992E00719438 /* Controllers */ = {
			isa = PBXGroup;
			children = (
				8BB7F97510D5A89100719438 /* OnAir */,
				8BDC7E6A10D9965F00A0F6AA /* Events */,
				8B53ED9C10DAC09C0038B87B /* Past Shows */,
				8B4E25A210DDE8F4005D8BA9 /* Twitter */,
				8B45FEE710E9F69B00F2F3E7 /* Links */,
				8BDC814710D9CB3300A0F6AA /* ModalWebViewController.h */,
				8BDC814810D9CB3300A0F6AA /* ModalWebViewController.m */,
			);
			name = Controllers;
			sourceTree = "<group>";
		};
		8BB7F8BE10D5993900719438 /* Views */ = {
			isa = PBXGroup;
			children = (
				28AD73870D9D96C1002E5188 /* MainWindow.xib */,
				8B4E1F9C10DCC4B8005D8BA9 /* OnAir */,
				8B4E1F9D10DCC4C3005D8BA9 /* Events */,
				8B4E1F9E10DCC4E7005D8BA9 /* Past Shows */,
				8B4E259C10DDE8C1005D8BA9 /* Twitter */,
				8B45FEEE10E9F6DF00F2F3E7 /* Links */,
				8BDC814910D9CB3300A0F6AA /* ModalWebView.xib */,
			);
			name = Views;
			sourceTree = "<group>";
		};
		8BB7F8DE10D59DED00719438 /* Images */ = {
			isa = PBXGroup;
			children = (
				8BBBC7F210D8B96E00A780FC /* Tab Images */,
				8BB7F8DF10D59DFF00719438 /* OnAir */,
				8BDC7EC310D99D0500A0F6AA /* Events */,
				8B53EF5C10DADFCF0038B87B /* PastShows */,
			);
			name = Images;
			sourceTree = "<group>";
		};
		8BB7F8DF10D59DFF00719438 /* OnAir */ = {
			isa = PBXGroup;
			children = (
				8BB7F8E010D59E1700719438 /* BG.png */,
				8B53ED0310DA16A80038B87B /* phone.png */,
				8BBBC7FA10D8B9CB00A780FC /* FeedButton */,
				8BBBC7FB10D8B9D300A780FC /* PlayButton */,
				8BDC7E5010D8C3B800A0F6AA /* VolumeSlider */,
			);
			name = OnAir;
			sourceTree = "<group>";
		};
		8BB7F97510D5A89100719438 /* OnAir */ = {
			isa = PBXGroup;
			children = (
				8BB7F8BF10D5996E00719438 /* OnAirViewController.h */,
				8BB7F8C010D5996E00719438 /* OnAirViewController.m */,
				8B4E255D10DDDE99005D8BA9 /* Categories */,
			);
			name = OnAir;
			sourceTree = "<group>";
		};
		8BB7FA3810D5C0EC00719438 /* Utility Classes */ = {
			isa = PBXGroup;
			children = (
				8BB7FA3910D5C0FE00719438 /* Parser */,
				8B4E169F10DB08CC005D8BA9 /* Reachability.h */,
				8B4E16A010DB08CC005D8BA9 /* Reachability.m */,
				8BBBC80210D8BB0900A780FC /* AudioStreamer.h */,
				8BBBC80310D8BB0900A780FC /* AudioStreamer.m */,
				8BB7F97610D5A8A600719438 /* Feedback.h */,
				8BB7F97710D5A8A600719438 /* Feedback.m */,
				8BB7FB1F10D5CEF400719438 /* EventOperation.h */,
				8BB7FB2010D5CEF400719438 /* EventOperation.m */,
				8B4E223F10DD8C1D005D8BA9 /* NSDictionary+EventSorting.h */,
				8B4E224010DD8C1D005D8BA9 /* NSDictionary+EventSorting.m */,
				8B8ABB2D10F2A3D300E51DFF /* ImageAdditions.h */,
				8B8ABB2E10F2A3D300E51DFF /* ImageAdditions.m */,
			);
			name = "Utility Classes";
			path = Classes;
			sourceTree = "<group>";
		};
		8BB7FA3910D5C0FE00719438 /* Parser */ = {
			isa = PBXGroup;
			children = (
				8BB7FA7F10D5C1D500719438 /* GrabXMLFeed.h */,
				8BB7FA8010D5C1D500719438 /* GrabXMLFeed.m */,
				8B53EDE010DAC9760038B87B /* GrabXMLFeed+PrivateMethods.h */,
				8B53EDE110DAC9760038B87B /* GrabXMLFeed+PrivateMethods.m */,
				8BB7FA8B10D5C38400719438 /* TouchXML */,
			);
			name = Parser;
			sourceTree = "<group>";
		};
		8BB7FA8B10D5C38400719438 /* TouchXML */ = {
			isa = PBXGroup;
			children = (
				8BB7FA4E10D5C11E00719438 /* TouchXML.h */,
				8BB7FA3A10D5C11E00719438 /* CXMLDocument_CreationExtensions.h */,
				8BB7FA3B10D5C11E00719438 /* CXMLDocument_CreationExtensions.m */,
				8BB7FA3C10D5C11E00719438 /* CXMLDocument_PrivateExtensions.h */,
				8BB7FA3D10D5C11E00719438 /* CXMLDocument_PrivateExtensions.m */,
				8BB7FA3E10D5C11E00719438 /* CXMLDocument.h */,
				8BB7FA3F10D5C11E00719438 /* CXMLDocument.m */,
				8BB7FA4010D5C11E00719438 /* CXMLElement_CreationExtensions.h */,
				8BB7FA4110D5C11E00719438 /* CXMLElement_CreationExtensions.m */,
				8BB7FA4210D5C11E00719438 /* CXMLElement_ElementTreeExtensions.h */,
				8BB7FA4310D5C11E00719438 /* CXMLElement_ElementTreeExtensions.m */,
				8BB7FA4410D5C11E00719438 /* CXMLElement.h */,
				8BB7FA4510D5C11E00719438 /* CXMLElement.m */,
				8BB7FA4610D5C11E00719438 /* CXMLNode_CreationExtensions.h */,
				8BB7FA4710D5C11E00719438 /* CXMLNode_CreationExtensions.m */,
				8BB7FA4810D5C11E00719438 /* CXMLNode_PrivateExtensions.h */,
				8BB7FA4910D5C11E00719438 /* CXMLNode_PrivateExtensions.m */,
				8BB7FA4A10D5C11E00719438 /* CXMLNode_XPathExtensions.h */,
				8BB7FA4B10D5C11E00719438 /* CXMLNode_XPathExtensions.m */,
				8BB7FA4C10D5C11E00719438 /* CXMLNode.h */,
				8BB7FA4D10D5C11E00719438 /* CXMLNode.m */,
			);
			name = TouchXML;
			sourceTree = "<group>";
		};
		8BBBC7F210D8B96E00A780FC /* Tab Images */ = {
			isa = PBXGroup;
			children = (
				8BBBC7EA10D8B92100A780FC /* onAirTab.png */,
				8BDC7EC410D99D3200A0F6AA /* calendarTab.png */,
				8B53EDCE10DAC6FC0038B87B /* pastShowsTab.png */,
				8B4E26E810DE8F0D005D8BA9 /* twitTab.png */,
			);
			name = "Tab Images";
			sourceTree = "<group>";
		};
		8BBBC7FA10D8B9CB00A780FC /* FeedButton */ = {
			isa = PBXGroup;
			children = (
				8BB7F92B10D5A33700719438 /* feedButtonNormal.png */,
				8BB7F92C10D5A33700719438 /* feedButtonHighlighted.png */,
			);
			name = FeedButton;
			sourceTree = "<group>";
		};
		8BBBC7FB10D8B9D300A780FC /* PlayButton */ = {
			isa = PBXGroup;
			children = (
				8BBBC7ED10D8B95E00A780FC /* playButton.png */,
				8BBBC7EC10D8B95E00A780FC /* loadButton.png */,
				8BBBC7EE10D8B95E00A780FC /* stopButton.png */,
			);
			name = PlayButton;
			sourceTree = "<group>";
		};
		8BDC7E5010D8C3B800A0F6AA /* VolumeSlider */ = {
			isa = PBXGroup;
			children = (
				8BDC7E5110D8C3D700A0F6AA /* leftslide.png */,
				8BDC7E5210D8C3D700A0F6AA /* rightslide.png */,
			);
			name = VolumeSlider;
			sourceTree = "<group>";
		};
		8BDC7E6A10D9965F00A0F6AA /* Events */ = {
			isa = PBXGroup;
			children = (
				8BDC7E9810D9990300A0F6AA /* EventTableViewController.h */,
				8BDC7E9910D9990300A0F6AA /* EventTableViewController.m */,
				8BDC7EB610D99ADF00A0F6AA /* EventTableCellView.h */,
				8BDC7EB710D99ADF00A0F6AA /* EventTableCellView.m */,
				8BDC7F2610D9A3E200A0F6AA /* EventDetailViewController.h */,
				8BDC7F2710D9A3E200A0F6AA /* EventDetailViewController.m */,
			);
			name = Events;
			sourceTree = "<group>";
		};
		8BDC7EC310D99D0500A0F6AA /* Events */ = {
			isa = PBXGroup;
			children = (
				8BDC7EC510D99D3200A0F6AA /* EventIconTrans.png */,
				8BDC7EC610D99D3200A0F6AA /* LiveShowIconTrans.png */,
				8BDC7EEB10D9A0B200A0F6AA /* CellBackground80.png */,
				8BDC7EFC10D9A22100A0F6AA /* CellBackgroundDark80.png */,
				8BDC7EEC10D9A0B200A0F6AA /* CellBackgroundSelected80.png */,
				8BDC81F810D9DB1000A0F6AA /* BGEvent.png */,
				8BDC81FE10D9DB5C00A0F6AA /* TextView.png */,
			);
			name = Events;
			sourceTree = "<group>";
		};
		8BDC7F7710D9A8DD00A0F6AA /* Documents */ = {
			isa = PBXGroup;
			children = (
				8BDC7F7810D9A8ED00A0F6AA /* Apache2.0.txt */,
			);
			name = Documents;
			sourceTree = "<group>";
		};
		8BEF289910EB332E000DF638 /* Past Shows */ = {
			isa = PBXGroup;
			children = (
				8B4E1BD510DC80A1005D8BA9 /* PastShowsDataModel.h */,
				8B4E1BD610DC80A1005D8BA9 /* PastShowsDataModel.m */,
				8B4E1BD810DC8285005D8BA9 /* PastShowsDataModel+PrivateMethods.h */,
				8B4E1BD910DC8285005D8BA9 /* PastShowsDataModel+PrivateMethods.m */,
			);
			name = "Past Shows";
			sourceTree = "<group>";
		};
		8BEF289A10EB3340000DF638 /* Past Show */ = {
			isa = PBXGroup;
			children = (
				8B4E1FA110DCC75D005D8BA9 /* PastShowDataModel.h */,
				8B4E1FA210DCC75D005D8BA9 /* PastShowDataModel.m */,
				8B4E1FA410DCC947005D8BA9 /* PastShowDataModel+PrivateMethods.h */,
				8B4E1FA510DCC947005D8BA9 /* PastShowDataModel+PrivateMethods.m */,
			);
			name = "Past Show";
			sourceTree = "<group>";
		};
		8BEF289B10EB3359000DF638 /* Past Show Pics */ = {
			isa = PBXGroup;
			children = (
				8BEF287210EA082D000DF638 /* PastShowPicsDataModel.h */,
				8BEF287310EA082D000DF638 /* PastShowPicsDataModel.m */,
				8BEF287D10EA0AE0000DF638 /* PastShowPicsDataModel+PrivateMethods.h */,
				8BEF287E10EA0AE0000DF638 /* PastShowPicsDataModel+PrivateMethods.m */,
				8B8AC1BA10F411F800E51DFF /* PastShowPicsDataModel+Thumbs.h */,
				8B8AC1BB10F411F800E51DFF /* PastShowPicsDataModel+Thumbs.m */,
				8B251B0310F56CED004253DE /* PastShowPicsDataModel+HiRes.h */,
				8B251B0410F56CED004253DE /* PastShowPicsDataModel+HiRes.m */,
			);
			name = "Past Show Pics";
			sourceTree = "<group>";
		};
/* End PBXGroup section */

/* Begin PBXNativeTarget section */
		1D6058900D05DD3D006BFB54 /* KATG.com */ = {
			isa = PBXNativeTarget;
			buildConfigurationList = 1D6058960D05DD3E006BFB54 /* Build configuration list for PBXNativeTarget "KATG.com" */;
			buildPhases = (
				1D60588D0D05DD3D006BFB54 /* Resources */,
				1D60588E0D05DD3D006BFB54 /* Sources */,
				1D60588F0D05DD3D006BFB54 /* Frameworks */,
			);
			buildRules = (
			);
			dependencies = (
			);
			name = KATG.com;
			productName = KATG.com;
			productReference = 1D6058910D05DD3D006BFB54 /* KATG.com.app */;
			productType = "com.apple.product-type.application";
		};
/* End PBXNativeTarget section */

/* Begin PBXProject section */
		29B97313FDCFA39411CA2CEA /* Project object */ = {
			isa = PBXProject;
			attributes = {
				ORGANIZATIONNAME = "Paper Software";
			};
			buildConfigurationList = C01FCF4E08A954540054247B /* Build configuration list for PBXProject "KATG.com" */;
			compatibilityVersion = "Xcode 3.1";
			hasScannedForEncodings = 1;
			mainGroup = 29B97314FDCFA39411CA2CEA /* KATG.com */;
			projectDirPath = "";
			projectRoot = "";
			targets = (
				1D6058900D05DD3D006BFB54 /* KATG.com */,
			);
		};
/* End PBXProject section */

/* Begin PBXResourcesBuildPhase section */
		1D60588D0D05DD3D006BFB54 /* Resources */ = {
			isa = PBXResourcesBuildPhase;
			buildActionMask = 2147483647;
			files = (
				28AD73880D9D96C1002E5188 /* MainWindow.xib in Resources */,
				8BB7F8C310D5996E00719438 /* OnAirView.xib in Resources */,
				8BB7F8E110D59E1700719438 /* BG.png in Resources */,
				8BB7F92D10D5A33700719438 /* feedButtonNormal.png in Resources */,
				8BB7F92E10D5A33700719438 /* feedButtonHighlighted.png in Resources */,
				8B71ECEC10D8423000A35983 /* Default.png in Resources */,
				8B71ECED10D8423000A35983 /* Icon.png in Resources */,
				8B71ECEE10D8423000A35983 /* iTunesArtwork in Resources */,
				8BBBC7EB10D8B92100A780FC /* onAirTab.png in Resources */,
				8BBBC7EF10D8B95E00A780FC /* loadButton.png in Resources */,
				8BBBC7F010D8B95E00A780FC /* playButton.png in Resources */,
				8BBBC7F110D8B95E00A780FC /* stopButton.png in Resources */,
				8BDC7E5310D8C3D700A0F6AA /* leftslide.png in Resources */,
				8BDC7E5410D8C3D700A0F6AA /* rightslide.png in Resources */,
				8BDC7E9C10D9990300A0F6AA /* EventTableView.xib in Resources */,
				8BDC7E9E10D9995500A0F6AA /* EventTableCellView.xib in Resources */,
				8BDC7EC710D99D3200A0F6AA /* calendarTab.png in Resources */,
				8BDC7EC810D99D3200A0F6AA /* EventIconTrans.png in Resources */,
				8BDC7EC910D99D3200A0F6AA /* LiveShowIconTrans.png in Resources */,
				8BDC7EED10D9A0B200A0F6AA /* CellBackground80.png in Resources */,
				8BDC7EEE10D9A0B200A0F6AA /* CellBackgroundSelected80.png in Resources */,
				8BDC7EFD10D9A22100A0F6AA /* CellBackgroundDark80.png in Resources */,
				8BDC7F2A10D9A3E200A0F6AA /* EventDetailView.xib in Resources */,
				8BDC7F7910D9A8ED00A0F6AA /* Apache2.0.txt in Resources */,
				8BDC814B10D9CB3300A0F6AA /* ModalWebView.xib in Resources */,
				8BDC81F910D9DB1000A0F6AA /* BGEvent.png in Resources */,
				8BDC81FF10D9DB5C00A0F6AA /* TextView.png in Resources */,
				8BED700B10D9F952003B07F6 /* Entitlements.plist in Resources */,
				8B53ED0410DA16A80038B87B /* phone.png in Resources */,
				8B53EDC910DAC4610038B87B /* PastShowsTableView.xib in Resources */,
				8B53EDCF10DAC6FC0038B87B /* pastShowsTab.png in Resources */,
				8B53EF2910DADCEC0038B87B /* PastShowsTableCellView.xib in Resources */,
				8B53EF5E10DAE01B0038B87B /* katgtv.png in Resources */,
				8B53EF6710DAE0C10038B87B /* pics.png in Resources */,
				8B53EF7610DAE4670038B87B /* notes.png in Resources */,
				8B53F08310DB01950038B87B /* Settings.bundle in Resources */,
				8B53F0B110DB03740038B87B /* PastShowsDetailView.xib in Resources */,
				8B4E213110DCE7D6005D8BA9 /* bloop.caf in Resources */,
				8B4E213210DCE7D6005D8BA9 /* brumski.caf in Resources */,
				8B4E213310DCE7D6005D8BA9 /* haha.caf in Resources */,
				8B4E213410DCE7D6005D8BA9 /* keithandthegirl.com.caf in Resources */,
				8B4E213510DCE7D6005D8BA9 /* phen.caf in Resources */,
				8B4E25A110DDE8E6005D8BA9 /* TwitterTableView.xib in Resources */,
				8B4E26E910DE8F0D005D8BA9 /* twitTab.png in Resources */,
				8B45FEED10E9F6CE00F2F3E7 /* LinksView.xib in Resources */,
				8BEF28B910EC10F4000DF638 /* Loading.png in Resources */,
				8BEF28BA10EC10F4000DF638 /* NoConnection.png in Resources */,
				8B8ABC9F10F2BF8900E51DFF /* GreenBox.png in Resources */,
				8B8AC2EC10F4588400E51DFF /* HiResImageView.xib in Resources */,
			);
			runOnlyForDeploymentPostprocessing = 0;
		};
/* End PBXResourcesBuildPhase section */

/* Begin PBXSourcesBuildPhase section */
		1D60588E0D05DD3D006BFB54 /* Sources */ = {
			isa = PBXSourcesBuildPhase;
			buildActionMask = 2147483647;
			files = (
				1D60589B0D05DD56006BFB54 /* main.m in Sources */,
				1D3623260D0F684500981E51 /* KATG_comAppDelegate.m in Sources */,
				8BB7F8C210D5996E00719438 /* OnAirViewController.m in Sources */,
				8BB7F8EC10D5A08400719438 /* OnAirViewController+Feedback.m in Sources */,
				8BB7F97810D5A8A600719438 /* Feedback.m in Sources */,
				8BB7F9E110D5B78000719438 /* OnAirViewController+FeedStatus.m in Sources */,
				8BB7FA4F10D5C11E00719438 /* CXMLDocument_CreationExtensions.m in Sources */,
				8BB7FA5010D5C11E00719438 /* CXMLDocument_PrivateExtensions.m in Sources */,
				8BB7FA5110D5C11E00719438 /* CXMLDocument.m in Sources */,
				8BB7FA5210D5C11E00719438 /* CXMLElement_CreationExtensions.m in Sources */,
				8BB7FA5310D5C11E00719438 /* CXMLElement_ElementTreeExtensions.m in Sources */,
				8BB7FA5410D5C11E00719438 /* CXMLElement.m in Sources */,
				8BB7FA5510D5C11E00719438 /* CXMLNode_CreationExtensions.m in Sources */,
				8BB7FA5610D5C11E00719438 /* CXMLNode_PrivateExtensions.m in Sources */,
				8BB7FA5710D5C11E00719438 /* CXMLNode_XPathExtensions.m in Sources */,
				8BB7FA5810D5C11E00719438 /* CXMLNode.m in Sources */,
				8BB7FA8110D5C1D500719438 /* GrabXMLFeed.m in Sources */,
				8BB7FB2110D5CEF400719438 /* EventOperation.m in Sources */,
				8BBBC51910D8975500A780FC /* OnAirViewController+NextShowTime.m in Sources */,
				8BBBC80410D8BB0900A780FC /* AudioStreamer.m in Sources */,
				8BBBC80710D8BB3800A780FC /* OnAirViewController+AudioStreamer.m in Sources */,
				8BDC7E9B10D9990300A0F6AA /* EventTableViewController.m in Sources */,
				8BDC7EB810D99ADF00A0F6AA /* EventTableCellView.m in Sources */,
				8BDC7F2910D9A3E200A0F6AA /* EventDetailViewController.m in Sources */,
				8BDC814A10D9CB3300A0F6AA /* ModalWebViewController.m in Sources */,
				8B53ED8410DABE230038B87B /* OnAirViewController+Buttons.m in Sources */,
				8B53ED8710DABF2D0038B87B /* OnAirViewController+IO.m in Sources */,
				8B53EDC810DAC4610038B87B /* PastShowsTableViewController.m in Sources */,
				8B53EDE210DAC9760038B87B /* GrabXMLFeed+PrivateMethods.m in Sources */,
				8B53EF2710DADBD80038B87B /* PastShowsTableCellView.m in Sources */,
				8B53F0B010DB03740038B87B /* PastShowsDetailViewController.m in Sources */,
				8B4E16A110DB08CC005D8BA9 /* Reachability.m in Sources */,
				8B4E1BAF10DC645E005D8BA9 /* OnAirViewController+Reachability.m in Sources */,
				8B4E1BD710DC80A1005D8BA9 /* PastShowsDataModel.m in Sources */,
				8B4E1BDA10DC8285005D8BA9 /* PastShowsDataModel+PrivateMethods.m in Sources */,
				8B4E1FA310DCC75D005D8BA9 /* PastShowDataModel.m in Sources */,
				8B4E1FA610DCC947005D8BA9 /* PastShowDataModel+PrivateMethods.m in Sources */,
				8B4E20B910DCDF20005D8BA9 /* EventsDataModel.m in Sources */,
				8B4E210B10DCE4B7005D8BA9 /* EventsDataModel+PrivateMethods.m in Sources */,
				8B4E218C10DD80D7005D8BA9 /* EventsDataModel+Reachability.m in Sources */,
				8B4E21AE10DD823D005D8BA9 /* EventsDataModel+Operations.m in Sources */,
				8B4E224110DD8C1D005D8BA9 /* NSDictionary+EventSorting.m in Sources */,
				8B4E258E10DDE3B6005D8BA9 /* TwitterDataModel.m in Sources */,
				8B4E25A010DDE8E6005D8BA9 /* TwitterTableViewController.m in Sources */,
				8B4E25A710DDE9B8005D8BA9 /* TwitterTableCellView.m in Sources */,
				8B45FEEC10E9F6CE00F2F3E7 /* LinksViewController.m in Sources */,
				8BEF287410EA082D000DF638 /* PastShowPicsDataModel.m in Sources */,
				8BEF287F10EA0AE0000DF638 /* PastShowPicsDataModel+PrivateMethods.m in Sources */,
				8BEF28A410EC0270000DF638 /* AbstractDataModel.m in Sources */,
				8BEF293F10EC2039000DF638 /* ImagePageViewController.m in Sources */,
				8B8ABB1F10F2A21600E51DFF /* PastShowsDetailViewController+Playback.m in Sources */,
				8B8ABB2F10F2A3D300E51DFF /* ImageAdditions.m in Sources */,
				8B8ABCE910F2C70400E51DFF /* PastShowsDetailViewController+ScrollView.m in Sources */,
				8B8ABE8A10F2F39100E51DFF /* OnAirViewController+SetupCleanup.m in Sources */,
				8B8AC1BC10F411F800E51DFF /* PastShowPicsDataModel+Thumbs.m in Sources */,
				8B8AC2ED10F4588400E51DFF /* HiResImageViewController.m in Sources */,
				8B8AC2F010F458CB00E51DFF /* TapDetectingImageView.m in Sources */,
				8B8AC36810F5263900E51DFF /* PastShowsDetailViewController+HiResImageView.m in Sources */,
				8B251B0510F56CED004253DE /* PastShowPicsDataModel+HiRes.m in Sources */,
			);
			runOnlyForDeploymentPostprocessing = 0;
		};
/* End PBXSourcesBuildPhase section */

/* Begin XCBuildConfiguration section */
		1D6058940D05DD3E006BFB54 /* Debug */ = {
			isa = XCBuildConfiguration;
			buildSettings = {
				ALWAYS_SEARCH_USER_PATHS = NO;
				COPY_PHASE_STRIP = NO;
				GCC_DYNAMIC_NO_PIC = NO;
				GCC_OPTIMIZATION_LEVEL = 0;
				GCC_PRECOMPILE_PREFIX_HEADER = YES;
				GCC_PREFIX_HEADER = KATG_com_Prefix.pch;
				INFOPLIST_FILE = "KATG_com-Info.plist";
				PRODUCT_NAME = KATG.com;
			};
			name = Debug;
		};
		1D6058950D05DD3E006BFB54 /* Release */ = {
			isa = XCBuildConfiguration;
			buildSettings = {
				ALWAYS_SEARCH_USER_PATHS = NO;
				COPY_PHASE_STRIP = YES;
				GCC_PRECOMPILE_PREFIX_HEADER = YES;
				GCC_PREFIX_HEADER = KATG_com_Prefix.pch;
				INFOPLIST_FILE = "KATG_com-Info.plist";
				PRODUCT_NAME = KATG.com;
			};
			name = Release;
		};
		8BED6FBE10D9F452003B07F6 /* Debug Simulator */ = {
			isa = XCBuildConfiguration;
			buildSettings = {
				ARCHS = "$(ARCHS_STANDARD_32_BIT)";
				"CODE_SIGN_IDENTITY[sdk=iphoneos*]" = "iPhone Developer";
				GCC_C_LANGUAGE_STANDARD = c99;
				GCC_VERSION = com.apple.compilers.llvm.clang.1_0;
				GCC_WARN_ABOUT_RETURN_TYPE = YES;
				GCC_WARN_UNUSED_VARIABLE = YES;
				HEADER_SEARCH_PATHS = /usr/include/libxml2;
				OTHER_LDFLAGS = "-lxml2";
				PREBINDING = NO;
				SDKROOT = iphoneos3.1;
			};
			name = "Debug Simulator";
		};
		8BED6FBF10D9F452003B07F6 /* Debug Simulator */ = {
			isa = XCBuildConfiguration;
			buildSettings = {
				ALWAYS_SEARCH_USER_PATHS = NO;
				COPY_PHASE_STRIP = NO;
				GCC_DYNAMIC_NO_PIC = NO;
				GCC_OPTIMIZATION_LEVEL = 0;
				GCC_PRECOMPILE_PREFIX_HEADER = YES;
				GCC_PREFIX_HEADER = KATG_com_Prefix.pch;
				INFOPLIST_FILE = "KATG_com-Info.plist";
				PRODUCT_NAME = KATG.com;
			};
			name = "Debug Simulator";
		};
		8BED700710D9F920003B07F6 /* Distribution */ = {
			isa = XCBuildConfiguration;
			buildSettings = {
				ARCHS = "$(ARCHS_STANDARD_32_BIT)";
				CODE_SIGN_ENTITLEMENTS = Entitlements.plist;
				CODE_SIGN_IDENTITY = "iPhone Distribution: Doug Russell";
				"CODE_SIGN_IDENTITY[sdk=iphoneos*]" = "iPhone Distribution: Doug Russell";
				GCC_C_LANGUAGE_STANDARD = c99;
				GCC_WARN_ABOUT_RETURN_TYPE = YES;
				GCC_WARN_UNUSED_VARIABLE = YES;
				HEADER_SEARCH_PATHS = /usr/include/libxml2;
				OTHER_LDFLAGS = "-lxml2";
				PREBINDING = NO;
				PROVISIONING_PROFILE = "56500AAA-0BB5-4ADE-AF54-24B9DEB97520";
				"PROVISIONING_PROFILE[sdk=iphoneos*]" = "56500AAA-0BB5-4ADE-AF54-24B9DEB97520";
				SDKROOT = iphoneos3.1;
			};
			name = Distribution;
		};
		8BED700810D9F920003B07F6 /* Distribution */ = {
			isa = XCBuildConfiguration;
			buildSettings = {
				ALWAYS_SEARCH_USER_PATHS = NO;
				COPY_PHASE_STRIP = YES;
				GCC_PRECOMPILE_PREFIX_HEADER = YES;
				GCC_PREFIX_HEADER = KATG_com_Prefix.pch;
				INFOPLIST_FILE = "KATG_com-Info.plist";
				PRODUCT_NAME = KATG.com;
			};
			name = Distribution;
		};
		C01FCF4F08A954540054247B /* Debug */ = {
			isa = XCBuildConfiguration;
			buildSettings = {
				ARCHS = "$(ARCHS_STANDARD_32_BIT)";
				CODE_SIGN_IDENTITY = "iPhone Developer: Doug Russell (U77D7975SM)";
				"CODE_SIGN_IDENTITY[sdk=iphoneos*]" = "iPhone Developer: Doug Russell (U77D7975SM)";
				GCC_C_LANGUAGE_STANDARD = c99;
				GCC_WARN_ABOUT_RETURN_TYPE = YES;
				GCC_WARN_UNUSED_VARIABLE = YES;
				HEADER_SEARCH_PATHS = (
					"~/Dropbox/DEV/google-toolbox-for-mac-read-only/",
					/usr/include/libxml2,
				);
				OTHER_LDFLAGS = "-lxml2";
				PREBINDING = NO;
				PROVISIONING_PROFILE = "4F0B0D22-A371-463D-B04E-02AB04CA3201";
				"PROVISIONING_PROFILE[sdk=iphoneos*]" = "4F0B0D22-A371-463D-B04E-02AB04CA3201";
				SDKROOT = iphoneos3.1;
			};
			name = Debug;
		};
		C01FCF5008A954540054247B /* Release */ = {
			isa = XCBuildConfiguration;
			buildSettings = {
				ARCHS = "$(ARCHS_STANDARD_32_BIT)";
				"CODE_SIGN_IDENTITY[sdk=iphoneos*]" = "iPhone Developer";
				GCC_C_LANGUAGE_STANDARD = c99;
				GCC_WARN_ABOUT_RETURN_TYPE = YES;
				GCC_WARN_UNUSED_VARIABLE = YES;
				PREBINDING = NO;
				SDKROOT = iphoneos3.1;
			};
			name = Release;
		};
/* End XCBuildConfiguration section */

/* Begin XCConfigurationList section */
		1D6058960D05DD3E006BFB54 /* Build configuration list for PBXNativeTarget "KATG.com" */ = {
			isa = XCConfigurationList;
			buildConfigurations = (
				1D6058940D05DD3E006BFB54 /* Debug */,
				8BED6FBF10D9F452003B07F6 /* Debug Simulator */,
				1D6058950D05DD3E006BFB54 /* Release */,
				8BED700810D9F920003B07F6 /* Distribution */,
			);
			defaultConfigurationIsVisible = 0;
			defaultConfigurationName = Release;
		};
		C01FCF4E08A954540054247B /* Build configuration list for PBXProject "KATG.com" */ = {
			isa = XCConfigurationList;
			buildConfigurations = (
				C01FCF4F08A954540054247B /* Debug */,
				8BED6FBE10D9F452003B07F6 /* Debug Simulator */,
				C01FCF5008A954540054247B /* Release */,
				8BED700710D9F920003B07F6 /* Distribution */,
			);
			defaultConfigurationIsVisible = 0;
			defaultConfigurationName = Release;
		};
/* End XCConfigurationList section */
	};
	rootObject = 29B97313FDCFA39411CA2CEA /* Project object */;
}
