// !$*UTF8*$!
{
	archiveVersion = 1;
	classes = {
	};
	objectVersion = 45;
	objects = {

/* Begin PBXBuildFile section */
		1D3623260D0F684500981E51 /* KATG_comAppDelegate.m in Sources */ = {isa = PBXBuildFile; fileRef = 1D3623250D0F684500981E51 /* KATG_comAppDelegate.m */; };
		1D60589B0D05DD56006BFB54 /* main.m in Sources */ = {isa = PBXBuildFile; fileRef = 29B97316FDCFA39411CA2CEA /* main.m */; };
		1D60589F0D05DD5A006BFB54 /* Foundation.framework in Frameworks */ = {isa = PBXBuildFile; fileRef = 1D30AB110D05D00D00671497 /* Foundation.framework */; };
		1DF5F4E00D08C38300B7A737 /* UIKit.framework in Frameworks */ = {isa = PBXBuildFile; fileRef = 1DF5F4DF0D08C38300B7A737 /* UIKit.framework */; };
		28216C970DB411BC00E5133A /* FirstViewController.m in Sources */ = {isa = PBXBuildFile; fileRef = 28216C960DB411BC00E5133A /* FirstViewController.m */; };
		288765080DF74369002DB57D /* CoreGraphics.framework in Frameworks */ = {isa = PBXBuildFile; fileRef = 288765070DF74369002DB57D /* CoreGraphics.framework */; };
		28AD73880D9D96C1002E5188 /* MainWindow.xib in Resources */ = {isa = PBXBuildFile; fileRef = 28AD73870D9D96C1002E5188 /* MainWindow.xib */; };
		53022FA40F9431830051038E /* BG.png in Resources */ = {isa = PBXBuildFile; fileRef = 53022FA30F9431830051038E /* BG.png */; };
		53022FA70F9431980051038E /* OnAirBar.png in Resources */ = {isa = PBXBuildFile; fileRef = 53022FA60F9431980051038E /* OnAirBar.png */; };
		530230070F94412E0051038E /* MediaPlayer.framework in Frameworks */ = {isa = PBXBuildFile; fileRef = 530230060F94412E0051038E /* MediaPlayer.framework */; };
		530231440F9476CF0051038E /* Default.png in Resources */ = {isa = PBXBuildFile; fileRef = 530231430F9476CF0051038E /* Default.png */; };
		5314D2AF0F92A26A0098A81A /* TweetViewCell.xib in Resources */ = {isa = PBXBuildFile; fileRef = 5314D2AD0F92A26A0098A81A /* TweetViewCell.xib */; };
		5314D2B00F92A26A0098A81A /* TweetViewContoller.xib in Resources */ = {isa = PBXBuildFile; fileRef = 5314D2AE0F92A26A0098A81A /* TweetViewContoller.xib */; };
		5314D4550F92C54E0098A81A /* WebViewController.m in Sources */ = {isa = PBXBuildFile; fileRef = 5314D4540F92C54E0098A81A /* WebViewController.m */; };
		5314D4570F92C56E0098A81A /* WebView.xib in Resources */ = {isa = PBXBuildFile; fileRef = 5314D4560F92C56E0098A81A /* WebView.xib */; };
		532424E90F912490009C1C10 /* TweetViewCell.m in Sources */ = {isa = PBXBuildFile; fileRef = 532424E60F912490009C1C10 /* TweetViewCell.m */; };
		532424EA0F912490009C1C10 /* TweetViewController.m in Sources */ = {isa = PBXBuildFile; fileRef = 532424E80F912490009C1C10 /* TweetViewController.m */; };
		532424F10F912543009C1C10 /* SecondView.xib in Resources */ = {isa = PBXBuildFile; fileRef = 532424F00F912543009C1C10 /* SecondView.xib */; };
		532425600F9127D0009C1C10 /* CellBg.jpg in Resources */ = {isa = PBXBuildFile; fileRef = 5324255E0F9127D0009C1C10 /* CellBg.jpg */; };
		532425610F9127D0009C1C10 /* twitTab.png in Resources */ = {isa = PBXBuildFile; fileRef = 5324255F0F9127D0009C1C10 /* twitTab.png */; };
		535FE5500F89F71800F6AD75 /* SecondViewController.m in Sources */ = {isa = PBXBuildFile; fileRef = 535FE54F0F89F71800F6AD75 /* SecondViewController.m */; };
		535FE6080F89FF1700F6AD75 /* CXMLDocument.m in Sources */ = {isa = PBXBuildFile; fileRef = 535FE5F40F89FF1700F6AD75 /* CXMLDocument.m */; };
		535FE6090F89FF1700F6AD75 /* CXMLDocument_CreationExtensions.m in Sources */ = {isa = PBXBuildFile; fileRef = 535FE5F60F89FF1700F6AD75 /* CXMLDocument_CreationExtensions.m */; };
		535FE60A0F89FF1700F6AD75 /* CXMLDocument_PrivateExtensions.m in Sources */ = {isa = PBXBuildFile; fileRef = 535FE5F80F89FF1700F6AD75 /* CXMLDocument_PrivateExtensions.m */; };
		535FE60B0F89FF1700F6AD75 /* CXMLElement.m in Sources */ = {isa = PBXBuildFile; fileRef = 535FE5FA0F89FF1700F6AD75 /* CXMLElement.m */; };
		535FE60C0F89FF1700F6AD75 /* CXMLElement_CreationExtensions.m in Sources */ = {isa = PBXBuildFile; fileRef = 535FE5FC0F89FF1700F6AD75 /* CXMLElement_CreationExtensions.m */; };
		535FE60D0F89FF1700F6AD75 /* CXMLElement_ElementTreeExtensions.m in Sources */ = {isa = PBXBuildFile; fileRef = 535FE5FE0F89FF1700F6AD75 /* CXMLElement_ElementTreeExtensions.m */; };
		535FE60E0F89FF1700F6AD75 /* CXMLNode.m in Sources */ = {isa = PBXBuildFile; fileRef = 535FE6000F89FF1700F6AD75 /* CXMLNode.m */; };
		535FE60F0F89FF1700F6AD75 /* CXMLNode_CreationExtensions.m in Sources */ = {isa = PBXBuildFile; fileRef = 535FE6020F89FF1700F6AD75 /* CXMLNode_CreationExtensions.m */; };
		535FE6100F89FF1700F6AD75 /* CXMLNode_PrivateExtensions.m in Sources */ = {isa = PBXBuildFile; fileRef = 535FE6040F89FF1700F6AD75 /* CXMLNode_PrivateExtensions.m */; };
		535FE6110F89FF1700F6AD75 /* CXMLNode_XPathExtensions.m in Sources */ = {isa = PBXBuildFile; fileRef = 535FE6060F89FF1700F6AD75 /* CXMLNode_XPathExtensions.m */; };
		535FE66F0F8A046900F6AD75 /* FourthView.xib in Resources */ = {isa = PBXBuildFile; fileRef = 535FE66D0F8A046900F6AD75 /* FourthView.xib */; };
		535FE6720F8A048D00F6AD75 /* FourthViewController.m in Sources */ = {isa = PBXBuildFile; fileRef = 535FE6710F8A048D00F6AD75 /* FourthViewController.m */; };
		536AC5270F913D1500B55D50 /* calTabOld.png in Resources */ = {isa = PBXBuildFile; fileRef = 536AC5260F913D1500B55D50 /* calTabOld.png */; };
		536AC52E0F91405B00B55D50 /* ytTab.png in Resources */ = {isa = PBXBuildFile; fileRef = 536AC52D0F91405B00B55D50 /* ytTab.png */; };
		536AC5370F91428900B55D50 /* onAirTab.png in Resources */ = {isa = PBXBuildFile; fileRef = 536AC5360F91428900B55D50 /* onAirTab.png */; };
		536CD45D0F89E6240063DED2 /* AudioStreamer.m in Sources */ = {isa = PBXBuildFile; fileRef = 536CD45C0F89E6240063DED2 /* AudioStreamer.m */; };
		536CD4650F89E6650063DED2 /* icon.png in Resources */ = {isa = PBXBuildFile; fileRef = 536CD45F0F89E6650063DED2 /* icon.png */; };
		536CD4660F89E6650063DED2 /* KATG.png in Resources */ = {isa = PBXBuildFile; fileRef = 536CD4600F89E6650063DED2 /* KATG.png */; };
		536CD4670F89E6650063DED2 /* loadingButton.png in Resources */ = {isa = PBXBuildFile; fileRef = 536CD4610F89E6650063DED2 /* loadingButton.png */; };
		536CD4680F89E6650063DED2 /* playButton.png in Resources */ = {isa = PBXBuildFile; fileRef = 536CD4620F89E6650063DED2 /* playButton.png */; };
		536CD4690F89E6650063DED2 /* stopButton.png in Resources */ = {isa = PBXBuildFile; fileRef = 536CD4630F89E6650063DED2 /* stopButton.png */; };
		536CD46F0F89E68A0063DED2 /* Credits.txt in Resources */ = {isa = PBXBuildFile; fileRef = 536CD46B0F89E68A0063DED2 /* Credits.txt */; };
		536CD4700F89E68A0063DED2 /* gpl-3.0.txt in Resources */ = {isa = PBXBuildFile; fileRef = 536CD46C0F89E68A0063DED2 /* gpl-3.0.txt */; };
		536CD4710F89E68A0063DED2 /* README in Resources */ = {isa = PBXBuildFile; fileRef = 536CD46D0F89E68A0063DED2 /* README */; };
		536CD4720F89E68A0063DED2 /* ToDo in Resources */ = {isa = PBXBuildFile; fileRef = 536CD46E0F89E68A0063DED2 /* ToDo */; };
		536CD4740F89E6C30063DED2 /* AudioToolbox.framework in Frameworks */ = {isa = PBXBuildFile; fileRef = 536CD4730F89E6C30063DED2 /* AudioToolbox.framework */; };
		536CD4780F89E6F50063DED2 /* CFNetwork.framework in Frameworks */ = {isa = PBXBuildFile; fileRef = 536CD4770F89E6F50063DED2 /* CFNetwork.framework */; };
		536CD4EF0F89E73E0063DED2 /* QuartzCore.framework in Frameworks */ = {isa = PBXBuildFile; fileRef = 536CD4EE0F89E73E0063DED2 /* QuartzCore.framework */; };
		537CDA580F8FF056002F86FA /* CustomCell.m in Sources */ = {isa = PBXBuildFile; fileRef = 537CDA550F8FF056002F86FA /* CustomCell.m */; };
		537CDA590F8FF056002F86FA /* Event.m in Sources */ = {isa = PBXBuildFile; fileRef = 537CDA570F8FF056002F86FA /* Event.m */; };
		537CDB030F8FF8AD002F86FA /* otherSquare.png in Resources */ = {isa = PBXBuildFile; fileRef = 537CDB000F8FF8AD002F86FA /* otherSquare.png */; };
		5398AC4C0F8DCABE00C3984C /* Default_old2.png in Resources */ = {isa = PBXBuildFile; fileRef = 5398AC4B0F8DCABE00C3984C /* Default_old2.png */; };
		53D696930F939CFC00FDBD0C /* calTab.png in Resources */ = {isa = PBXBuildFile; fileRef = 53D696920F939CFC00FDBD0C /* calTab.png */; };
		53DAF53F0F8AFE4500D13F05 /* Entitlements.plist in Resources */ = {isa = PBXBuildFile; fileRef = 53DAF53E0F8AFE4500D13F05 /* Entitlements.plist */; };
		53DDC3460F902C5B00B8BC38 /* showSquare.png in Resources */ = {isa = PBXBuildFile; fileRef = 53DDC3450F902C5B00B8BC38 /* showSquare.png */; };
		53DDC3910F902D7A00B8BC38 /* eventSquare.png in Resources */ = {isa = PBXBuildFile; fileRef = 53DDC3900F902D7A00B8BC38 /* eventSquare.png */; };
		53E1D2770F90474F005E78EC /* DetailViewController.m in Sources */ = {isa = PBXBuildFile; fileRef = 53E1D2760F90474F005E78EC /* DetailViewController.m */; };
		53E1D2BB0F904D97005E78EC /* DetailView.xib in Resources */ = {isa = PBXBuildFile; fileRef = 53E1D2B90F904D97005E78EC /* DetailView.xib */; };
		53E8DD910F8DEEC7006A52C6 /* Default_old.png in Resources */ = {isa = PBXBuildFile; fileRef = 53E8DD900F8DEEC7006A52C6 /* Default_old.png */; };
		53E8DDE10F8E780F006A52C6 /* onAir.png in Resources */ = {isa = PBXBuildFile; fileRef = 53E8DDE00F8E780F006A52C6 /* onAir.png */; };
		53E8DE4E0F8E95C7006A52C6 /* RoadMap in Resources */ = {isa = PBXBuildFile; fileRef = 53E8DE4D0F8E95C7006A52C6 /* RoadMap */; };
/* End PBXBuildFile section */

/* Begin PBXFileReference section */
		1D30AB110D05D00D00671497 /* Foundation.framework */ = {isa = PBXFileReference; lastKnownFileType = wrapper.framework; name = Foundation.framework; path = System/Library/Frameworks/Foundation.framework; sourceTree = SDKROOT; };
		1D3623240D0F684500981E51 /* KATG_comAppDelegate.h */ = {isa = PBXFileReference; fileEncoding = 4; lastKnownFileType = sourcecode.c.h; path = KATG_comAppDelegate.h; sourceTree = "<group>"; };
		1D3623250D0F684500981E51 /* KATG_comAppDelegate.m */ = {isa = PBXFileReference; fileEncoding = 4; lastKnownFileType = sourcecode.c.objc; path = KATG_comAppDelegate.m; sourceTree = "<group>"; };
		1D6058910D05DD3D006BFB54 /* KATG.com.app */ = {isa = PBXFileReference; explicitFileType = wrapper.application; includeInIndex = 0; path = KATG.com.app; sourceTree = BUILT_PRODUCTS_DIR; };
		1DF5F4DF0D08C38300B7A737 /* UIKit.framework */ = {isa = PBXFileReference; lastKnownFileType = wrapper.framework; name = UIKit.framework; path = System/Library/Frameworks/UIKit.framework; sourceTree = SDKROOT; };
		28216C950DB411BC00E5133A /* FirstViewController.h */ = {isa = PBXFileReference; fileEncoding = 4; lastKnownFileType = sourcecode.c.h; path = FirstViewController.h; sourceTree = "<group>"; };
		28216C960DB411BC00E5133A /* FirstViewController.m */ = {isa = PBXFileReference; fileEncoding = 4; lastKnownFileType = sourcecode.c.objc; path = FirstViewController.m; sourceTree = "<group>"; };
		288765070DF74369002DB57D /* CoreGraphics.framework */ = {isa = PBXFileReference; lastKnownFileType = wrapper.framework; name = CoreGraphics.framework; path = System/Library/Frameworks/CoreGraphics.framework; sourceTree = SDKROOT; };
		28A0AB4B0D9B1048005BE974 /* KATG_com_Prefix.pch */ = {isa = PBXFileReference; fileEncoding = 4; lastKnownFileType = sourcecode.c.h; path = KATG_com_Prefix.pch; sourceTree = "<group>"; };
		28AD73870D9D96C1002E5188 /* MainWindow.xib */ = {isa = PBXFileReference; lastKnownFileType = file.xib; path = MainWindow.xib; sourceTree = "<group>"; };
		29B97316FDCFA39411CA2CEA /* main.m */ = {isa = PBXFileReference; fileEncoding = 4; lastKnownFileType = sourcecode.c.objc; path = main.m; sourceTree = "<group>"; };
		53022FA30F9431830051038E /* BG.png */ = {isa = PBXFileReference; lastKnownFileType = image.png; path = BG.png; sourceTree = "<group>"; };
		53022FA60F9431980051038E /* OnAirBar.png */ = {isa = PBXFileReference; lastKnownFileType = image.png; path = OnAirBar.png; sourceTree = "<group>"; };
		530230060F94412E0051038E /* MediaPlayer.framework */ = {isa = PBXFileReference; lastKnownFileType = wrapper.framework; name = MediaPlayer.framework; path = System/Library/Frameworks/MediaPlayer.framework; sourceTree = SDKROOT; };
		530231430F9476CF0051038E /* Default.png */ = {isa = PBXFileReference; lastKnownFileType = image.png; path = Default.png; sourceTree = "<group>"; };
		5314D2AD0F92A26A0098A81A /* TweetViewCell.xib */ = {isa = PBXFileReference; lastKnownFileType = file.xib; path = TweetViewCell.xib; sourceTree = "<group>"; };
		5314D2AE0F92A26A0098A81A /* TweetViewContoller.xib */ = {isa = PBXFileReference; lastKnownFileType = file.xib; path = TweetViewContoller.xib; sourceTree = "<group>"; };
		5314D4530F92C54E0098A81A /* WebViewController.h */ = {isa = PBXFileReference; fileEncoding = 4; lastKnownFileType = sourcecode.c.h; path = WebViewController.h; sourceTree = "<group>"; };
		5314D4540F92C54E0098A81A /* WebViewController.m */ = {isa = PBXFileReference; fileEncoding = 4; lastKnownFileType = sourcecode.c.objc; path = WebViewController.m; sourceTree = "<group>"; };
		5314D4560F92C56E0098A81A /* WebView.xib */ = {isa = PBXFileReference; lastKnownFileType = file.xib; path = WebView.xib; sourceTree = "<group>"; };
		532424E50F912490009C1C10 /* TweetViewCell.h */ = {isa = PBXFileReference; fileEncoding = 4; lastKnownFileType = sourcecode.c.h; path = TweetViewCell.h; sourceTree = "<group>"; };
		532424E60F912490009C1C10 /* TweetViewCell.m */ = {isa = PBXFileReference; fileEncoding = 4; lastKnownFileType = sourcecode.c.objc; path = TweetViewCell.m; sourceTree = "<group>"; };
		532424E70F912490009C1C10 /* TweetViewController.h */ = {isa = PBXFileReference; fileEncoding = 4; lastKnownFileType = sourcecode.c.h; path = TweetViewController.h; sourceTree = "<group>"; };
		532424E80F912490009C1C10 /* TweetViewController.m */ = {isa = PBXFileReference; fileEncoding = 4; lastKnownFileType = sourcecode.c.objc; path = TweetViewController.m; sourceTree = "<group>"; };
		532424F00F912543009C1C10 /* SecondView.xib */ = {isa = PBXFileReference; lastKnownFileType = file.xib; path = SecondView.xib; sourceTree = "<group>"; };
		5324255E0F9127D0009C1C10 /* CellBg.jpg */ = {isa = PBXFileReference; lastKnownFileType = image.jpeg; path = CellBg.jpg; sourceTree = "<group>"; };
		5324255F0F9127D0009C1C10 /* twitTab.png */ = {isa = PBXFileReference; lastKnownFileType = image.png; path = twitTab.png; sourceTree = "<group>"; };
		535FE54E0F89F71800F6AD75 /* SecondViewController.h */ = {isa = PBXFileReference; fileEncoding = 4; lastKnownFileType = sourcecode.c.h; path = SecondViewController.h; sourceTree = "<group>"; };
		535FE54F0F89F71800F6AD75 /* SecondViewController.m */ = {isa = PBXFileReference; fileEncoding = 4; lastKnownFileType = sourcecode.c.objc; path = SecondViewController.m; sourceTree = "<group>"; };
		535FE5F30F89FF1700F6AD75 /* CXMLDocument.h */ = {isa = PBXFileReference; fileEncoding = 4; lastKnownFileType = sourcecode.c.h; path = CXMLDocument.h; sourceTree = "<group>"; };
		535FE5F40F89FF1700F6AD75 /* CXMLDocument.m */ = {isa = PBXFileReference; fileEncoding = 4; lastKnownFileType = sourcecode.c.objc; path = CXMLDocument.m; sourceTree = "<group>"; };
		535FE5F50F89FF1700F6AD75 /* CXMLDocument_CreationExtensions.h */ = {isa = PBXFileReference; fileEncoding = 4; lastKnownFileType = sourcecode.c.h; path = CXMLDocument_CreationExtensions.h; sourceTree = "<group>"; };
		535FE5F60F89FF1700F6AD75 /* CXMLDocument_CreationExtensions.m */ = {isa = PBXFileReference; fileEncoding = 4; lastKnownFileType = sourcecode.c.objc; path = CXMLDocument_CreationExtensions.m; sourceTree = "<group>"; };
		535FE5F70F89FF1700F6AD75 /* CXMLDocument_PrivateExtensions.h */ = {isa = PBXFileReference; fileEncoding = 4; lastKnownFileType = sourcecode.c.h; path = CXMLDocument_PrivateExtensions.h; sourceTree = "<group>"; };
		535FE5F80F89FF1700F6AD75 /* CXMLDocument_PrivateExtensions.m */ = {isa = PBXFileReference; fileEncoding = 4; lastKnownFileType = sourcecode.c.objc; path = CXMLDocument_PrivateExtensions.m; sourceTree = "<group>"; };
		535FE5F90F89FF1700F6AD75 /* CXMLElement.h */ = {isa = PBXFileReference; fileEncoding = 4; lastKnownFileType = sourcecode.c.h; path = CXMLElement.h; sourceTree = "<group>"; };
		535FE5FA0F89FF1700F6AD75 /* CXMLElement.m */ = {isa = PBXFileReference; fileEncoding = 4; lastKnownFileType = sourcecode.c.objc; path = CXMLElement.m; sourceTree = "<group>"; };
		535FE5FB0F89FF1700F6AD75 /* CXMLElement_CreationExtensions.h */ = {isa = PBXFileReference; fileEncoding = 4; lastKnownFileType = sourcecode.c.h; path = CXMLElement_CreationExtensions.h; sourceTree = "<group>"; };
		535FE5FC0F89FF1700F6AD75 /* CXMLElement_CreationExtensions.m */ = {isa = PBXFileReference; fileEncoding = 4; lastKnownFileType = sourcecode.c.objc; path = CXMLElement_CreationExtensions.m; sourceTree = "<group>"; };
		535FE5FD0F89FF1700F6AD75 /* CXMLElement_ElementTreeExtensions.h */ = {isa = PBXFileReference; fileEncoding = 4; lastKnownFileType = sourcecode.c.h; path = CXMLElement_ElementTreeExtensions.h; sourceTree = "<group>"; };
		535FE5FE0F89FF1700F6AD75 /* CXMLElement_ElementTreeExtensions.m */ = {isa = PBXFileReference; fileEncoding = 4; lastKnownFileType = sourcecode.c.objc; path = CXMLElement_ElementTreeExtensions.m; sourceTree = "<group>"; };
		535FE5FF0F89FF1700F6AD75 /* CXMLNode.h */ = {isa = PBXFileReference; fileEncoding = 4; lastKnownFileType = sourcecode.c.h; path = CXMLNode.h; sourceTree = "<group>"; };
		535FE6000F89FF1700F6AD75 /* CXMLNode.m */ = {isa = PBXFileReference; fileEncoding = 4; lastKnownFileType = sourcecode.c.objc; path = CXMLNode.m; sourceTree = "<group>"; };
		535FE6010F89FF1700F6AD75 /* CXMLNode_CreationExtensions.h */ = {isa = PBXFileReference; fileEncoding = 4; lastKnownFileType = sourcecode.c.h; path = CXMLNode_CreationExtensions.h; sourceTree = "<group>"; };
		535FE6020F89FF1700F6AD75 /* CXMLNode_CreationExtensions.m */ = {isa = PBXFileReference; fileEncoding = 4; lastKnownFileType = sourcecode.c.objc; path = CXMLNode_CreationExtensions.m; sourceTree = "<group>"; };
		535FE6030F89FF1700F6AD75 /* CXMLNode_PrivateExtensions.h */ = {isa = PBXFileReference; fileEncoding = 4; lastKnownFileType = sourcecode.c.h; path = CXMLNode_PrivateExtensions.h; sourceTree = "<group>"; };
		535FE6040F89FF1700F6AD75 /* CXMLNode_PrivateExtensions.m */ = {isa = PBXFileReference; fileEncoding = 4; lastKnownFileType = sourcecode.c.objc; path = CXMLNode_PrivateExtensions.m; sourceTree = "<group>"; };
		535FE6050F89FF1700F6AD75 /* CXMLNode_XPathExtensions.h */ = {isa = PBXFileReference; fileEncoding = 4; lastKnownFileType = sourcecode.c.h; path = CXMLNode_XPathExtensions.h; sourceTree = "<group>"; };
		535FE6060F89FF1700F6AD75 /* CXMLNode_XPathExtensions.m */ = {isa = PBXFileReference; fileEncoding = 4; lastKnownFileType = sourcecode.c.objc; path = CXMLNode_XPathExtensions.m; sourceTree = "<group>"; };
		535FE6070F89FF1700F6AD75 /* TouchXML.h */ = {isa = PBXFileReference; fileEncoding = 4; lastKnownFileType = sourcecode.c.h; path = TouchXML.h; sourceTree = "<group>"; };
		535FE66D0F8A046900F6AD75 /* FourthView.xib */ = {isa = PBXFileReference; lastKnownFileType = file.xib; path = FourthView.xib; sourceTree = "<group>"; };
		535FE6700F8A048D00F6AD75 /* FourthViewController.h */ = {isa = PBXFileReference; fileEncoding = 4; lastKnownFileType = sourcecode.c.h; path = FourthViewController.h; sourceTree = "<group>"; };
		535FE6710F8A048D00F6AD75 /* FourthViewController.m */ = {isa = PBXFileReference; fileEncoding = 4; lastKnownFileType = sourcecode.c.objc; path = FourthViewController.m; sourceTree = "<group>"; };
		536AC5260F913D1500B55D50 /* calTabOld.png */ = {isa = PBXFileReference; lastKnownFileType = image.png; path = calTabOld.png; sourceTree = "<group>"; };
		536AC52D0F91405B00B55D50 /* ytTab.png */ = {isa = PBXFileReference; lastKnownFileType = image.png; path = ytTab.png; sourceTree = "<group>"; };
		536AC5360F91428900B55D50 /* onAirTab.png */ = {isa = PBXFileReference; lastKnownFileType = image.png; path = onAirTab.png; sourceTree = "<group>"; };
		536CD45B0F89E6240063DED2 /* AudioStreamer.h */ = {isa = PBXFileReference; fileEncoding = 4; lastKnownFileType = sourcecode.c.h; path = AudioStreamer.h; sourceTree = "<group>"; };
		536CD45C0F89E6240063DED2 /* AudioStreamer.m */ = {isa = PBXFileReference; fileEncoding = 4; lastKnownFileType = sourcecode.c.objc; path = AudioStreamer.m; sourceTree = "<group>"; };
		536CD45F0F89E6650063DED2 /* icon.png */ = {isa = PBXFileReference; lastKnownFileType = image.png; path = icon.png; sourceTree = "<group>"; };
		536CD4600F89E6650063DED2 /* KATG.png */ = {isa = PBXFileReference; lastKnownFileType = image.png; path = KATG.png; sourceTree = "<group>"; };
		536CD4610F89E6650063DED2 /* loadingButton.png */ = {isa = PBXFileReference; lastKnownFileType = image.png; path = loadingButton.png; sourceTree = "<group>"; };
		536CD4620F89E6650063DED2 /* playButton.png */ = {isa = PBXFileReference; lastKnownFileType = image.png; path = playButton.png; sourceTree = "<group>"; };
		536CD4630F89E6650063DED2 /* stopButton.png */ = {isa = PBXFileReference; lastKnownFileType = image.png; path = stopButton.png; sourceTree = "<group>"; };
		536CD46B0F89E68A0063DED2 /* Credits.txt */ = {isa = PBXFileReference; fileEncoding = 4; lastKnownFileType = text; path = Credits.txt; sourceTree = "<group>"; };
		536CD46C0F89E68A0063DED2 /* gpl-3.0.txt */ = {isa = PBXFileReference; fileEncoding = 4; lastKnownFileType = text; path = "gpl-3.0.txt"; sourceTree = "<group>"; };
		536CD46D0F89E68A0063DED2 /* README */ = {isa = PBXFileReference; fileEncoding = 4; lastKnownFileType = text; path = README; sourceTree = "<group>"; };
		536CD46E0F89E68A0063DED2 /* ToDo */ = {isa = PBXFileReference; fileEncoding = 4; lastKnownFileType = text; path = ToDo; sourceTree = "<group>"; };
		536CD4730F89E6C30063DED2 /* AudioToolbox.framework */ = {isa = PBXFileReference; lastKnownFileType = wrapper.framework; name = AudioToolbox.framework; path = System/Library/Frameworks/AudioToolbox.framework; sourceTree = SDKROOT; };
		536CD4770F89E6F50063DED2 /* CFNetwork.framework */ = {isa = PBXFileReference; lastKnownFileType = wrapper.framework; name = CFNetwork.framework; path = System/Library/Frameworks/CFNetwork.framework; sourceTree = SDKROOT; };
		536CD4EE0F89E73E0063DED2 /* QuartzCore.framework */ = {isa = PBXFileReference; lastKnownFileType = wrapper.framework; name = QuartzCore.framework; path = System/Library/Frameworks/QuartzCore.framework; sourceTree = SDKROOT; };
		537CDA540F8FF056002F86FA /* CustomCell.h */ = {isa = PBXFileReference; fileEncoding = 4; lastKnownFileType = sourcecode.c.h; path = CustomCell.h; sourceTree = "<group>"; };
		537CDA550F8FF056002F86FA /* CustomCell.m */ = {isa = PBXFileReference; fileEncoding = 4; lastKnownFileType = sourcecode.c.objc; path = CustomCell.m; sourceTree = "<group>"; };
		537CDA560F8FF056002F86FA /* Event.h */ = {isa = PBXFileReference; fileEncoding = 4; lastKnownFileType = sourcecode.c.h; path = Event.h; sourceTree = "<group>"; };
		537CDA570F8FF056002F86FA /* Event.m */ = {isa = PBXFileReference; fileEncoding = 4; lastKnownFileType = sourcecode.c.objc; path = Event.m; sourceTree = "<group>"; };
		537CDB000F8FF8AD002F86FA /* otherSquare.png */ = {isa = PBXFileReference; lastKnownFileType = image.png; path = otherSquare.png; sourceTree = "<group>"; };
		5398AC4B0F8DCABE00C3984C /* Default_old2.png */ = {isa = PBXFileReference; lastKnownFileType = image.png; path = Default_old2.png; sourceTree = "<group>"; };
		53D696920F939CFC00FDBD0C /* calTab.png */ = {isa = PBXFileReference; lastKnownFileType = image.png; path = calTab.png; sourceTree = "<group>"; };
		53DAF53E0F8AFE4500D13F05 /* Entitlements.plist */ = {isa = PBXFileReference; fileEncoding = 4; lastKnownFileType = text.plist.xml; path = Entitlements.plist; sourceTree = "<group>"; };
		53DDC3450F902C5B00B8BC38 /* showSquare.png */ = {isa = PBXFileReference; lastKnownFileType = image.png; path = showSquare.png; sourceTree = "<group>"; };
		53DDC3900F902D7A00B8BC38 /* eventSquare.png */ = {isa = PBXFileReference; lastKnownFileType = image.png; path = eventSquare.png; sourceTree = "<group>"; };
		53E1D2750F90474F005E78EC /* DetailViewController.h */ = {isa = PBXFileReference; fileEncoding = 4; lastKnownFileType = sourcecode.c.h; path = DetailViewController.h; sourceTree = "<group>"; };
		53E1D2760F90474F005E78EC /* DetailViewController.m */ = {isa = PBXFileReference; fileEncoding = 4; lastKnownFileType = sourcecode.c.objc; path = DetailViewController.m; sourceTree = "<group>"; };
		53E1D2B90F904D97005E78EC /* DetailView.xib */ = {isa = PBXFileReference; lastKnownFileType = file.xib; path = DetailView.xib; sourceTree = "<group>"; };
		53E8DD900F8DEEC7006A52C6 /* Default_old.png */ = {isa = PBXFileReference; lastKnownFileType = image.png; path = Default_old.png; sourceTree = "<group>"; };
		53E8DDE00F8E780F006A52C6 /* onAir.png */ = {isa = PBXFileReference; lastKnownFileType = image.png; path = onAir.png; sourceTree = "<group>"; };
		53E8DE4D0F8E95C7006A52C6 /* RoadMap */ = {isa = PBXFileReference; fileEncoding = 4; lastKnownFileType = text; path = RoadMap; sourceTree = "<group>"; };
		8D1107310486CEB800E47090 /* Info.plist */ = {isa = PBXFileReference; fileEncoding = 4; lastKnownFileType = text.plist.xml; path = Info.plist; sourceTree = "<group>"; };
/* End PBXFileReference section */

/* Begin PBXFrameworksBuildPhase section */
		1D60588F0D05DD3D006BFB54 /* Frameworks */ = {
			isa = PBXFrameworksBuildPhase;
			buildActionMask = 2147483647;
			files = (
				1D60589F0D05DD5A006BFB54 /* Foundation.framework in Frameworks */,
				1DF5F4E00D08C38300B7A737 /* UIKit.framework in Frameworks */,
				288765080DF74369002DB57D /* CoreGraphics.framework in Frameworks */,
				536CD4740F89E6C30063DED2 /* AudioToolbox.framework in Frameworks */,
				536CD4780F89E6F50063DED2 /* CFNetwork.framework in Frameworks */,
				536CD4EF0F89E73E0063DED2 /* QuartzCore.framework in Frameworks */,
				530230070F94412E0051038E /* MediaPlayer.framework in Frameworks */,
			);
			runOnlyForDeploymentPostprocessing = 0;
		};
/* End PBXFrameworksBuildPhase section */

/* Begin PBXGroup section */
		080E96DDFE201D6D7F000001 /* Classes */ = {
			isa = PBXGroup;
			children = (
				536CD4590F89E5F20063DED2 /* Delegate */,
				537CD8850F8FBADE002F86FA /* Events */,
				53D696630F9308A400FDBD0C /* Live Show */,
				536CD4570F89E5EC0063DED2 /* Streamer */,
				535FE5F20F89FEF300F6AD75 /* TouchXML */,
				532424EB0F9124AC009C1C10 /* Twitter */,
				536CD45A0F89E5FA0063DED2 /* Youtube */,
			);
			path = Classes;
			sourceTree = "<group>";
		};
		19C28FACFE9D520D11CA2CBB /* Products */ = {
			isa = PBXGroup;
			children = (
				1D6058910D05DD3D006BFB54 /* KATG.com.app */,
			);
			name = Products;
			sourceTree = "<group>";
		};
		29B97314FDCFA39411CA2CEA /* KATG.com */ = {
			isa = PBXGroup;
			children = (
				536CD46A0F89E6680063DED2 /* Documents */,
				080E96DDFE201D6D7F000001 /* Classes */,
				29B97315FDCFA39411CA2CEA /* Other Sources */,
				29B97317FDCFA39411CA2CEA /* Resources */,
				29B97323FDCFA39411CA2CEA /* Frameworks */,
				19C28FACFE9D520D11CA2CBB /* Products */,
			);
			name = KATG.com;
			sourceTree = "<group>";
		};
		29B97315FDCFA39411CA2CEA /* Other Sources */ = {
			isa = PBXGroup;
			children = (
				28A0AB4B0D9B1048005BE974 /* KATG_com_Prefix.pch */,
				29B97316FDCFA39411CA2CEA /* main.m */,
			);
			name = "Other Sources";
			sourceTree = "<group>";
		};
		29B97317FDCFA39411CA2CEA /* Resources */ = {
			isa = PBXGroup;
			children = (
				530231430F9476CF0051038E /* Default.png */,
				53022FA60F9431980051038E /* OnAirBar.png */,
				53022FA30F9431830051038E /* BG.png */,
				532424DB0F9123E3009C1C10 /* Events */,
				532424DC0F9123FF009C1C10 /* LiveShow */,
				536AC5480F91495A00B55D50 /* Tab Icons */,
				5324255D0F9127AE009C1C10 /* Twitter */,
				535FE66D0F8A046900F6AD75 /* FourthView.xib */,
				53E8DD900F8DEEC7006A52C6 /* Default_old.png */,
				5398AC4B0F8DCABE00C3984C /* Default_old2.png */,
				536CD45F0F89E6650063DED2 /* icon.png */,
				8D1107310486CEB800E47090 /* Info.plist */,
				53DAF53E0F8AFE4500D13F05 /* Entitlements.plist */,
			);
			name = Resources;
			sourceTree = "<group>";
		};
		29B97323FDCFA39411CA2CEA /* Frameworks */ = {
			isa = PBXGroup;
			children = (
				530230060F94412E0051038E /* MediaPlayer.framework */,
				536CD4730F89E6C30063DED2 /* AudioToolbox.framework */,
				536CD4770F89E6F50063DED2 /* CFNetwork.framework */,
				288765070DF74369002DB57D /* CoreGraphics.framework */,
				1D30AB110D05D00D00671497 /* Foundation.framework */,
				536CD4EE0F89E73E0063DED2 /* QuartzCore.framework */,
				1DF5F4DF0D08C38300B7A737 /* UIKit.framework */,
			);
			name = Frameworks;
			sourceTree = "<group>";
		};
		532424DB0F9123E3009C1C10 /* Events */ = {
			isa = PBXGroup;
			children = (
				532424F00F912543009C1C10 /* SecondView.xib */,
				53E1D2B90F904D97005E78EC /* DetailView.xib */,
				53DDC3900F902D7A00B8BC38 /* eventSquare.png */,
				53DDC3450F902C5B00B8BC38 /* showSquare.png */,
				537CDB000F8FF8AD002F86FA /* otherSquare.png */,
			);
			name = Events;
			sourceTree = "<group>";
		};
		532424DC0F9123FF009C1C10 /* LiveShow */ = {
			isa = PBXGroup;
			children = (
				28AD73870D9D96C1002E5188 /* MainWindow.xib */,
				536CD4610F89E6650063DED2 /* loadingButton.png */,
				536CD4620F89E6650063DED2 /* playButton.png */,
				536CD4630F89E6650063DED2 /* stopButton.png */,
				536CD4600F89E6650063DED2 /* KATG.png */,
				53E8DDE00F8E780F006A52C6 /* onAir.png */,
			);
			name = LiveShow;
			sourceTree = "<group>";
		};
		532424EB0F9124AC009C1C10 /* Twitter */ = {
			isa = PBXGroup;
			children = (
				532424E50F912490009C1C10 /* TweetViewCell.h */,
				532424E60F912490009C1C10 /* TweetViewCell.m */,
				532424E70F912490009C1C10 /* TweetViewController.h */,
				532424E80F912490009C1C10 /* TweetViewController.m */,
				5314D4530F92C54E0098A81A /* WebViewController.h */,
				5314D4540F92C54E0098A81A /* WebViewController.m */,
			);
			name = Twitter;
			sourceTree = "<group>";
		};
		5324255D0F9127AE009C1C10 /* Twitter */ = {
			isa = PBXGroup;
			children = (
				5314D2AD0F92A26A0098A81A /* TweetViewCell.xib */,
				5314D2AE0F92A26A0098A81A /* TweetViewContoller.xib */,
				5324255E0F9127D0009C1C10 /* CellBg.jpg */,
				5314D4560F92C56E0098A81A /* WebView.xib */,
			);
			name = Twitter;
			sourceTree = "<group>";
		};
		535FE5F20F89FEF300F6AD75 /* TouchXML */ = {
			isa = PBXGroup;
			children = (
				535FE5F30F89FF1700F6AD75 /* CXMLDocument.h */,
				535FE5F40F89FF1700F6AD75 /* CXMLDocument.m */,
				535FE5F50F89FF1700F6AD75 /* CXMLDocument_CreationExtensions.h */,
				535FE5F60F89FF1700F6AD75 /* CXMLDocument_CreationExtensions.m */,
				535FE5F70F89FF1700F6AD75 /* CXMLDocument_PrivateExtensions.h */,
				535FE5F80F89FF1700F6AD75 /* CXMLDocument_PrivateExtensions.m */,
				535FE5F90F89FF1700F6AD75 /* CXMLElement.h */,
				535FE5FA0F89FF1700F6AD75 /* CXMLElement.m */,
				535FE5FB0F89FF1700F6AD75 /* CXMLElement_CreationExtensions.h */,
				535FE5FC0F89FF1700F6AD75 /* CXMLElement_CreationExtensions.m */,
				535FE5FD0F89FF1700F6AD75 /* CXMLElement_ElementTreeExtensions.h */,
				535FE5FE0F89FF1700F6AD75 /* CXMLElement_ElementTreeExtensions.m */,
				535FE5FF0F89FF1700F6AD75 /* CXMLNode.h */,
				535FE6000F89FF1700F6AD75 /* CXMLNode.m */,
				535FE6010F89FF1700F6AD75 /* CXMLNode_CreationExtensions.h */,
				535FE6020F89FF1700F6AD75 /* CXMLNode_CreationExtensions.m */,
				535FE6030F89FF1700F6AD75 /* CXMLNode_PrivateExtensions.h */,
				535FE6040F89FF1700F6AD75 /* CXMLNode_PrivateExtensions.m */,
				535FE6050F89FF1700F6AD75 /* CXMLNode_XPathExtensions.h */,
				535FE6060F89FF1700F6AD75 /* CXMLNode_XPathExtensions.m */,
				535FE6070F89FF1700F6AD75 /* TouchXML.h */,
			);
			name = TouchXML;
			sourceTree = "<group>";
		};
		536AC5480F91495A00B55D50 /* Tab Icons */ = {
			isa = PBXGroup;
			children = (
				53D696920F939CFC00FDBD0C /* calTab.png */,
				536AC5360F91428900B55D50 /* onAirTab.png */,
				536AC5260F913D1500B55D50 /* calTabOld.png */,
				5324255F0F9127D0009C1C10 /* twitTab.png */,
				536AC52D0F91405B00B55D50 /* ytTab.png */,
			);
			name = "Tab Icons";
			sourceTree = "<group>";
		};
		536CD4570F89E5EC0063DED2 /* Streamer */ = {
			isa = PBXGroup;
			children = (
				536CD45B0F89E6240063DED2 /* AudioStreamer.h */,
				536CD45C0F89E6240063DED2 /* AudioStreamer.m */,
			);
			name = Streamer;
			sourceTree = "<group>";
		};
		536CD4590F89E5F20063DED2 /* Delegate */ = {
			isa = PBXGroup;
			children = (
				1D3623240D0F684500981E51 /* KATG_comAppDelegate.h */,
				1D3623250D0F684500981E51 /* KATG_comAppDelegate.m */,
			);
			name = Delegate;
			sourceTree = "<group>";
		};
		536CD45A0F89E5FA0063DED2 /* Youtube */ = {
			isa = PBXGroup;
			children = (
				535FE6700F8A048D00F6AD75 /* FourthViewController.h */,
				535FE6710F8A048D00F6AD75 /* FourthViewController.m */,
			);
			name = Youtube;
			sourceTree = "<group>";
		};
		536CD46A0F89E6680063DED2 /* Documents */ = {
			isa = PBXGroup;
			children = (
				536CD46B0F89E68A0063DED2 /* Credits.txt */,
				536CD46C0F89E68A0063DED2 /* gpl-3.0.txt */,
				536CD46D0F89E68A0063DED2 /* README */,
				536CD46E0F89E68A0063DED2 /* ToDo */,
				53E8DE4D0F8E95C7006A52C6 /* RoadMap */,
			);
			name = Documents;
			sourceTree = "<group>";
		};
		537CD8850F8FBADE002F86FA /* Events */ = {
			isa = PBXGroup;
			children = (
				535FE54E0F89F71800F6AD75 /* SecondViewController.h */,
				535FE54F0F89F71800F6AD75 /* SecondViewController.m */,
				53E1D2750F90474F005E78EC /* DetailViewController.h */,
				53E1D2760F90474F005E78EC /* DetailViewController.m */,
				537CDA540F8FF056002F86FA /* CustomCell.h */,
				537CDA550F8FF056002F86FA /* CustomCell.m */,
				537CDA560F8FF056002F86FA /* Event.h */,
				537CDA570F8FF056002F86FA /* Event.m */,
			);
			name = Events;
			sourceTree = "<group>";
		};
		53D696630F9308A400FDBD0C /* Live Show */ = {
			isa = PBXGroup;
			children = (
				28216C950DB411BC00E5133A /* FirstViewController.h */,
				28216C960DB411BC00E5133A /* FirstViewController.m */,
			);
			name = "Live Show";
			sourceTree = "<group>";
		};
/* End PBXGroup section */

/* Begin PBXNativeTarget section */
		1D6058900D05DD3D006BFB54 /* KATG.com */ = {
			isa = PBXNativeTarget;
			buildConfigurationList = 1D6058960D05DD3E006BFB54 /* Build configuration list for PBXNativeTarget "KATG.com" */;
			buildPhases = (
				1D60588D0D05DD3D006BFB54 /* Resources */,
				1D60588E0D05DD3D006BFB54 /* Sources */,
				1D60588F0D05DD3D006BFB54 /* Frameworks */,
			);
			buildRules = (
			);
			dependencies = (
			);
			name = KATG.com;
			productName = KATG.com;
			productReference = 1D6058910D05DD3D006BFB54 /* KATG.com.app */;
			productType = "com.apple.product-type.application";
		};
/* End PBXNativeTarget section */

/* Begin PBXProject section */
		29B97313FDCFA39411CA2CEA /* Project object */ = {
			isa = PBXProject;
			buildConfigurationList = C01FCF4E08A954540054247B /* Build configuration list for PBXProject "KATG.com" */;
			compatibilityVersion = "Xcode 3.1";
			hasScannedForEncodings = 1;
			mainGroup = 29B97314FDCFA39411CA2CEA /* KATG.com */;
			projectDirPath = "";
			projectRoot = "";
			targets = (
				1D6058900D05DD3D006BFB54 /* KATG.com */,
			);
		};
/* End PBXProject section */

/* Begin PBXResourcesBuildPhase section */
		1D60588D0D05DD3D006BFB54 /* Resources */ = {
			isa = PBXResourcesBuildPhase;
			buildActionMask = 2147483647;
			files = (
				28AD73880D9D96C1002E5188 /* MainWindow.xib in Resources */,
				536CD4650F89E6650063DED2 /* icon.png in Resources */,
				536CD4660F89E6650063DED2 /* KATG.png in Resources */,
				536CD4670F89E6650063DED2 /* loadingButton.png in Resources */,
				536CD4680F89E6650063DED2 /* playButton.png in Resources */,
				536CD4690F89E6650063DED2 /* stopButton.png in Resources */,
				536CD46F0F89E68A0063DED2 /* Credits.txt in Resources */,
				536CD4700F89E68A0063DED2 /* gpl-3.0.txt in Resources */,
				536CD4710F89E68A0063DED2 /* README in Resources */,
				536CD4720F89E68A0063DED2 /* ToDo in Resources */,
				535FE66F0F8A046900F6AD75 /* FourthView.xib in Resources */,
				53DAF53F0F8AFE4500D13F05 /* Entitlements.plist in Resources */,
				5398AC4C0F8DCABE00C3984C /* Default_old2.png in Resources */,
				53E8DD910F8DEEC7006A52C6 /* Default_old.png in Resources */,
				53E8DDE10F8E780F006A52C6 /* onAir.png in Resources */,
				53E8DE4E0F8E95C7006A52C6 /* RoadMap in Resources */,
				537CDB030F8FF8AD002F86FA /* otherSquare.png in Resources */,
				53DDC3460F902C5B00B8BC38 /* showSquare.png in Resources */,
				53DDC3910F902D7A00B8BC38 /* eventSquare.png in Resources */,
				53E1D2BB0F904D97005E78EC /* DetailView.xib in Resources */,
				532424F10F912543009C1C10 /* SecondView.xib in Resources */,
				532425600F9127D0009C1C10 /* CellBg.jpg in Resources */,
				532425610F9127D0009C1C10 /* twitTab.png in Resources */,
				536AC5270F913D1500B55D50 /* calTabOld.png in Resources */,
				536AC52E0F91405B00B55D50 /* ytTab.png in Resources */,
				536AC5370F91428900B55D50 /* onAirTab.png in Resources */,
				5314D2AF0F92A26A0098A81A /* TweetViewCell.xib in Resources */,
				5314D2B00F92A26A0098A81A /* TweetViewContoller.xib in Resources */,
				5314D4570F92C56E0098A81A /* WebView.xib in Resources */,
				53D696930F939CFC00FDBD0C /* calTab.png in Resources */,
				53022FA40F9431830051038E /* BG.png in Resources */,
				53022FA70F9431980051038E /* OnAirBar.png in Resources */,
				530231440F9476CF0051038E /* Default.png in Resources */,
			);
			runOnlyForDeploymentPostprocessing = 0;
		};
/* End PBXResourcesBuildPhase section */

/* Begin PBXSourcesBuildPhase section */
		1D60588E0D05DD3D006BFB54 /* Sources */ = {
			isa = PBXSourcesBuildPhase;
			buildActionMask = 2147483647;
			files = (
				1D60589B0D05DD56006BFB54 /* main.m in Sources */,
				1D3623260D0F684500981E51 /* KATG_comAppDelegate.m in Sources */,
				28216C970DB411BC00E5133A /* FirstViewController.m in Sources */,
				536CD45D0F89E6240063DED2 /* AudioStreamer.m in Sources */,
				535FE5500F89F71800F6AD75 /* SecondViewController.m in Sources */,
				535FE6080F89FF1700F6AD75 /* CXMLDocument.m in Sources */,
				535FE6090F89FF1700F6AD75 /* CXMLDocument_CreationExtensions.m in Sources */,
				535FE60A0F89FF1700F6AD75 /* CXMLDocument_PrivateExtensions.m in Sources */,
				535FE60B0F89FF1700F6AD75 /* CXMLElement.m in Sources */,
				535FE60C0F89FF1700F6AD75 /* CXMLElement_CreationExtensions.m in Sources */,
				535FE60D0F89FF1700F6AD75 /* CXMLElement_ElementTreeExtensions.m in Sources */,
				535FE60E0F89FF1700F6AD75 /* CXMLNode.m in Sources */,
				535FE60F0F89FF1700F6AD75 /* CXMLNode_CreationExtensions.m in Sources */,
				535FE6100F89FF1700F6AD75 /* CXMLNode_PrivateExtensions.m in Sources */,
				535FE6110F89FF1700F6AD75 /* CXMLNode_XPathExtensions.m in Sources */,
				535FE6720F8A048D00F6AD75 /* FourthViewController.m in Sources */,
				537CDA580F8FF056002F86FA /* CustomCell.m in Sources */,
				537CDA590F8FF056002F86FA /* Event.m in Sources */,
				53E1D2770F90474F005E78EC /* DetailViewController.m in Sources */,
				532424E90F912490009C1C10 /* TweetViewCell.m in Sources */,
				532424EA0F912490009C1C10 /* TweetViewController.m in Sources */,
				5314D4550F92C54E0098A81A /* WebViewController.m in Sources */,
			);
			runOnlyForDeploymentPostprocessing = 0;
		};
/* End PBXSourcesBuildPhase section */

/* Begin XCBuildConfiguration section */
		1D6058940D05DD3E006BFB54 /* Debug */ = {
			isa = XCBuildConfiguration;
			buildSettings = {
				ALWAYS_SEARCH_USER_PATHS = NO;
				COPY_PHASE_STRIP = NO;
				GCC_DYNAMIC_NO_PIC = NO;
				GCC_OPTIMIZATION_LEVEL = 0;
				GCC_PRECOMPILE_PREFIX_HEADER = YES;
				GCC_PREFIX_HEADER = KATG_com_Prefix.pch;
				INFOPLIST_FILE = Info.plist;
				PRODUCT_NAME = KATG.com;
			};
			name = Debug;
		};
		1D6058950D05DD3E006BFB54 /* Release */ = {
			isa = XCBuildConfiguration;
			buildSettings = {
				ALWAYS_SEARCH_USER_PATHS = NO;
				COPY_PHASE_STRIP = YES;
				GCC_PRECOMPILE_PREFIX_HEADER = YES;
				GCC_PREFIX_HEADER = KATG_com_Prefix.pch;
				INFOPLIST_FILE = Info.plist;
				PRODUCT_NAME = KATG.com;
			};
			name = Release;
		};
		53DAF5300F8AFAA300D13F05 /* Distribution */ = {
			isa = XCBuildConfiguration;
			buildSettings = {
				ADDITIONAL_SDKS = "$HOME/Library/SDKs/JSON/$(PLATFORM_NAME).sdk";
				ARCHS = "$(ARCHS_STANDARD_32_BIT)";
				CODE_SIGN_ENTITLEMENTS = Entitlements.plist;
				"CODE_SIGN_IDENTITY[sdk=iphoneos*]" = "iPhone Distribution: Doug Russell";
				GCC_C_LANGUAGE_STANDARD = c99;
				GCC_WARN_ABOUT_RETURN_TYPE = YES;
				GCC_WARN_UNUSED_VARIABLE = YES;
				HEADER_SEARCH_PATHS = /usr/include/libxml2;
				OTHER_LDFLAGS = (
					"-ObjC",
					"-ljson",
					"-lxml2",
				);
				PREBINDING = NO;
				"PROVISIONING_PROFILE[sdk=iphoneos*]" = "912B587F-6273-4715-B997-D2D771B125AF";
				SDKROOT = iphoneos2.1;
			};
			name = Distribution;
		};
		53DAF5310F8AFAA300D13F05 /* Distribution */ = {
			isa = XCBuildConfiguration;
			buildSettings = {
				ALWAYS_SEARCH_USER_PATHS = NO;
				COPY_PHASE_STRIP = YES;
				GCC_PRECOMPILE_PREFIX_HEADER = YES;
				GCC_PREFIX_HEADER = KATG_com_Prefix.pch;
				INFOPLIST_FILE = Info.plist;
				PRODUCT_NAME = KATG.com;
			};
			name = Distribution;
		};
		C01FCF4F08A954540054247B /* Debug */ = {
			isa = XCBuildConfiguration;
			buildSettings = {
				ADDITIONAL_SDKS = "$HOME/Library/SDKs/JSON/$(PLATFORM_NAME).sdk";
				ARCHS = "$(ARCHS_STANDARD_32_BIT)";
				"CODE_SIGN_IDENTITY[sdk=iphoneos*]" = "iPhone Developer: Doug Russell";
				CODE_SIGN_RESOURCE_RULES_PATH = "$(SDKROOT)/ResourceRules.plist";
				GCC_C_LANGUAGE_STANDARD = c99;
				GCC_WARN_ABOUT_RETURN_TYPE = YES;
				GCC_WARN_UNUSED_VARIABLE = YES;
				HEADER_SEARCH_PATHS = /usr/include/libxml2;
				ONLY_ACTIVE_ARCH = NO;
				OTHER_LDFLAGS = (
					"-ObjC",
					"-ljson",
					"-lxml2",
				);
				PREBINDING = NO;
				SDKROOT = iphonesimulator2.1;
			};
			name = Debug;
		};
		C01FCF5008A954540054247B /* Release */ = {
			isa = XCBuildConfiguration;
			buildSettings = {
				ADDITIONAL_SDKS = "$HOME/Library/SDKs/JSON/$(PLATFORM_NAME).sdk";
				ARCHS = "$(ARCHS_STANDARD_32_BIT)";
				"CODE_SIGN_IDENTITY[sdk=iphoneos*]" = "iPhone Developer: Doug Russell";
				GCC_C_LANGUAGE_STANDARD = c99;
				GCC_WARN_ABOUT_RETURN_TYPE = YES;
				GCC_WARN_UNUSED_VARIABLE = YES;
				HEADER_SEARCH_PATHS = /usr/include/libxml2;
				OTHER_LDFLAGS = (
					"-ObjC",
					"-ljson",
					"-lxml2",
				);
				PREBINDING = NO;
				"PROVISIONING_PROFILE[sdk=iphoneos*]" = "6CBA1905-FCCD-4626-AA12-2720FF9D2BD3";
				SDKROOT = iphoneos2.1;
			};
			name = Release;
		};
/* End XCBuildConfiguration section */

/* Begin XCConfigurationList section */
		1D6058960D05DD3E006BFB54 /* Build configuration list for PBXNativeTarget "KATG.com" */ = {
			isa = XCConfigurationList;
			buildConfigurations = (
				1D6058940D05DD3E006BFB54 /* Debug */,
				1D6058950D05DD3E006BFB54 /* Release */,
				53DAF5310F8AFAA300D13F05 /* Distribution */,
			);
			defaultConfigurationIsVisible = 0;
			defaultConfigurationName = Release;
		};
		C01FCF4E08A954540054247B /* Build configuration list for PBXProject "KATG.com" */ = {
			isa = XCConfigurationList;
			buildConfigurations = (
				C01FCF4F08A954540054247B /* Debug */,
				C01FCF5008A954540054247B /* Release */,
				53DAF5300F8AFAA300D13F05 /* Distribution */,
			);
			defaultConfigurationIsVisible = 0;
			defaultConfigurationName = Release;
		};
/* End XCConfigurationList section */
	};
	rootObject = 29B97313FDCFA39411CA2CEA /* Project object */;
}
